// !$*UTF8*$!
{
	archiveVersion = 1;
	classes = {
	};
	objectVersion = 54;
	objects = {

/* Begin PBXBuildFile section */
		"1500EC11-7B9F-4438-9279-38A0F8C8D5A4" /* UdpSocket.cpp in Sources */ = {isa = PBXBuildFile; fileRef = "13B6FA68-BE52-410E-9980-6A5C2B9FFF83" /* UdpSocket.cpp */; };
		"17990F2B-B869-4E16-8D7D-ADB58E65DAAF" /* ofxMidiClock.cpp in Sources */ = {isa = PBXBuildFile; fileRef = "FB1F82D9-0392-44EB-A324-2A1752625D19" /* ofxMidiClock.cpp */; };
		"2D63A874-2EF2-4E5C-91B0-4B94B597EC37" /* ofxMidiTimecode.cpp in Sources */ = {isa = PBXBuildFile; fileRef = "0B1EC57B-B11F-4C14-B730-7668316C78B2" /* ofxMidiTimecode.cpp */; };
		"31A9A1E4-E0B5-476D-86E4-05C1EA9FD6AB" /* ofxToggle.cpp in Sources */ = {isa = PBXBuildFile; fileRef = "8246CE27-02B8-4BBC-912B-1385E350A4EB" /* ofxToggle.cpp */; };
		"3AF0C4DD-8B18-42E6-88DA-DC65F4BEDC6E" /* OscReceivedElements.cpp in Sources */ = {isa = PBXBuildFile; fileRef = "92760B21-337E-4079-A0BD-B5CD94CFA5CE" /* OscReceivedElements.cpp */; };
		"3C82384B-1384-4AF5-BCF7-B55E5C0128CC" /* ofxSliderGroup.cpp in Sources */ = {isa = PBXBuildFile; fileRef = "EF117D9C-792D-48D6-91C2-47D5D028CD38" /* ofxSliderGroup.cpp */; };
		"4AE75049-FE0A-49BE-9342-6715B2CD3865" /* ofxOscBundle.cpp in Sources */ = {isa = PBXBuildFile; fileRef = "853FF395-21A7-4202-895E-14C0A929C707" /* ofxOscBundle.cpp */; };
		"5640532E-53C3-4FDD-9426-A340CC2697D7" /* ofxInputField.cpp in Sources */ = {isa = PBXBuildFile; fileRef = "85F6F8D0-2517-40F2-8FD0-6CAC556BB155" /* ofxInputField.cpp */; };
		"5F37142C-305F-43D7-BE9D-B53CF3005599" /* ofxBaseGui.cpp in Sources */ = {isa = PBXBuildFile; fileRef = "E601E1C3-B1DE-4695-8E73-80700490AEC6" /* ofxBaseGui.cpp */; };
		"61FD526D-4500-47E3-8BCF-E6584686E4AC" /* /System/Library/Frameworks/CoreMIDI.framework in Sources */ = {isa = PBXBuildFile; fileRef = "80EEF6E0-7BD4-43D0-B966-E9C21A90B274" /* /System/Library/Frameworks/CoreMIDI.framework */; };
		"697FE66A-EF1D-4308-9750-A5F99AA35130" /* ofxOscParameterSync.cpp in Sources */ = {isa = PBXBuildFile; fileRef = "68595AC0-7F26-45C3-AD9C-1985DD44C763" /* ofxOscParameterSync.cpp */; };
		"77FE41D6-9320-4FE1-B477-E2C83619862A" /* ofxLabel.cpp in Sources */ = {isa = PBXBuildFile; fileRef = "2BED3886-6F14-446E-811D-AE1222CE7107" /* ofxLabel.cpp */; };
		"7A0D43B5-D02C-4D00-9071-B330241D9A27" /* OscTypes.cpp in Sources */ = {isa = PBXBuildFile; fileRef = "33A1EF9A-D4AA-4AFF-A683-607905EEA3E3" /* OscTypes.cpp */; };
		"7C40A3C3-07C3-4BE3-A0BC-66BC0A098A37" /* ofxSlider.cpp in Sources */ = {isa = PBXBuildFile; fileRef = "ACD574F3-F8C1-43F5-9D1D-56B6A3E1B8D4" /* ofxSlider.cpp */; };
		"84280F04-AF3D-4B18-B77A-0EB65BE59AFD" /* ofxGuiGroup.cpp in Sources */ = {isa = PBXBuildFile; fileRef = "CB0A6C34-C51E-453A-ADD6-00A27103F651" /* ofxGuiGroup.cpp */; };
		"86DD9E54-B6A3-4831-96D2-1A7F952FB1D0" /* ofxOscSender.cpp in Sources */ = {isa = PBXBuildFile; fileRef = "BE5CBB2C-B8D4-4088-B3F0-5F0E6663B885" /* ofxOscSender.cpp */; };
		"938FB15C-E19B-4EED-8473-4DC00838970D" /* ofxRtMidiIn.cpp in Sources */ = {isa = PBXBuildFile; fileRef = "0FB44BA3-90B4-4921-A920-4CD5712BDA9F" /* ofxRtMidiIn.cpp */; };
		"9428833E-1B42-4A7A-861A-53AB63127B60" /* ofxMidi.cpp in Sources */ = {isa = PBXBuildFile; fileRef = "850550CF-7CFC-4492-A81E-033C28CE2E60" /* ofxMidi.cpp */; };
		"95C84A76-D7DA-46CC-9ABD-10EC7FE7FA58" /* IpEndpointName.cpp in Sources */ = {isa = PBXBuildFile; fileRef = "0C7486FB-78AA-4E63-AAB9-AEB0FD856968" /* IpEndpointName.cpp */; };
		"98D8916A-1C85-4DDD-848C-0A5338121691" /* ofxMidiMessage.cpp in Sources */ = {isa = PBXBuildFile; fileRef = "3118E15B-1FB1-42CA-B9B9-4EA45431AC89" /* ofxMidiMessage.cpp */; };
		"9F024B3F-EAE7-47D0-BA87-36A32422BEC7" /* ofxColorPicker.cpp in Sources */ = {isa = PBXBuildFile; fileRef = "CC8C594E-428A-478B-B63E-EEEF7CA90E41" /* ofxColorPicker.cpp */; };
		"A5F8F88D-BC6F-4E16-91CB-EF6D87CBB462" /* ofxMidiIn.cpp in Sources */ = {isa = PBXBuildFile; fileRef = "F5CC36D0-6382-4158-976B-EB6D339D73A1" /* ofxMidiIn.cpp */; };
		"B70AFA98-75E5-4CFE-8C18-A7CF41725B5C" /* ofxButton.cpp in Sources */ = {isa = PBXBuildFile; fileRef = "646CF193-5431-4BBC-827A-A06227F9AAB2" /* ofxButton.cpp */; };
		"BA193AF6-B653-4E87-B718-9A05AB578EFD" /* OscOutboundPacketStream.cpp in Sources */ = {isa = PBXBuildFile; fileRef = "ACD23CB6-C375-4FC6-816E-F0825206A10D" /* OscOutboundPacketStream.cpp */; };
		"BB12800E-3AAB-40A4-AA6D-D1BA08B54191" /* ofxOscReceiver.cpp in Sources */ = {isa = PBXBuildFile; fileRef = "CC3B9BD7-84AC-4F2C-90BC-D32EBB3ADB18" /* ofxOscReceiver.cpp */; };
		"C8715F39-88C8-4EA3-A46E-5F968BBF5525" /* OscPrintReceivedElements.cpp in Sources */ = {isa = PBXBuildFile; fileRef = "2DD84DFF-2B06-450D-87B9-C54CB335F77F" /* OscPrintReceivedElements.cpp */; };
		"D0908BE6-075C-4579-A9B3-E465FF5C8699" /* NetworkingUtils.cpp in Sources */ = {isa = PBXBuildFile; fileRef = "77AB50E8-42AC-4AE3-98F2-06A6615DECA6" /* NetworkingUtils.cpp */; };
		"D5D7711C-B459-4809-B0A8-A7E52DB499EF" /* ofxRtMidiOut.cpp in Sources */ = {isa = PBXBuildFile; fileRef = "510F4B7B-9B01-4946-AD7D-84D91D00B3CB" /* ofxRtMidiOut.cpp */; };
		"DBDCADA0-DE09-4D02-AA91-4A7CCD4EDD17" /* ofxPanel.cpp in Sources */ = {isa = PBXBuildFile; fileRef = "2786DA9F-3C30-4E12-BB2D-8EC561EB6A11" /* ofxPanel.cpp */; };
		"E45323C3-3980-4A3E-B9A2-EC45F2D4B554" /* RtMidi.cpp in Sources */ = {isa = PBXBuildFile; fileRef = "C08CB5A4-02C5-47A7-98C8-279F49DC9367" /* RtMidi.cpp */; };
		E4B69E200A3A1BDC003C02F2 /* main.cpp in Sources */ = {isa = PBXBuildFile; fileRef = E4B69E1D0A3A1BDC003C02F2 /* main.cpp */; };
		E4B69E210A3A1BDC003C02F2 /* ofApp.cpp in Sources */ = {isa = PBXBuildFile; fileRef = E4B69E1E0A3A1BDC003C02F2 /* ofApp.cpp */; };
		"E92C502C-2E80-4AEE-8DB3-AA465D042E7F" /* ofxBaseMidi.cpp in Sources */ = {isa = PBXBuildFile; fileRef = "FE055788-6B53-4F27-BBC2-D95998D150AE" /* ofxBaseMidi.cpp */; };
		"EE4403E0-4F01-4138-9AC0-C13D5EA61C97" /* ofxMidiOut.cpp in Sources */ = {isa = PBXBuildFile; fileRef = "D8A6E6A1-8A89-45E3-980A-D9F74B2DC546" /* ofxMidiOut.cpp */; };
		"F8B525CC-C068-478D-8893-28599FA36CC8" /* ofxMadOscQuery.cpp in Sources */ = {isa = PBXBuildFile; fileRef = "5E204D8E-935A-4835-979B-21D7E64D6CA6" /* ofxMadOscQuery.cpp */; };
		FF149CAA2F1597C70048BD8C /* /System/Library/Frameworks/CoreMIDI.framework in Frameworks */ = {isa = PBXBuildFile; fileRef = "80EEF6E0-7BD4-43D0-B966-E9C21A90B274" /* /System/Library/Frameworks/CoreMIDI.framework */; };
		FF149CB82F15A8650048BD8C /* PlatformMSurface.cpp in Sources */ = {isa = PBXBuildFile; fileRef = FF149CB72F15A8650048BD8C /* PlatformMSurface.cpp */; };
		FF149CB92F15A8650048BD8C /* ofxMidiDevice.cpp in Sources */ = {isa = PBXBuildFile; fileRef = FF149CB52F15A8650048BD8C /* ofxMidiDevice.cpp */; };
		FF149CBA2F15A8650048BD8C /* Faderport16Surface.cpp in Sources */ = {isa = PBXBuildFile; fileRef = FF149CAE2F15A8650048BD8C /* Faderport16Surface.cpp */; };
		FF149CBB2F15A8650048BD8C /* LaunchpadSurface.cpp in Sources */ = {isa = PBXBuildFile; fileRef = FF149CB02F15A8650048BD8C /* LaunchpadSurface.cpp */; };
		FF149CBE2F15BAEC0048BD8C /* Push3Surface.cpp in Sources */ = {isa = PBXBuildFile; fileRef = FF149CBD2F15BAEC0048BD8C /* Push3Surface.cpp */; };
		FF149CC12F15BF490048BD8C /* PushDisplayTransport.cpp in Sources */ = {isa = PBXBuildFile; fileRef = FF149CC02F15BF490048BD8C /* PushDisplayTransport.cpp */; };
		FF407DA12F16D564008504FA /* libusb-1.0.0.dylib in Frameworks */ = {isa = PBXBuildFile; fileRef = FF407DA02F16D563008504FA /* libusb-1.0.0.dylib */; };
		"FF40C44E-C85F-4D95-8E03-3404398A486A" /* ofxOscMessage.cpp in Sources */ = {isa = PBXBuildFile; fileRef = "E4489282-8F98-45CC-892E-E73BCAC32A4D" /* ofxOscMessage.cpp */; };
/* End PBXBuildFile section */

/* Begin PBXCopyFilesBuildPhase section */
		E4A5B60F29BAAAE400C2D356 /* CopyFiles */ = {
			isa = PBXCopyFilesBuildPhase;
			buildActionMask = 2147483647;
			dstPath = "";
			dstSubfolderSpec = 6;
			files = (
			);
			runOnlyForDeploymentPostprocessing = 0;
		};
		E4C2427710CC5ABF004149E2 /* CopyFiles */ = {
			isa = PBXCopyFilesBuildPhase;
			buildActionMask = 2147483647;
			dstPath = "";
			dstSubfolderSpec = 10;
			files = (
			);
			runOnlyForDeploymentPostprocessing = 0;
		};
/* End PBXCopyFilesBuildPhase section */

/* Begin PBXFileReference section */
		"013AE5B1-117F-40C3-83DA-D53F2E3895EB" /* ofxGui.h */ = {isa = PBXFileReference; fileEncoding = 4; lastKnownFileType = sourcecode.cpp.h; name = ofxGui.h; path = ../../../addons/ofxGui/src/ofxGui.h; sourceTree = SOURCE_ROOT; };
		"0B1EC57B-B11F-4C14-B730-7668316C78B2" /* ofxMidiTimecode.cpp */ = {isa = PBXFileReference; fileEncoding = 4; lastKnownFileType = sourcecode.cpp.cpp; name = ofxMidiTimecode.cpp; path = ../../../addons/ofxMidi/src/ofxMidiTimecode.cpp; sourceTree = SOURCE_ROOT; };
		"0C7486FB-78AA-4E63-AAB9-AEB0FD856968" /* IpEndpointName.cpp */ = {isa = PBXFileReference; fileEncoding = 4; lastKnownFileType = sourcecode.cpp.cpp; name = IpEndpointName.cpp; path = ../../../addons/ofxOsc/libs/oscpack/src/ip/IpEndpointName.cpp; sourceTree = SOURCE_ROOT; };
		"0E7CA99B-8220-4FE4-950C-FD762B83E08D" /* ofxButton.h */ = {isa = PBXFileReference; fileEncoding = 4; lastKnownFileType = sourcecode.cpp.h; name = ofxButton.h; path = ../../../addons/ofxGui/src/ofxButton.h; sourceTree = SOURCE_ROOT; };
		"0FB44BA3-90B4-4921-A920-4CD5712BDA9F" /* ofxRtMidiIn.cpp */ = {isa = PBXFileReference; fileEncoding = 4; lastKnownFileType = sourcecode.cpp.cpp; name = ofxRtMidiIn.cpp; path = ../../../addons/ofxMidi/src/desktop/ofxRtMidiIn.cpp; sourceTree = SOURCE_ROOT; };
		"1378A915-5692-4292-A170-A1E154975D78" /* ofxOscSender.h */ = {isa = PBXFileReference; fileEncoding = 4; lastKnownFileType = sourcecode.cpp.h; name = ofxOscSender.h; path = ../../../addons/ofxOsc/src/ofxOscSender.h; sourceTree = SOURCE_ROOT; };
		"13B6FA68-BE52-410E-9980-6A5C2B9FFF83" /* UdpSocket.cpp */ = {isa = PBXFileReference; fileEncoding = 4; lastKnownFileType = sourcecode.cpp.cpp; name = UdpSocket.cpp; path = ../../../addons/ofxOsc/libs/oscpack/src/ip/posix/UdpSocket.cpp; sourceTree = SOURCE_ROOT; };
		"182F4CF7-87A9-49AE-8BEE-3CB63FB56AFC" /* ofxMidiIn.h */ = {isa = PBXFileReference; fileEncoding = 4; lastKnownFileType = sourcecode.cpp.h; name = ofxMidiIn.h; path = ../../../addons/ofxMidi/src/ofxMidiIn.h; sourceTree = SOURCE_ROOT; };
		191CD6FA2847E21E0085CBB6 /* of.entitlements */ = {isa = PBXFileReference; fileEncoding = 4; lastKnownFileType = text.plist.entitlements; path = of.entitlements; sourceTree = "<group>"; };
		191EF70929D778A400F35F26 /* openFrameworks */ = {isa = PBXFileReference; lastKnownFileType = folder; name = openFrameworks; path = ../../../libs/openFrameworks; sourceTree = SOURCE_ROOT; };
		"21D9FF31-4E9C-45F9-A7B4-DAABBFC2881A" /* ofxGuiUtils.h */ = {isa = PBXFileReference; fileEncoding = 4; lastKnownFileType = sourcecode.cpp.h; name = ofxGuiUtils.h; path = ../../../addons/ofxGui/src/ofxGuiUtils.h; sourceTree = SOURCE_ROOT; };
		"26125445-527C-47A5-89E9-8C4D86E7839C" /* ofxBaseGui.h */ = {isa = PBXFileReference; fileEncoding = 4; lastKnownFileType = sourcecode.cpp.h; name = ofxBaseGui.h; path = ../../../addons/ofxGui/src/ofxBaseGui.h; sourceTree = SOURCE_ROOT; };
		"27680AF3-4EE6-4E01-8C5A-00FE0F5A9905" /* UdpSocket.h */ = {isa = PBXFileReference; fileEncoding = 4; lastKnownFileType = sourcecode.cpp.h; name = UdpSocket.h; path = ../../../addons/ofxOsc/libs/oscpack/src/ip/UdpSocket.h; sourceTree = SOURCE_ROOT; };
		"2786DA9F-3C30-4E12-BB2D-8EC561EB6A11" /* ofxPanel.cpp */ = {isa = PBXFileReference; fileEncoding = 4; lastKnownFileType = sourcecode.cpp.cpp; name = ofxPanel.cpp; path = ../../../addons/ofxGui/src/ofxPanel.cpp; sourceTree = SOURCE_ROOT; };
		"28440F8E-3C4F-473B-BA4C-828107FEDE23" /* ofxMidi.h */ = {isa = PBXFileReference; fileEncoding = 4; lastKnownFileType = sourcecode.cpp.h; name = ofxMidi.h; path = ../../../addons/ofxMidi/src/ofxMidi.h; sourceTree = SOURCE_ROOT; };
		"2B18CE5C-A0A8-46FA-9F1B-9149DC630334" /* ofxToggle.h */ = {isa = PBXFileReference; fileEncoding = 4; lastKnownFileType = sourcecode.cpp.h; name = ofxToggle.h; path = ../../../addons/ofxGui/src/ofxToggle.h; sourceTree = SOURCE_ROOT; };
		"2BED3886-6F14-446E-811D-AE1222CE7107" /* ofxLabel.cpp */ = {isa = PBXFileReference; fileEncoding = 4; lastKnownFileType = sourcecode.cpp.cpp; name = ofxLabel.cpp; path = ../../../addons/ofxGui/src/ofxLabel.cpp; sourceTree = SOURCE_ROOT; };
		"2DD84DFF-2B06-450D-87B9-C54CB335F77F" /* OscPrintReceivedElements.cpp */ = {isa = PBXFileReference; fileEncoding = 4; lastKnownFileType = sourcecode.cpp.cpp; name = OscPrintReceivedElements.cpp; path = ../../../addons/ofxOsc/libs/oscpack/src/osc/OscPrintReceivedElements.cpp; sourceTree = SOURCE_ROOT; };
		"3118E15B-1FB1-42CA-B9B9-4EA45431AC89" /* ofxMidiMessage.cpp */ = {isa = PBXFileReference; fileEncoding = 4; lastKnownFileType = sourcecode.cpp.cpp; name = ofxMidiMessage.cpp; path = ../../../addons/ofxMidi/src/ofxMidiMessage.cpp; sourceTree = SOURCE_ROOT; };
		"33A1EF9A-D4AA-4AFF-A683-607905EEA3E3" /* OscTypes.cpp */ = {isa = PBXFileReference; fileEncoding = 4; lastKnownFileType = sourcecode.cpp.cpp; name = OscTypes.cpp; path = ../../../addons/ofxOsc/libs/oscpack/src/osc/OscTypes.cpp; sourceTree = SOURCE_ROOT; };
		"347373ED-C383-4C2F-97C7-40CD43E1E995" /* OscPacketListener.h */ = {isa = PBXFileReference; fileEncoding = 4; lastKnownFileType = sourcecode.cpp.h; name = OscPacketListener.h; path = ../../../addons/ofxOsc/libs/oscpack/src/osc/OscPacketListener.h; sourceTree = SOURCE_ROOT; };
		"388DE0C5-C045-4539-AD3A-AA7C291A3DDE" /* ofxMidiMessage.h */ = {isa = PBXFileReference; fileEncoding = 4; lastKnownFileType = sourcecode.cpp.h; name = ofxMidiMessage.h; path = ../../../addons/ofxMidi/src/ofxMidiMessage.h; sourceTree = SOURCE_ROOT; };
		"409DEA6B-FE6B-4F6C-823F-AAADEA7F86C9" /* ofxRtMidiOut.h */ = {isa = PBXFileReference; fileEncoding = 4; lastKnownFileType = sourcecode.cpp.h; name = ofxRtMidiOut.h; path = ../../../addons/ofxMidi/src/desktop/ofxRtMidiOut.h; sourceTree = SOURCE_ROOT; };
		"4273A102-84EB-4E31-80AE-9DBB6B8BE2DE" /* bin/data */ = {isa = PBXFileReference; fileEncoding = 4; lastKnownFileType = folder; path = bin/data; sourceTree = SOURCE_ROOT; };
		"49AFAC0E-81C1-4224-A6A7-99ECB3EAD239" /* ofxMidiTypes.h */ = {isa = PBXFileReference; fileEncoding = 4; lastKnownFileType = sourcecode.cpp.h; name = ofxMidiTypes.h; path = ../../../addons/ofxMidi/src/ofxMidiTypes.h; sourceTree = SOURCE_ROOT; };
		"510F4B7B-9B01-4946-AD7D-84D91D00B3CB" /* ofxRtMidiOut.cpp */ = {isa = PBXFileReference; fileEncoding = 4; lastKnownFileType = sourcecode.cpp.cpp; name = ofxRtMidiOut.cpp; path = ../../../addons/ofxMidi/src/desktop/ofxRtMidiOut.cpp; sourceTree = SOURCE_ROOT; };
		"53B6FF15-46A7-4680-B159-E28823D6D4C0" /* TimerListener.h */ = {isa = PBXFileReference; fileEncoding = 4; lastKnownFileType = sourcecode.cpp.h; name = TimerListener.h; path = ../../../addons/ofxOsc/libs/oscpack/src/ip/TimerListener.h; sourceTree = SOURCE_ROOT; };
		"58E3AD34-5B93-492B-9D9F-CF0585CA3962" /* ofxMidiOut.h */ = {isa = PBXFileReference; fileEncoding = 4; lastKnownFileType = sourcecode.cpp.h; name = ofxMidiOut.h; path = ../../../addons/ofxMidi/src/ofxMidiOut.h; sourceTree = SOURCE_ROOT; };
		"5E204D8E-935A-4835-979B-21D7E64D6CA6" /* ofxMadOscQuery.cpp */ = {isa = PBXFileReference; fileEncoding = 4; lastKnownFileType = sourcecode.cpp.cpp; name = ofxMadOscQuery.cpp; path = ../../../addons/ofxMadOscQuery/src/ofxMadOscQuery.cpp; sourceTree = SOURCE_ROOT; };
		"646CF193-5431-4BBC-827A-A06227F9AAB2" /* ofxButton.cpp */ = {isa = PBXFileReference; fileEncoding = 4; lastKnownFileType = sourcecode.cpp.cpp; name = ofxButton.cpp; path = ../../../addons/ofxGui/src/ofxButton.cpp; sourceTree = SOURCE_ROOT; };
		"65EBF6E3-7BE0-488A-BBAA-72E853B35775" /* OscHostEndianness.h */ = {isa = PBXFileReference; fileEncoding = 4; lastKnownFileType = sourcecode.cpp.h; name = OscHostEndianness.h; path = ../../../addons/ofxOsc/libs/oscpack/src/osc/OscHostEndianness.h; sourceTree = SOURCE_ROOT; };
		"68595AC0-7F26-45C3-AD9C-1985DD44C763" /* ofxOscParameterSync.cpp */ = {isa = PBXFileReference; fileEncoding = 4; lastKnownFileType = sourcecode.cpp.cpp; name = ofxOscParameterSync.cpp; path = ../../../addons/ofxOsc/src/ofxOscParameterSync.cpp; sourceTree = SOURCE_ROOT; };
		"69A92BB0-F1A8-4FAE-BFCF-F03F44D8B22E" /* ofxRtMidiIn.h */ = {isa = PBXFileReference; fileEncoding = 4; lastKnownFileType = sourcecode.cpp.h; name = ofxRtMidiIn.h; path = ../../../addons/ofxMidi/src/desktop/ofxRtMidiIn.h; sourceTree = SOURCE_ROOT; };
		"779C1920-10FB-4C37-9A3F-36D36EEDF1E4" /* NetworkingUtils.h */ = {isa = PBXFileReference; fileEncoding = 4; lastKnownFileType = sourcecode.cpp.h; name = NetworkingUtils.h; path = ../../../addons/ofxOsc/libs/oscpack/src/ip/NetworkingUtils.h; sourceTree = SOURCE_ROOT; };
		"77AB50E8-42AC-4AE3-98F2-06A6615DECA6" /* NetworkingUtils.cpp */ = {isa = PBXFileReference; fileEncoding = 4; lastKnownFileType = sourcecode.cpp.cpp; name = NetworkingUtils.cpp; path = ../../../addons/ofxOsc/libs/oscpack/src/ip/posix/NetworkingUtils.cpp; sourceTree = SOURCE_ROOT; };
		"790CAEF8-6167-4488-B663-90BF0AF1E419" /* ofxOsc.h */ = {isa = PBXFileReference; fileEncoding = 4; lastKnownFileType = sourcecode.cpp.h; name = ofxOsc.h; path = ../../../addons/ofxOsc/src/ofxOsc.h; sourceTree = SOURCE_ROOT; };
		"80EEF6E0-7BD4-43D0-B966-E9C21A90B274" /* /System/Library/Frameworks/CoreMIDI.framework */ = {isa = PBXFileReference; fileEncoding = 4; lastKnownFileType = wrapper.framework; path = /System/Library/Frameworks/CoreMIDI.framework; sourceTree = SOURCE_ROOT; };
		"820B691C-5AFB-43D6-AEE1-3511C34775C0" /* ofxBaseMidi.h */ = {isa = PBXFileReference; fileEncoding = 4; lastKnownFileType = sourcecode.cpp.h; name = ofxBaseMidi.h; path = ../../../addons/ofxMidi/src/ofxBaseMidi.h; sourceTree = SOURCE_ROOT; };
		"8246CE27-02B8-4BBC-912B-1385E350A4EB" /* ofxToggle.cpp */ = {isa = PBXFileReference; fileEncoding = 4; lastKnownFileType = sourcecode.cpp.cpp; name = ofxToggle.cpp; path = ../../../addons/ofxGui/src/ofxToggle.cpp; sourceTree = SOURCE_ROOT; };
		"832FB418-49E7-4950-90C4-F9D82D48B79D" /* ofxPanel.h */ = {isa = PBXFileReference; fileEncoding = 4; lastKnownFileType = sourcecode.cpp.h; name = ofxPanel.h; path = ../../../addons/ofxGui/src/ofxPanel.h; sourceTree = SOURCE_ROOT; };
		"850550CF-7CFC-4492-A81E-033C28CE2E60" /* ofxMidi.cpp */ = {isa = PBXFileReference; fileEncoding = 4; lastKnownFileType = sourcecode.cpp.cpp; name = ofxMidi.cpp; path = ../../../addons/ofxMidi/src/ofxMidi.cpp; sourceTree = SOURCE_ROOT; };
		"853FF395-21A7-4202-895E-14C0A929C707" /* ofxOscBundle.cpp */ = {isa = PBXFileReference; fileEncoding = 4; lastKnownFileType = sourcecode.cpp.cpp; name = ofxOscBundle.cpp; path = ../../../addons/ofxOsc/src/ofxOscBundle.cpp; sourceTree = SOURCE_ROOT; };
		"85726134-64F1-4A6E-BA9D-24FC45D6D4CB" /* MessageMappingOscPacketListener.h */ = {isa = PBXFileReference; fileEncoding = 4; lastKnownFileType = sourcecode.cpp.h; name = MessageMappingOscPacketListener.h; path = ../../../addons/ofxOsc/libs/oscpack/src/osc/MessageMappingOscPacketListener.h; sourceTree = SOURCE_ROOT; };
		"85F6F8D0-2517-40F2-8FD0-6CAC556BB155" /* ofxInputField.cpp */ = {isa = PBXFileReference; fileEncoding = 4; lastKnownFileType = sourcecode.cpp.cpp; name = ofxInputField.cpp; path = ../../../addons/ofxGui/src/ofxInputField.cpp; sourceTree = SOURCE_ROOT; };
		"86F69C1F-E65F-4DDB-A62A-8402C7BFF3AD" /* RtMidi.h */ = {isa = PBXFileReference; fileEncoding = 4; lastKnownFileType = sourcecode.cpp.h; name = RtMidi.h; path = ../../../addons/ofxMidi/libs/rtmidi/RtMidi.h; sourceTree = SOURCE_ROOT; };
		"8E1C3540-E257-4212-8846-B2FD863DE61C" /* ofxMidiTimecode.h */ = {isa = PBXFileReference; fileEncoding = 4; lastKnownFileType = sourcecode.cpp.h; name = ofxMidiTimecode.h; path = ../../../addons/ofxMidi/src/ofxMidiTimecode.h; sourceTree = SOURCE_ROOT; };
		"8E645502-0C07-479B-BBD4-4F190186C2F4" /* ofxLabel.h */ = {isa = PBXFileReference; fileEncoding = 4; lastKnownFileType = sourcecode.cpp.h; name = ofxLabel.h; path = ../../../addons/ofxGui/src/ofxLabel.h; sourceTree = SOURCE_ROOT; };
		"8F468F0F-A4D1-41A9-BA84-6AEE185B81BA" /* ofxSlider.h */ = {isa = PBXFileReference; fileEncoding = 4; lastKnownFileType = sourcecode.cpp.h; name = ofxSlider.h; path = ../../../addons/ofxGui/src/ofxSlider.h; sourceTree = SOURCE_ROOT; };
		"92760B21-337E-4079-A0BD-B5CD94CFA5CE" /* OscReceivedElements.cpp */ = {isa = PBXFileReference; fileEncoding = 4; lastKnownFileType = sourcecode.cpp.cpp; name = OscReceivedElements.cpp; path = ../../../addons/ofxOsc/libs/oscpack/src/osc/OscReceivedElements.cpp; sourceTree = SOURCE_ROOT; };
		"947C3783-4F44-40D5-8556-8D7A8B20BC1A" /* OscReceivedElements.h */ = {isa = PBXFileReference; fileEncoding = 4; lastKnownFileType = sourcecode.cpp.h; name = OscReceivedElements.h; path = ../../../addons/ofxOsc/libs/oscpack/src/osc/OscReceivedElements.h; sourceTree = SOURCE_ROOT; };
		"9AEFC215-8D91-4BC5-96DE-5F654A6734BE" /* OscTypes.h */ = {isa = PBXFileReference; fileEncoding = 4; lastKnownFileType = sourcecode.cpp.h; name = OscTypes.h; path = ../../../addons/ofxOsc/libs/oscpack/src/osc/OscTypes.h; sourceTree = SOURCE_ROOT; };
		"9F3E8314-AB0D-400C-BCE1-4286E622DBE0" /* MadParameter.h */ = {isa = PBXFileReference; fileEncoding = 4; lastKnownFileType = sourcecode.cpp.h; name = MadParameter.h; path = ../../../addons/ofxMadOscQuery/src/MadParameter.h; sourceTree = SOURCE_ROOT; };
		"A1C626B7-404B-439C-BFA8-43D28AF74FC5" /* ofxOscReceiver.h */ = {isa = PBXFileReference; fileEncoding = 4; lastKnownFileType = sourcecode.cpp.h; name = ofxOscReceiver.h; path = ../../../addons/ofxOsc/src/ofxOscReceiver.h; sourceTree = SOURCE_ROOT; };
		"ACD23CB6-C375-4FC6-816E-F0825206A10D" /* OscOutboundPacketStream.cpp */ = {isa = PBXFileReference; fileEncoding = 4; lastKnownFileType = sourcecode.cpp.cpp; name = OscOutboundPacketStream.cpp; path = ../../../addons/ofxOsc/libs/oscpack/src/osc/OscOutboundPacketStream.cpp; sourceTree = SOURCE_ROOT; };
		"ACD574F3-F8C1-43F5-9D1D-56B6A3E1B8D4" /* ofxSlider.cpp */ = {isa = PBXFileReference; fileEncoding = 4; lastKnownFileType = sourcecode.cpp.cpp; name = ofxSlider.cpp; path = ../../../addons/ofxGui/src/ofxSlider.cpp; sourceTree = SOURCE_ROOT; };
		"AEDCC097-7CA9-4E5A-8B23-977338F8C084" /* ofxOscArg.h */ = {isa = PBXFileReference; fileEncoding = 4; lastKnownFileType = sourcecode.cpp.h; name = ofxOscArg.h; path = ../../../addons/ofxOsc/src/ofxOscArg.h; sourceTree = SOURCE_ROOT; };
		"B0137061-0381-409A-9C6E-64AE83E1DB56" /* PacketListener.h */ = {isa = PBXFileReference; fileEncoding = 4; lastKnownFileType = sourcecode.cpp.h; name = PacketListener.h; path = ../../../addons/ofxOsc/libs/oscpack/src/ip/PacketListener.h; sourceTree = SOURCE_ROOT; };
		"B318C48B-9A5E-4564-BF4C-8000987BC324" /* OscOutboundPacketStream.h */ = {isa = PBXFileReference; fileEncoding = 4; lastKnownFileType = sourcecode.cpp.h; name = OscOutboundPacketStream.h; path = ../../../addons/ofxOsc/libs/oscpack/src/osc/OscOutboundPacketStream.h; sourceTree = SOURCE_ROOT; };
		"B52982A2-AFA0-40F9-A9F5-2FC49364D7E7" /* IpEndpointName.h */ = {isa = PBXFileReference; fileEncoding = 4; lastKnownFileType = sourcecode.cpp.h; name = IpEndpointName.h; path = ../../../addons/ofxOsc/libs/oscpack/src/ip/IpEndpointName.h; sourceTree = SOURCE_ROOT; };
		"B7FC48DD-BFFE-4F35-A1C5-D83918B2D753" /* MadParameterPage.hpp */ = {isa = PBXFileReference; fileEncoding = 4; lastKnownFileType = sourcecode.cpp.h; name = MadParameterPage.hpp; path = ../../../addons/ofxMadOscQuery/src/MadParameterPage.hpp; sourceTree = SOURCE_ROOT; };
		"BE5CBB2C-B8D4-4088-B3F0-5F0E6663B885" /* ofxOscSender.cpp */ = {isa = PBXFileReference; fileEncoding = 4; lastKnownFileType = sourcecode.cpp.cpp; name = ofxOscSender.cpp; path = ../../../addons/ofxOsc/src/ofxOscSender.cpp; sourceTree = SOURCE_ROOT; };
		"C08CB5A4-02C5-47A7-98C8-279F49DC9367" /* RtMidi.cpp */ = {isa = PBXFileReference; fileEncoding = 4; lastKnownFileType = sourcecode.cpp.cpp; name = RtMidi.cpp; path = ../../../addons/ofxMidi/libs/rtmidi/RtMidi.cpp; sourceTree = SOURCE_ROOT; };
		"C0AF37E5-5ED4-4741-A3A4-EE7988136634" /* ofxGuiGroup.h */ = {isa = PBXFileReference; fileEncoding = 4; lastKnownFileType = sourcecode.cpp.h; name = ofxGuiGroup.h; path = ../../../addons/ofxGui/src/ofxGuiGroup.h; sourceTree = SOURCE_ROOT; };
		"CB0A6C34-C51E-453A-ADD6-00A27103F651" /* ofxGuiGroup.cpp */ = {isa = PBXFileReference; fileEncoding = 4; lastKnownFileType = sourcecode.cpp.cpp; name = ofxGuiGroup.cpp; path = ../../../addons/ofxGui/src/ofxGuiGroup.cpp; sourceTree = SOURCE_ROOT; };
		"CB751DA7-3027-45DC-9B14-E94755E18F4D" /* ofxOscMessage.h */ = {isa = PBXFileReference; fileEncoding = 4; lastKnownFileType = sourcecode.cpp.h; name = ofxOscMessage.h; path = ../../../addons/ofxOsc/src/ofxOscMessage.h; sourceTree = SOURCE_ROOT; };
		"CC3B9BD7-84AC-4F2C-90BC-D32EBB3ADB18" /* ofxOscReceiver.cpp */ = {isa = PBXFileReference; fileEncoding = 4; lastKnownFileType = sourcecode.cpp.cpp; name = ofxOscReceiver.cpp; path = ../../../addons/ofxOsc/src/ofxOscReceiver.cpp; sourceTree = SOURCE_ROOT; };
		"CC8C594E-428A-478B-B63E-EEEF7CA90E41" /* ofxColorPicker.cpp */ = {isa = PBXFileReference; fileEncoding = 4; lastKnownFileType = sourcecode.cpp.cpp; name = ofxColorPicker.cpp; path = ../../../addons/ofxGui/src/ofxColorPicker.cpp; sourceTree = SOURCE_ROOT; };
		"CE25834A-C1A9-4E07-BC20-BCD4351FF71D" /* ofxInputField.h */ = {isa = PBXFileReference; fileEncoding = 4; lastKnownFileType = sourcecode.cpp.h; name = ofxInputField.h; path = ../../../addons/ofxGui/src/ofxInputField.h; sourceTree = SOURCE_ROOT; };
		"D167382A-AE38-4F97-A640-E574085E4A47" /* ofxOscBundle.h */ = {isa = PBXFileReference; fileEncoding = 4; lastKnownFileType = sourcecode.cpp.h; name = ofxOscBundle.h; path = ../../../addons/ofxOsc/src/ofxOscBundle.h; sourceTree = SOURCE_ROOT; };
		"D23A85AA-B024-4775-8C4A-139E8B955DD4" /* ofxSliderGroup.h */ = {isa = PBXFileReference; fileEncoding = 4; lastKnownFileType = sourcecode.cpp.h; name = ofxSliderGroup.h; path = ../../../addons/ofxGui/src/ofxSliderGroup.h; sourceTree = SOURCE_ROOT; };
		"D8A6E6A1-8A89-45E3-980A-D9F74B2DC546" /* ofxMidiOut.cpp */ = {isa = PBXFileReference; fileEncoding = 4; lastKnownFileType = sourcecode.cpp.cpp; name = ofxMidiOut.cpp; path = ../../../addons/ofxMidi/src/ofxMidiOut.cpp; sourceTree = SOURCE_ROOT; };
		"E1FD7832-7F4E-4CDC-B313-31FFBBA0979F" /* OscPrintReceivedElements.h */ = {isa = PBXFileReference; fileEncoding = 4; lastKnownFileType = sourcecode.cpp.h; name = OscPrintReceivedElements.h; path = ../../../addons/ofxOsc/libs/oscpack/src/osc/OscPrintReceivedElements.h; sourceTree = SOURCE_ROOT; };
		"E21B5D33-5F45-4851-BC82-FA4C5E23CC46" /* ofxColorPicker.h */ = {isa = PBXFileReference; fileEncoding = 4; lastKnownFileType = sourcecode.cpp.h; name = ofxColorPicker.h; path = ../../../addons/ofxGui/src/ofxColorPicker.h; sourceTree = SOURCE_ROOT; };
		"E4489282-8F98-45CC-892E-E73BCAC32A4D" /* ofxOscMessage.cpp */ = {isa = PBXFileReference; fileEncoding = 4; lastKnownFileType = sourcecode.cpp.cpp; name = ofxOscMessage.cpp; path = ../../../addons/ofxOsc/src/ofxOscMessage.cpp; sourceTree = SOURCE_ROOT; };
		E4B69B5B0A3A1756003C02F2 /* MadMapperControl_MM6_V2Debug.app */ = {isa = PBXFileReference; explicitFileType = wrapper.application; includeInIndex = 0; path = MadMapperControl_MM6_V2Debug.app; sourceTree = BUILT_PRODUCTS_DIR; };
		E4B69E1D0A3A1BDC003C02F2 /* main.cpp */ = {isa = PBXFileReference; fileEncoding = 4; lastKnownFileType = sourcecode.cpp.cpp; name = main.cpp; path = src/main.cpp; sourceTree = SOURCE_ROOT; };
		E4B69E1E0A3A1BDC003C02F2 /* ofApp.cpp */ = {isa = PBXFileReference; explicitFileType = sourcecode.cpp.cpp; fileEncoding = 4; name = ofApp.cpp; path = src/ofApp.cpp; sourceTree = SOURCE_ROOT; };
		E4B69E1F0A3A1BDC003C02F2 /* ofApp.h */ = {isa = PBXFileReference; fileEncoding = 4; lastKnownFileType = sourcecode.c.h; name = ofApp.h; path = src/ofApp.h; sourceTree = SOURCE_ROOT; };
		E4B6FCAD0C3E899E008CF71C /* openFrameworks-Info.plist */ = {isa = PBXFileReference; fileEncoding = 4; lastKnownFileType = text.plist.xml; path = "openFrameworks-Info.plist"; sourceTree = "<group>"; };
		E4EB6923138AFD0F00A09F29 /* Project.xcconfig */ = {isa = PBXFileReference; fileEncoding = 4; lastKnownFileType = text.xcconfig; path = Project.xcconfig; sourceTree = "<group>"; };
		"E601E1C3-B1DE-4695-8E73-80700490AEC6" /* ofxBaseGui.cpp */ = {isa = PBXFileReference; fileEncoding = 4; lastKnownFileType = sourcecode.cpp.cpp; name = ofxBaseGui.cpp; path = ../../../addons/ofxGui/src/ofxBaseGui.cpp; sourceTree = SOURCE_ROOT; };
		"E7D57048-EE97-49B6-81D8-2242A1FCD51A" /* ofxMidiConstants.h */ = {isa = PBXFileReference; fileEncoding = 4; lastKnownFileType = sourcecode.cpp.h; name = ofxMidiConstants.h; path = ../../../addons/ofxMidi/src/ofxMidiConstants.h; sourceTree = SOURCE_ROOT; };
		"EAE43A4F-A63F-48FB-A5FF-3BD17B50EFA3" /* ofxMadOscQuery.h */ = {isa = PBXFileReference; fileEncoding = 4; lastKnownFileType = sourcecode.cpp.h; name = ofxMadOscQuery.h; path = ../../../addons/ofxMadOscQuery/src/ofxMadOscQuery.h; sourceTree = SOURCE_ROOT; };
		"EB34B838-4099-43A5-AF19-12695B99ED0D" /* ofxMidiClock.h */ = {isa = PBXFileReference; fileEncoding = 4; lastKnownFileType = sourcecode.cpp.h; name = ofxMidiClock.h; path = ../../../addons/ofxMidi/src/ofxMidiClock.h; sourceTree = SOURCE_ROOT; };
		"EE80BC82-E9CF-4FD5-8092-BCA2AC45BD35" /* ofxOscParameterSync.h */ = {isa = PBXFileReference; fileEncoding = 4; lastKnownFileType = sourcecode.cpp.h; name = ofxOscParameterSync.h; path = ../../../addons/ofxOsc/src/ofxOscParameterSync.h; sourceTree = SOURCE_ROOT; };
		"EF117D9C-792D-48D6-91C2-47D5D028CD38" /* ofxSliderGroup.cpp */ = {isa = PBXFileReference; fileEncoding = 4; lastKnownFileType = sourcecode.cpp.cpp; name = ofxSliderGroup.cpp; path = ../../../addons/ofxGui/src/ofxSliderGroup.cpp; sourceTree = SOURCE_ROOT; };
		"F5CC36D0-6382-4158-976B-EB6D339D73A1" /* ofxMidiIn.cpp */ = {isa = PBXFileReference; fileEncoding = 4; lastKnownFileType = sourcecode.cpp.cpp; name = ofxMidiIn.cpp; path = ../../../addons/ofxMidi/src/ofxMidiIn.cpp; sourceTree = SOURCE_ROOT; };
		"FB1F82D9-0392-44EB-A324-2A1752625D19" /* ofxMidiClock.cpp */ = {isa = PBXFileReference; fileEncoding = 4; lastKnownFileType = sourcecode.cpp.cpp; name = ofxMidiClock.cpp; path = ../../../addons/ofxMidi/src/ofxMidiClock.cpp; sourceTree = SOURCE_ROOT; };
		"FE055788-6B53-4F27-BBC2-D95998D150AE" /* ofxBaseMidi.cpp */ = {isa = PBXFileReference; fileEncoding = 4; lastKnownFileType = sourcecode.cpp.cpp; name = ofxBaseMidi.cpp; path = ../../../addons/ofxMidi/src/ofxBaseMidi.cpp; sourceTree = SOURCE_ROOT; };
		FF149CAB2F15A8650048BD8C /* ChannelStrip.h */ = {isa = PBXFileReference; lastKnownFileType = sourcecode.c.h; name = ChannelStrip.h; path = /Users/jonasfehr/Documents/openFrameworks/addons/ofxMidiDevice/src/ChannelStrip.h; sourceTree = "<absolute>"; };
		FF149CAC2F15A8650048BD8C /* Defines.h */ = {isa = PBXFileReference; lastKnownFileType = sourcecode.c.h; name = Defines.h; path = /Users/jonasfehr/Documents/openFrameworks/addons/ofxMidiDevice/src/Defines.h; sourceTree = "<absolute>"; };
		FF149CAD2F15A8650048BD8C /* Faderport16Surface.h */ = {isa = PBXFileReference; lastKnownFileType = sourcecode.c.h; name = Faderport16Surface.h; path = /Users/jonasfehr/Documents/openFrameworks/addons/ofxMidiDevice/src/Faderport16Surface.h; sourceTree = "<absolute>"; };
		FF149CAE2F15A8650048BD8C /* Faderport16Surface.cpp */ = {isa = PBXFileReference; lastKnownFileType = sourcecode.cpp.cpp; name = Faderport16Surface.cpp; path = /Users/jonasfehr/Documents/openFrameworks/addons/ofxMidiDevice/src/Faderport16Surface.cpp; sourceTree = "<absolute>"; };
		FF149CAF2F15A8650048BD8C /* LaunchpadSurface.h */ = {isa = PBXFileReference; lastKnownFileType = sourcecode.c.h; name = LaunchpadSurface.h; path = /Users/jonasfehr/Documents/openFrameworks/addons/ofxMidiDevice/src/LaunchpadSurface.h; sourceTree = "<absolute>"; };
		FF149CB02F15A8650048BD8C /* LaunchpadSurface.cpp */ = {isa = PBXFileReference; lastKnownFileType = sourcecode.cpp.cpp; name = LaunchpadSurface.cpp; path = /Users/jonasfehr/Documents/openFrameworks/addons/ofxMidiDevice/src/LaunchpadSurface.cpp; sourceTree = "<absolute>"; };
		FF149CB12F15A8650048BD8C /* MidiComponent.h */ = {isa = PBXFileReference; lastKnownFileType = sourcecode.c.h; name = MidiComponent.h; path = /Users/jonasfehr/Documents/openFrameworks/addons/ofxMidiDevice/src/MidiComponent.h; sourceTree = "<absolute>"; };
		FF149CB22F15A8650048BD8C /* MidiComponentGroup.h */ = {isa = PBXFileReference; lastKnownFileType = sourcecode.c.h; name = MidiComponentGroup.h; path = /Users/jonasfehr/Documents/openFrameworks/addons/ofxMidiDevice/src/MidiComponentGroup.h; sourceTree = "<absolute>"; };
		FF149CB32F15A8650048BD8C /* MidiControlSurface.h */ = {isa = PBXFileReference; lastKnownFileType = sourcecode.c.h; name = MidiControlSurface.h; path = /Users/jonasfehr/Documents/openFrameworks/addons/ofxMidiDevice/src/MidiControlSurface.h; sourceTree = "<absolute>"; };
		FF149CB42F15A8650048BD8C /* ofxMidiDevice.h */ = {isa = PBXFileReference; lastKnownFileType = sourcecode.c.h; name = ofxMidiDevice.h; path = /Users/jonasfehr/Documents/openFrameworks/addons/ofxMidiDevice/src/ofxMidiDevice.h; sourceTree = "<absolute>"; };
		FF149CB52F15A8650048BD8C /* ofxMidiDevice.cpp */ = {isa = PBXFileReference; lastKnownFileType = sourcecode.cpp.cpp; name = ofxMidiDevice.cpp; path = /Users/jonasfehr/Documents/openFrameworks/addons/ofxMidiDevice/src/ofxMidiDevice.cpp; sourceTree = "<absolute>"; };
		FF149CB62F15A8650048BD8C /* PlatformMSurface.h */ = {isa = PBXFileReference; lastKnownFileType = sourcecode.c.h; name = PlatformMSurface.h; path = /Users/jonasfehr/Documents/openFrameworks/addons/ofxMidiDevice/src/PlatformMSurface.h; sourceTree = "<absolute>"; };
		FF149CB72F15A8650048BD8C /* PlatformMSurface.cpp */ = {isa = PBXFileReference; lastKnownFileType = sourcecode.cpp.cpp; name = PlatformMSurface.cpp; path = /Users/jonasfehr/Documents/openFrameworks/addons/ofxMidiDevice/src/PlatformMSurface.cpp; sourceTree = "<absolute>"; };
		FF149CBC2F15BAEC0048BD8C /* Push3Surface.h */ = {isa = PBXFileReference; lastKnownFileType = sourcecode.c.h; name = Push3Surface.h; path = /Users/jonasfehr/Documents/openFrameworks/addons/ofxMidiDevice/src/Push3Surface.h; sourceTree = "<absolute>"; };
		FF149CBD2F15BAEC0048BD8C /* Push3Surface.cpp */ = {isa = PBXFileReference; lastKnownFileType = sourcecode.cpp.cpp; name = Push3Surface.cpp; path = /Users/jonasfehr/Documents/openFrameworks/addons/ofxMidiDevice/src/Push3Surface.cpp; sourceTree = "<absolute>"; };
		FF149CBF2F15BF3E0048BD8C /* PushDisplayTransport.h */ = {isa = PBXFileReference; lastKnownFileType = sourcecode.c.h; name = PushDisplayTransport.h; path = /Users/jonasfehr/Documents/openFrameworks/addons/ofxMidiDevice/src/PushDisplayTransport.h; sourceTree = "<absolute>"; };
		FF149CC02F15BF490048BD8C /* PushDisplayTransport.cpp */ = {isa = PBXFileReference; lastKnownFileType = sourcecode.cpp.cpp; name = PushDisplayTransport.cpp; path = /Users/jonasfehr/Documents/openFrameworks/addons/ofxMidiDevice/src/PushDisplayTransport.cpp; sourceTree = "<absolute>"; };
		FF30B6A02F1EEEBD0019BC05 /* DeviceProfile.h */ = {isa = PBXFileReference; lastKnownFileType = sourcecode.c.h; name = DeviceProfile.h; path = /Users/jonasfehr/Documents/openFrameworks/addons/ofxMidiDevice/src/DeviceProfile.h; sourceTree = "<absolute>"; };
		FF407DA02F16D563008504FA /* libusb-1.0.0.dylib */ = {isa = PBXFileReference; lastKnownFileType = "compiled.mach-o.dylib"; name = "libusb-1.0.0.dylib"; path = "../../../../../../../usr/local/Cellar/libusb/1.0.29/lib/libusb-1.0.0.dylib"; sourceTree = "<group>"; };
		"FFFF8382-77E0-4C53-8331-A7DE2BAF1088" /* OscException.h */ = {isa = PBXFileReference; fileEncoding = 4; lastKnownFileType = sourcecode.cpp.h; name = OscException.h; path = ../../../addons/ofxOsc/libs/oscpack/src/osc/OscException.h; sourceTree = SOURCE_ROOT; };
/* End PBXFileReference section */

/* Begin PBXFrameworksBuildPhase section */
		E4B69B590A3A1756003C02F2 /* Frameworks */ = {
			isa = PBXFrameworksBuildPhase;
			buildActionMask = 2147483647;
			files = (
				FF407DA12F16D564008504FA /* libusb-1.0.0.dylib in Frameworks */,
				FF149CAA2F1597C70048BD8C /* /System/Library/Frameworks/CoreMIDI.framework in Frameworks */,
			);
			runOnlyForDeploymentPostprocessing = 0;
		};
/* End PBXFrameworksBuildPhase section */

/* Begin PBXGroup section */
		"0F290DDB-771C-4909-855F-99A406151843" /* ofxGui */ = {
			isa = PBXGroup;
			children = (
				"8D9B49BD-DA54-475D-B111-AF7416612641" /* src */,
			);
			name = ofxGui;
			sourceTree = SOURCE_ROOT;
		};
		"22DACC64-CE96-41F7-915D-3AA00E6D66D9" /* rtmidi */ = {
			isa = PBXGroup;
			children = (
				"C08CB5A4-02C5-47A7-98C8-279F49DC9367" /* RtMidi.cpp */,
				"86F69C1F-E65F-4DDB-A62A-8402C7BFF3AD" /* RtMidi.h */,
			);
			name = rtmidi;
			sourceTree = SOURCE_ROOT;
		};
		"232E2DA5-9333-484C-866E-E7C8A13E2BCE" /* posix */ = {
			isa = PBXGroup;
			children = (
				"77AB50E8-42AC-4AE3-98F2-06A6615DECA6" /* NetworkingUtils.cpp */,
				"13B6FA68-BE52-410E-9980-6A5C2B9FFF83" /* UdpSocket.cpp */,
			);
			name = posix;
			sourceTree = SOURCE_ROOT;
		};
		"30FBFCB1-864A-42B8-8B77-93282B770976" /* frameworks */ = {
			isa = PBXGroup;
			children = (
				"80EEF6E0-7BD4-43D0-B966-E9C21A90B274" /* /System/Library/Frameworks/CoreMIDI.framework */,
			);
			name = frameworks;
			sourceTree = SOURCE_ROOT;
		};
		"3AFCA541-E2FD-4792-88A5-E6EDC69FFE4F" /* ofxMidi */ = {
			isa = PBXGroup;
			children = (
				"E94226AD-1D32-433C-BD27-E34BC70D41A9" /* libs */,
				"3FA5E486-837C-4EBE-A124-F1FA80B75D57" /* src */,
				"30FBFCB1-864A-42B8-8B77-93282B770976" /* frameworks */,
			);
			name = ofxMidi;
			sourceTree = SOURCE_ROOT;
		};
		"3FA5E486-837C-4EBE-A124-F1FA80B75D57" /* src */ = {
			isa = PBXGroup;
			children = (
				"4FB55F20-4182-4912-B68B-58527DC79046" /* desktop */,
				"FE055788-6B53-4F27-BBC2-D95998D150AE" /* ofxBaseMidi.cpp */,
				"820B691C-5AFB-43D6-AEE1-3511C34775C0" /* ofxBaseMidi.h */,
				"850550CF-7CFC-4492-A81E-033C28CE2E60" /* ofxMidi.cpp */,
				"28440F8E-3C4F-473B-BA4C-828107FEDE23" /* ofxMidi.h */,
				"FB1F82D9-0392-44EB-A324-2A1752625D19" /* ofxMidiClock.cpp */,
				"EB34B838-4099-43A5-AF19-12695B99ED0D" /* ofxMidiClock.h */,
				"E7D57048-EE97-49B6-81D8-2242A1FCD51A" /* ofxMidiConstants.h */,
				"F5CC36D0-6382-4158-976B-EB6D339D73A1" /* ofxMidiIn.cpp */,
				"182F4CF7-87A9-49AE-8BEE-3CB63FB56AFC" /* ofxMidiIn.h */,
				"3118E15B-1FB1-42CA-B9B9-4EA45431AC89" /* ofxMidiMessage.cpp */,
				"388DE0C5-C045-4539-AD3A-AA7C291A3DDE" /* ofxMidiMessage.h */,
				"D8A6E6A1-8A89-45E3-980A-D9F74B2DC546" /* ofxMidiOut.cpp */,
				"58E3AD34-5B93-492B-9D9F-CF0585CA3962" /* ofxMidiOut.h */,
				"0B1EC57B-B11F-4C14-B730-7668316C78B2" /* ofxMidiTimecode.cpp */,
				"8E1C3540-E257-4212-8846-B2FD863DE61C" /* ofxMidiTimecode.h */,
				"49AFAC0E-81C1-4224-A6A7-99ECB3EAD239" /* ofxMidiTypes.h */,
			);
			name = src;
			sourceTree = SOURCE_ROOT;
		};
		"4FB55F20-4182-4912-B68B-58527DC79046" /* desktop */ = {
			isa = PBXGroup;
			children = (
				"0FB44BA3-90B4-4921-A920-4CD5712BDA9F" /* ofxRtMidiIn.cpp */,
				"69A92BB0-F1A8-4FAE-BFCF-F03F44D8B22E" /* ofxRtMidiIn.h */,
				"510F4B7B-9B01-4946-AD7D-84D91D00B3CB" /* ofxRtMidiOut.cpp */,
				"409DEA6B-FE6B-4F6C-823F-AAADEA7F86C9" /* ofxRtMidiOut.h */,
			);
			name = desktop;
			sourceTree = SOURCE_ROOT;
		};
		"5838ECD2-33FB-4D9E-9102-EF0EAD9BD01E" /* src */ = {
			isa = PBXGroup;
			children = (
				"790CAEF8-6167-4488-B663-90BF0AF1E419" /* ofxOsc.h */,
				"AEDCC097-7CA9-4E5A-8B23-977338F8C084" /* ofxOscArg.h */,
				"853FF395-21A7-4202-895E-14C0A929C707" /* ofxOscBundle.cpp */,
				"D167382A-AE38-4F97-A640-E574085E4A47" /* ofxOscBundle.h */,
				"E4489282-8F98-45CC-892E-E73BCAC32A4D" /* ofxOscMessage.cpp */,
				"CB751DA7-3027-45DC-9B14-E94755E18F4D" /* ofxOscMessage.h */,
				"68595AC0-7F26-45C3-AD9C-1985DD44C763" /* ofxOscParameterSync.cpp */,
				"EE80BC82-E9CF-4FD5-8092-BCA2AC45BD35" /* ofxOscParameterSync.h */,
				"CC3B9BD7-84AC-4F2C-90BC-D32EBB3ADB18" /* ofxOscReceiver.cpp */,
				"A1C626B7-404B-439C-BFA8-43D28AF74FC5" /* ofxOscReceiver.h */,
				"BE5CBB2C-B8D4-4088-B3F0-5F0E6663B885" /* ofxOscSender.cpp */,
				"1378A915-5692-4292-A170-A1E154975D78" /* ofxOscSender.h */,
			);
			name = src;
			sourceTree = SOURCE_ROOT;
		};
		"64A15852-9E11-4A38-9321-9D25630A4DF3" /* src */ = {
			isa = PBXGroup;
			children = (
				"9F3E8314-AB0D-400C-BCE1-4286E622DBE0" /* MadParameter.h */,
				"B7FC48DD-BFFE-4F35-A1C5-D83918B2D753" /* MadParameterPage.hpp */,
				"5E204D8E-935A-4835-979B-21D7E64D6CA6" /* ofxMadOscQuery.cpp */,
				"EAE43A4F-A63F-48FB-A5FF-3BD17B50EFA3" /* ofxMadOscQuery.h */,
			);
			name = src;
			sourceTree = SOURCE_ROOT;
		};
		"67AB2DCD-582E-4523-85EF-CD195BEAA485" /* ip */ = {
			isa = PBXGroup;
			children = (
				"0C7486FB-78AA-4E63-AAB9-AEB0FD856968" /* IpEndpointName.cpp */,
				"B52982A2-AFA0-40F9-A9F5-2FC49364D7E7" /* IpEndpointName.h */,
				"779C1920-10FB-4C37-9A3F-36D36EEDF1E4" /* NetworkingUtils.h */,
				"B0137061-0381-409A-9C6E-64AE83E1DB56" /* PacketListener.h */,
				"53B6FF15-46A7-4680-B159-E28823D6D4C0" /* TimerListener.h */,
				"27680AF3-4EE6-4E01-8C5A-00FE0F5A9905" /* UdpSocket.h */,
				"232E2DA5-9333-484C-866E-E7C8A13E2BCE" /* posix */,
			);
			name = ip;
			sourceTree = SOURCE_ROOT;
		};
		"77DAE0B7-2368-456E-9F26-31682BF3AF13" /* src */ = {
			isa = PBXGroup;
			children = (
				FF30B6A02F1EEEBD0019BC05 /* DeviceProfile.h */,
				FF149CBF2F15BF3E0048BD8C /* PushDisplayTransport.h */,
				FF149CC02F15BF490048BD8C /* PushDisplayTransport.cpp */,
				FF149CBC2F15BAEC0048BD8C /* Push3Surface.h */,
				FF149CBD2F15BAEC0048BD8C /* Push3Surface.cpp */,
				FF149CAB2F15A8650048BD8C /* ChannelStrip.h */,
				FF149CAC2F15A8650048BD8C /* Defines.h */,
				FF149CAD2F15A8650048BD8C /* Faderport16Surface.h */,
				FF149CAE2F15A8650048BD8C /* Faderport16Surface.cpp */,
				FF149CAF2F15A8650048BD8C /* LaunchpadSurface.h */,
				FF149CB02F15A8650048BD8C /* LaunchpadSurface.cpp */,
				FF149CB12F15A8650048BD8C /* MidiComponent.h */,
				FF149CB22F15A8650048BD8C /* MidiComponentGroup.h */,
				FF149CB32F15A8650048BD8C /* MidiControlSurface.h */,
				FF149CB42F15A8650048BD8C /* ofxMidiDevice.h */,
				FF149CB52F15A8650048BD8C /* ofxMidiDevice.cpp */,
				FF149CB62F15A8650048BD8C /* PlatformMSurface.h */,
				FF149CB72F15A8650048BD8C /* PlatformMSurface.cpp */,
			);
			name = src;
			sourceTree = SOURCE_ROOT;
		};
		"8C2D47EA-8400-4142-A417-B93B8E9B7AE4" /* ofxMidiDevice */ = {
			isa = PBXGroup;
			children = (
				"77DAE0B7-2368-456E-9F26-31682BF3AF13" /* src */,
			);
			name = ofxMidiDevice;
			sourceTree = SOURCE_ROOT;
		};
		"8D9B49BD-DA54-475D-B111-AF7416612641" /* src */ = {
			isa = PBXGroup;
			children = (
				"E601E1C3-B1DE-4695-8E73-80700490AEC6" /* ofxBaseGui.cpp */,
				"26125445-527C-47A5-89E9-8C4D86E7839C" /* ofxBaseGui.h */,
				"646CF193-5431-4BBC-827A-A06227F9AAB2" /* ofxButton.cpp */,
				"0E7CA99B-8220-4FE4-950C-FD762B83E08D" /* ofxButton.h */,
				"CC8C594E-428A-478B-B63E-EEEF7CA90E41" /* ofxColorPicker.cpp */,
				"E21B5D33-5F45-4851-BC82-FA4C5E23CC46" /* ofxColorPicker.h */,
				"013AE5B1-117F-40C3-83DA-D53F2E3895EB" /* ofxGui.h */,
				"CB0A6C34-C51E-453A-ADD6-00A27103F651" /* ofxGuiGroup.cpp */,
				"C0AF37E5-5ED4-4741-A3A4-EE7988136634" /* ofxGuiGroup.h */,
				"21D9FF31-4E9C-45F9-A7B4-DAABBFC2881A" /* ofxGuiUtils.h */,
				"85F6F8D0-2517-40F2-8FD0-6CAC556BB155" /* ofxInputField.cpp */,
				"CE25834A-C1A9-4E07-BC20-BCD4351FF71D" /* ofxInputField.h */,
				"2BED3886-6F14-446E-811D-AE1222CE7107" /* ofxLabel.cpp */,
				"8E645502-0C07-479B-BBD4-4F190186C2F4" /* ofxLabel.h */,
				"2786DA9F-3C30-4E12-BB2D-8EC561EB6A11" /* ofxPanel.cpp */,
				"832FB418-49E7-4950-90C4-F9D82D48B79D" /* ofxPanel.h */,
				"ACD574F3-F8C1-43F5-9D1D-56B6A3E1B8D4" /* ofxSlider.cpp */,
				"8F468F0F-A4D1-41A9-BA84-6AEE185B81BA" /* ofxSlider.h */,
				"EF117D9C-792D-48D6-91C2-47D5D028CD38" /* ofxSliderGroup.cpp */,
				"D23A85AA-B024-4775-8C4A-139E8B955DD4" /* ofxSliderGroup.h */,
				"8246CE27-02B8-4BBC-912B-1385E350A4EB" /* ofxToggle.cpp */,
				"2B18CE5C-A0A8-46FA-9F1B-9149DC630334" /* ofxToggle.h */,
			);
			name = src;
			sourceTree = SOURCE_ROOT;
		};
		"93226AE0-5D3B-44F6-9F9A-0E430E3AF46D" /* libs */ = {
			isa = PBXGroup;
			children = (
				"9B79CDB7-0614-49DF-9B86-265919BB0B9B" /* oscpack */,
			);
			name = libs;
			sourceTree = SOURCE_ROOT;
		};
		"96358F87-6A6D-48CB-BE21-6AA887E9C85F" /* src */ = {
			isa = PBXGroup;
			children = (
				"67AB2DCD-582E-4523-85EF-CD195BEAA485" /* ip */,
				"D9309EF4-C68B-49EE-9380-A183AEBD245E" /* osc */,
			);
			name = src;
			sourceTree = SOURCE_ROOT;
		};
		"9B79CDB7-0614-49DF-9B86-265919BB0B9B" /* oscpack */ = {
			isa = PBXGroup;
			children = (
				"96358F87-6A6D-48CB-BE21-6AA887E9C85F" /* src */,
			);
			name = oscpack;
			sourceTree = SOURCE_ROOT;
		};
		BB4B014C10F69532006C3DED /* addons */ = {
			isa = PBXGroup;
			children = (
				"0F290DDB-771C-4909-855F-99A406151843" /* ofxGui */,
				"FE1B4027-2174-451F-A041-18C0BB21C0A1" /* ofxMadOscQuery */,
				"3AFCA541-E2FD-4792-88A5-E6EDC69FFE4F" /* ofxMidi */,
				"8C2D47EA-8400-4142-A417-B93B8E9B7AE4" /* ofxMidiDevice */,
				"F6101ED6-046E-4EAD-8B62-8C29418DE3E4" /* ofxOsc */,
			);
			name = addons;
			path = ../../../addons;
			sourceTree = SOURCE_ROOT;
		};
		"D9309EF4-C68B-49EE-9380-A183AEBD245E" /* osc */ = {
			isa = PBXGroup;
			children = (
				"85726134-64F1-4A6E-BA9D-24FC45D6D4CB" /* MessageMappingOscPacketListener.h */,
				"FFFF8382-77E0-4C53-8331-A7DE2BAF1088" /* OscException.h */,
				"65EBF6E3-7BE0-488A-BBAA-72E853B35775" /* OscHostEndianness.h */,
				"ACD23CB6-C375-4FC6-816E-F0825206A10D" /* OscOutboundPacketStream.cpp */,
				"B318C48B-9A5E-4564-BF4C-8000987BC324" /* OscOutboundPacketStream.h */,
				"347373ED-C383-4C2F-97C7-40CD43E1E995" /* OscPacketListener.h */,
				"2DD84DFF-2B06-450D-87B9-C54CB335F77F" /* OscPrintReceivedElements.cpp */,
				"E1FD7832-7F4E-4CDC-B313-31FFBBA0979F" /* OscPrintReceivedElements.h */,
				"92760B21-337E-4079-A0BD-B5CD94CFA5CE" /* OscReceivedElements.cpp */,
				"947C3783-4F44-40D5-8556-8D7A8B20BC1A" /* OscReceivedElements.h */,
				"33A1EF9A-D4AA-4AFF-A683-607905EEA3E3" /* OscTypes.cpp */,
				"9AEFC215-8D91-4BC5-96DE-5F654A6734BE" /* OscTypes.h */,
			);
			name = osc;
			sourceTree = SOURCE_ROOT;
		};
		E4B69B4A0A3A1720003C02F2 = {
			isa = PBXGroup;
			children = (
				191CD6FA2847E21E0085CBB6 /* of.entitlements */,
				E4B6FCAD0C3E899E008CF71C /* openFrameworks-Info.plist */,
				E4EB6923138AFD0F00A09F29 /* Project.xcconfig */,
				E4B69E1C0A3A1BDC003C02F2 /* src */,
				191EF70929D778A400F35F26 /* openFrameworks */,
				BB4B014C10F69532006C3DED /* addons */,
				E4B69B5B0A3A1756003C02F2 /* MadMapperControl_MM6_V2Debug.app */,
				"4273A102-84EB-4E31-80AE-9DBB6B8BE2DE" /* bin/data */,
				FF407D9F2F16D563008504FA /* Frameworks */,
			);
			sourceTree = "<group>";
		};
		E4B69E1C0A3A1BDC003C02F2 /* src */ = {
			isa = PBXGroup;
			children = (
				E4B69E1D0A3A1BDC003C02F2 /* main.cpp */,
				E4B69E1E0A3A1BDC003C02F2 /* ofApp.cpp */,
				E4B69E1F0A3A1BDC003C02F2 /* ofApp.h */,
			);
			path = src;
			sourceTree = SOURCE_ROOT;
		};
		"E94226AD-1D32-433C-BD27-E34BC70D41A9" /* libs */ = {
			isa = PBXGroup;
			children = (
				"22DACC64-CE96-41F7-915D-3AA00E6D66D9" /* rtmidi */,
			);
			name = libs;
			sourceTree = SOURCE_ROOT;
		};
		"F6101ED6-046E-4EAD-8B62-8C29418DE3E4" /* ofxOsc */ = {
			isa = PBXGroup;
			children = (
				"93226AE0-5D3B-44F6-9F9A-0E430E3AF46D" /* libs */,
				"5838ECD2-33FB-4D9E-9102-EF0EAD9BD01E" /* src */,
			);
			name = ofxOsc;
			sourceTree = SOURCE_ROOT;
		};
		"FE1B4027-2174-451F-A041-18C0BB21C0A1" /* ofxMadOscQuery */ = {
			isa = PBXGroup;
			children = (
				"64A15852-9E11-4A38-9321-9D25630A4DF3" /* src */,
			);
			name = ofxMadOscQuery;
			sourceTree = SOURCE_ROOT;
		};
		FF407D9F2F16D563008504FA /* Frameworks */ = {
			isa = PBXGroup;
			children = (
				FF407DA02F16D563008504FA /* libusb-1.0.0.dylib */,
			);
			name = Frameworks;
			sourceTree = "<group>";
		};
/* End PBXGroup section */

/* Begin PBXNativeTarget section */
		E4B69B5A0A3A1756003C02F2 /* MadMapperControl_MM6_V2 */ = {
			isa = PBXNativeTarget;
			buildConfigurationList = E4B69B5F0A3A1757003C02F2 /* Build configuration list for PBXNativeTarget "MadMapperControl_MM6_V2" */;
			buildPhases = (
				E42962A92163ECCD00A6A9E2 /* Run Script — Compile OF */,
				E4B69B580A3A1756003C02F2 /* Sources */,
				E4B69B590A3A1756003C02F2 /* Frameworks */,
				E4C2427710CC5ABF004149E2 /* CopyFiles */,
				E4A5B60F29BAAAE400C2D356 /* CopyFiles */,
				19B789C429E5AB4A0082E9B8 /* ShellScript */,
			);
			buildRules = (
			);
			dependencies = (
			);
			name = MadMapperControl_MM6_V2;
			productName = myOFApp;
			productReference = E4B69B5B0A3A1756003C02F2 /* MadMapperControl_MM6_V2Debug.app */;
			productType = "com.apple.product-type.application";
		};
/* End PBXNativeTarget section */

/* Begin PBXProject section */
		E4B69B4C0A3A1720003C02F2 /* Project object */ = {
			isa = PBXProject;
			attributes = {
				BuildIndependentTargetsInParallel = YES;
				LastUpgradeCheck = 1540;
			};
			buildConfigurationList = E4B69B4D0A3A1720003C02F2 /* Build configuration list for PBXProject "MadMapperControl_MM6_V2" */;
			compatibilityVersion = "Xcode 3.2";
			developmentRegion = en;
			hasScannedForEncodings = 0;
			knownRegions = (
				en,
				Base,
			);
			mainGroup = E4B69B4A0A3A1720003C02F2;
			productRefGroup = E4B69B4A0A3A1720003C02F2;
			projectDirPath = "";
			projectRoot = "";
			targets = (
				E4B69B5A0A3A1756003C02F2 /* MadMapperControl_MM6_V2 */,
			);
		};
/* End PBXProject section */

/* Begin PBXShellScriptBuildPhase section */
		19B789C429E5AB4A0082E9B8 /* ShellScript */ = {
			isa = PBXShellScriptBuildPhase;
			alwaysOutOfDate = 1;
			buildActionMask = 2147483647;
			files = (
			);
			inputFileListPaths = (
			);
			inputPaths = (
			);
			outputFileListPaths = (
			);
			outputPaths = (
			);
			runOnlyForDeploymentPostprocessing = 0;
			shellPath = /bin/sh;
			shellScript = "\"$OF_PATH/scripts/osx/xcode_project.sh\"\n";
			showEnvVarsInLog = 0;
		};
		E42962A92163ECCD00A6A9E2 /* Run Script — Compile OF */ = {
			isa = PBXShellScriptBuildPhase;
			alwaysOutOfDate = 1;
			buildActionMask = 2147483647;
			files = (
			);
			inputPaths = (
			);
			name = "Run Script — Compile OF";
			outputPaths = (
			);
			runOnlyForDeploymentPostprocessing = 0;
			shellPath = /bin/sh;
			shellScript = "$OF_CORE_BUILD_COMMAND\n";
			showEnvVarsInLog = 0;
		};
/* End PBXShellScriptBuildPhase section */

/* Begin PBXSourcesBuildPhase section */
		E4B69B580A3A1756003C02F2 /* Sources */ = {
			isa = PBXSourcesBuildPhase;
			buildActionMask = 2147483647;
			files = (
				E4B69E200A3A1BDC003C02F2 /* main.cpp in Sources */,
				E4B69E210A3A1BDC003C02F2 /* ofApp.cpp in Sources */,
				"5F37142C-305F-43D7-BE9D-B53CF3005599" /* ofxBaseGui.cpp in Sources */,
				"B70AFA98-75E5-4CFE-8C18-A7CF41725B5C" /* ofxButton.cpp in Sources */,
				"9F024B3F-EAE7-47D0-BA87-36A32422BEC7" /* ofxColorPicker.cpp in Sources */,
				"84280F04-AF3D-4B18-B77A-0EB65BE59AFD" /* ofxGuiGroup.cpp in Sources */,
				FF149CB82F15A8650048BD8C /* PlatformMSurface.cpp in Sources */,
				FF149CB92F15A8650048BD8C /* ofxMidiDevice.cpp in Sources */,
				FF149CBA2F15A8650048BD8C /* Faderport16Surface.cpp in Sources */,
				FF149CBB2F15A8650048BD8C /* LaunchpadSurface.cpp in Sources */,
				"5640532E-53C3-4FDD-9426-A340CC2697D7" /* ofxInputField.cpp in Sources */,
				"77FE41D6-9320-4FE1-B477-E2C83619862A" /* ofxLabel.cpp in Sources */,
				"DBDCADA0-DE09-4D02-AA91-4A7CCD4EDD17" /* ofxPanel.cpp in Sources */,
				"7C40A3C3-07C3-4BE3-A0BC-66BC0A098A37" /* ofxSlider.cpp in Sources */,
				"3C82384B-1384-4AF5-BCF7-B55E5C0128CC" /* ofxSliderGroup.cpp in Sources */,
				"31A9A1E4-E0B5-476D-86E4-05C1EA9FD6AB" /* ofxToggle.cpp in Sources */,
				"F8B525CC-C068-478D-8893-28599FA36CC8" /* ofxMadOscQuery.cpp in Sources */,
				"E45323C3-3980-4A3E-B9A2-EC45F2D4B554" /* RtMidi.cpp in Sources */,
				"938FB15C-E19B-4EED-8473-4DC00838970D" /* ofxRtMidiIn.cpp in Sources */,
				"D5D7711C-B459-4809-B0A8-A7E52DB499EF" /* ofxRtMidiOut.cpp in Sources */,
				FF149CC12F15BF490048BD8C /* PushDisplayTransport.cpp in Sources */,
				"E92C502C-2E80-4AEE-8DB3-AA465D042E7F" /* ofxBaseMidi.cpp in Sources */,
				"9428833E-1B42-4A7A-861A-53AB63127B60" /* ofxMidi.cpp in Sources */,
				"17990F2B-B869-4E16-8D7D-ADB58E65DAAF" /* ofxMidiClock.cpp in Sources */,
				"A5F8F88D-BC6F-4E16-91CB-EF6D87CBB462" /* ofxMidiIn.cpp in Sources */,
				"98D8916A-1C85-4DDD-848C-0A5338121691" /* ofxMidiMessage.cpp in Sources */,
				"EE4403E0-4F01-4138-9AC0-C13D5EA61C97" /* ofxMidiOut.cpp in Sources */,
				"2D63A874-2EF2-4E5C-91B0-4B94B597EC37" /* ofxMidiTimecode.cpp in Sources */,
				"61FD526D-4500-47E3-8BCF-E6584686E4AC" /* /System/Library/Frameworks/CoreMIDI.framework in Sources */,
				"95C84A76-D7DA-46CC-9ABD-10EC7FE7FA58" /* IpEndpointName.cpp in Sources */,
				"D0908BE6-075C-4579-A9B3-E465FF5C8699" /* NetworkingUtils.cpp in Sources */,
				"1500EC11-7B9F-4438-9279-38A0F8C8D5A4" /* UdpSocket.cpp in Sources */,
				"BA193AF6-B653-4E87-B718-9A05AB578EFD" /* OscOutboundPacketStream.cpp in Sources */,
				"C8715F39-88C8-4EA3-A46E-5F968BBF5525" /* OscPrintReceivedElements.cpp in Sources */,
				"3AF0C4DD-8B18-42E6-88DA-DC65F4BEDC6E" /* OscReceivedElements.cpp in Sources */,
				"7A0D43B5-D02C-4D00-9071-B330241D9A27" /* OscTypes.cpp in Sources */,
				"4AE75049-FE0A-49BE-9342-6715B2CD3865" /* ofxOscBundle.cpp in Sources */,
				"FF40C44E-C85F-4D95-8E03-3404398A486A" /* ofxOscMessage.cpp in Sources */,
				FF149CBE2F15BAEC0048BD8C /* Push3Surface.cpp in Sources */,
				"697FE66A-EF1D-4308-9750-A5F99AA35130" /* ofxOscParameterSync.cpp in Sources */,
				"BB12800E-3AAB-40A4-AA6D-D1BA08B54191" /* ofxOscReceiver.cpp in Sources */,
				"86DD9E54-B6A3-4831-96D2-1A7F952FB1D0" /* ofxOscSender.cpp in Sources */,
			);
			runOnlyForDeploymentPostprocessing = 0;
		};
/* End PBXSourcesBuildPhase section */

/* Begin XCBuildConfiguration section */
		E4B69B4E0A3A1720003C02F2 /* Debug */ = {
			isa = XCBuildConfiguration;
			baseConfigurationReference = E4EB6923138AFD0F00A09F29 /* Project.xcconfig */;
			buildSettings = {
				CODE_SIGN_ENTITLEMENTS = of.entitlements;
				COPY_PHASE_STRIP = NO;
				ENABLE_TESTABILITY = YES;
				GCC_OPTIMIZATION_LEVEL = 0;
				GCC_WARN_UNUSED_VARIABLE = NO;
				HEADER_SEARCH_PATHS = (
					"$(OF_CORE_HEADERS)",
					src,
				);
				OTHER_CPLUSPLUSFLAGS = "-D__MACOSX_CORE__";
			};
			name = Debug;
		};
		E4B69B4F0A3A1720003C02F2 /* Release */ = {
			isa = XCBuildConfiguration;
			baseConfigurationReference = E4EB6923138AFD0F00A09F29 /* Project.xcconfig */;
			buildSettings = {
				CODE_SIGN_ENTITLEMENTS = of.entitlements;
				COPY_PHASE_STRIP = YES;
				GCC_OPTIMIZATION_LEVEL = 3;
				GCC_UNROLL_LOOPS = YES;
				HEADER_SEARCH_PATHS = (
					"$(OF_CORE_HEADERS)",
					src,
				);
				OTHER_CPLUSPLUSFLAGS = "-D__MACOSX_CORE__";
			};
			name = Release;
		};
		E4B69B600A3A1757003C02F2 /* Debug */ = {
			isa = XCBuildConfiguration;
			baseConfigurationReference = E4EB6923138AFD0F00A09F29 /* Project.xcconfig */;
			buildSettings = {
				ARCHS = "$(ARCHS_STANDARD)";
				COPY_PHASE_STRIP = NO;
				FRAMEWORK_SEARCH_PATHS = (
					"$(inherited)",
					/System/Library/Frameworks,
				);
				GCC_DYNAMIC_NO_PIC = NO;
				HEADER_SEARCH_PATHS = (
					"$(OF_CORE_HEADERS)",
					src,
					src,
					../../../addons/ofxGui/src,
					../../../addons/ofxMadOscQuery/src,
					../../../addons/ofxMidi/libs,
					../../../addons/ofxMidi/libs/pgmidi,
					../../../addons/ofxMidi/libs/rtmidi,
					../../../addons/ofxMidi/src,
					../../../addons/ofxMidi/src/desktop,
					../../../addons/ofxMidi/src/ios,
					../../../addons/ofxMidiDevice/src,
					../../../addons/ofxOsc/libs,
					../../../addons/ofxOsc/libs/oscpack,
					../../../addons/ofxOsc/libs/oscpack/src,
					../../../addons/ofxOsc/libs/oscpack/src/ip,
					../../../addons/ofxOsc/libs/oscpack/src/ip/posix,
					../../../addons/ofxOsc/libs/oscpack/src/osc,
					../../../addons/ofxOsc/src,
					/usr/local/include,
				);
				LIBRARY_SEARCH_PATHS = (
					"$(inherited)",
					/usr/local/Cellar/libusb/1.0.29/lib,
					"/usr/local/lib/**",
				);
				OTHER_LDFLAGS = (
					"$(OF_CORE_LIBS)",
					"$(OF_CORE_FRAMEWORKS)",
					"$(LIB_OF_DEBUG)",
				);
			};
			name = Debug;
		};
		E4B69B610A3A1757003C02F2 /* Release */ = {
			isa = XCBuildConfiguration;
			baseConfigurationReference = E4EB6923138AFD0F00A09F29 /* Project.xcconfig */;
			buildSettings = {
				ARCHS = "$(ARCHS_STANDARD)";
				COPY_PHASE_STRIP = YES;
				FRAMEWORK_SEARCH_PATHS = (
					"$(inherited)",
					/System/Library/Frameworks,
				);
				HEADER_SEARCH_PATHS = (
					"$(OF_CORE_HEADERS)",
					src,
					src,
					../../../addons/ofxGui/src,
					../../../addons/ofxMadOscQuery/src,
					../../../addons/ofxMidi/libs,
					../../../addons/ofxMidi/libs/pgmidi,
					../../../addons/ofxMidi/libs/rtmidi,
					../../../addons/ofxMidi/src,
					../../../addons/ofxMidi/src/desktop,
					../../../addons/ofxMidi/src/ios,
					../../../addons/ofxMidiDevice/src,
					../../../addons/ofxOsc/libs,
					../../../addons/ofxOsc/libs/oscpack,
					../../../addons/ofxOsc/libs/oscpack/src,
					../../../addons/ofxOsc/libs/oscpack/src/ip,
					../../../addons/ofxOsc/libs/oscpack/src/ip/posix,
					../../../addons/ofxOsc/libs/oscpack/src/osc,
					../../../addons/ofxOsc/src,
					/usr/local/include,
				);
				LIBRARY_SEARCH_PATHS = (
					"$(inherited)",
					/usr/local/Cellar/libusb/1.0.29/lib,
					"/usr/local/lib/**",
				);
				OTHER_LDFLAGS = (
					"$(OF_CORE_LIBS)",
					"$(OF_CORE_FRAMEWORKS)",
					"$(LIB_OF_RELEASE)",
				);
				baseConfigurationReference = E4EB6923138AFD0F00A09F29;
			};
			name = Release;
		};
/* End XCBuildConfiguration section */

/* Begin XCConfigurationList section */
		E4B69B4D0A3A1720003C02F2 /* Build configuration list for PBXProject "MadMapperControl_MM6_V2" */ = {
			isa = XCConfigurationList;
			buildConfigurations = (
				E4B69B4E0A3A1720003C02F2 /* Debug */,
				E4B69B4F0A3A1720003C02F2 /* Release */,
			);
			defaultConfigurationIsVisible = 0;
			defaultConfigurationName = Release;
		};
		E4B69B5F0A3A1757003C02F2 /* Build configuration list for PBXNativeTarget "MadMapperControl_MM6_V2" */ = {
			isa = XCConfigurationList;
			buildConfigurations = (
				E4B69B600A3A1757003C02F2 /* Debug */,
				E4B69B610A3A1757003C02F2 /* Release */,
			);
			defaultConfigurationIsVisible = 0;
			defaultConfigurationName = Release;
		};
/* End XCConfigurationList section */
	};
	rootObject = E4B69B4C0A3A1720003C02F2 /* Project object */;
}
