{
	"archiveVersion": "1",
	"classes": {},
	"objectVersion": "54",
	"objects": {
		"03239F92-8046-4EBE-A911-3AF6A2756E70": {
			"children": [
				"58FC028D-216D-4BEE-95B9-57AE9026B3C2",
				"06EC972A-E42A-401B-A784-66ADE4E7CAE7",
				"6923ED91-6FD8-467C-B49F-F048B1102B68",
				"7C67D323-CC78-4002-BDE8-D81D44D77E37",
				"6651D912-B742-46B0-BA1F-385AE6355F86",
				"5529F3FD-5DF9-4B17-90A7-14B4004D2833",
				"A7D5D3F8-AA18-48C8-A605-7A61F0516A49",
				"AB890B32-A402-44D4-BC98-95198ABC377A",
				"62D9AED7-9AA8-45F5-9548-92BF9E069F5C",
				"3EE45FCC-F8E9-4CF4-8761-E1E338F6B834",
				"4ACEDA2B-D35B-4E44-A178-7B617F339215",
				"53CF726A-BB86-4006-8094-52478EC9F2DD",
				"8C338869-18A4-4D63-84CA-B477BFAC107E",
				"C563ED4B-800B-4603-96EE-F44C7E19F7A8",
				"95F8319D-8089-44B3-9FF9-AB5B074DA0FC",
				"F42249B9-6D73-4C10-B5E3-B2C35ACDACE2",
				"502FEB1F-8D9F-45ED-864D-4763214E2350"
			],
			"isa": "PBXGroup",
			"name": "src",
			"sourceTree": "SOURCE_ROOT"
		},
		"04E7E717-9DF2-48B4-8E4F-7884B3D6DCF4": {
			"children": [
				"E64F8029-3E0A-4D4C-A3C2-D76AF831B823",
				"03239F92-8046-4EBE-A911-3AF6A2756E70",
				"CBDDD8E2-9CE0-4CBA-ADC3-4F36EACC3119"
			],
			"isa": "PBXGroup",
			"name": "ofxMidi",
			"sourceTree": "SOURCE_ROOT"
		},
		"06EC972A-E42A-401B-A784-66ADE4E7CAE7": {
			"fileEncoding": "4",
			"isa": "PBXFileReference",
			"lastKnownFileType": "sourcecode.cpp.cpp",
			"name": "ofxBaseMidi.cpp",
			"path": "../../../addons/ofxMidi/src/ofxBaseMidi.cpp",
			"sourceTree": "SOURCE_ROOT"
		},
		"07EE25B2-30DC-4D88-9A45-AD96BE6D8181": {
			"children": [
				"721CC6E1-FE2E-42B1-9A09-A83A054A9D7E"
			],
			"isa": "PBXGroup",
			"name": "ofxMadOscQuery",
			"sourceTree": "SOURCE_ROOT"
		},
		"0825F470-9A2F-4A9D-8243-CE0E5373D8D0": {
			"fileEncoding": "4",
			"isa": "PBXFileReference",
			"lastKnownFileType": "sourcecode.cpp.cpp",
			"name": "Faderport16Surface.cpp",
			"path": "../../../addons/ofxMidiDevice/src/Faderport16Surface.cpp",
			"sourceTree": "SOURCE_ROOT"
		},
		"09BE1914-EC40-4EA9-84DC-EEE1C123EF38": {
			"children": [
				"B6B21C09-41EA-44C8-A922-B7FFE3AA6B2E",
				"B18497DB-DD2A-449F-AFD1-19218C708A78"
			],
			"isa": "PBXGroup",
			"name": "posix",
			"sourceTree": "SOURCE_ROOT"
		},
		"0B71C2F9-9552-4A13-A2BC-7E15F0C72841": {
			"fileRef": "797B09A2-CE37-46CD-85AD-E0974826C0B5",
			"isa": "PBXBuildFile"
		},
		"11922AB4-0B0F-4B53-804B-7B2A4E875867": {
			"fileEncoding": "4",
			"isa": "PBXFileReference",
			"lastKnownFileType": "sourcecode.cpp.cpp",
			"name": "ofxOscBundle.cpp",
			"path": "../../../addons/ofxOsc/src/ofxOscBundle.cpp",
			"sourceTree": "SOURCE_ROOT"
		},
		"126E4320-479A-4055-95BA-7036B486017D": {
			"fileRef": "11922AB4-0B0F-4B53-804B-7B2A4E875867",
			"isa": "PBXBuildFile"
		},
		"1653ED22-2364-4D60-A769-CE57D8286877": {
			"fileEncoding": "4",
			"isa": "PBXFileReference",
			"lastKnownFileType": "sourcecode.cpp.h",
			"name": "MidiControlSurface.h",
			"path": "../../../addons/ofxMidiDevice/src/MidiControlSurface.h",
			"sourceTree": "SOURCE_ROOT"
		},
		"16B41441-E031-4CAF-BA66-F190242C87A0": {
			"fileEncoding": "4",
			"isa": "PBXFileReference",
			"lastKnownFileType": "sourcecode.cpp.cpp",
			"name": "PlatformMSurface.cpp",
			"path": "../../../addons/ofxMidiDevice/src/PlatformMSurface.cpp",
			"sourceTree": "SOURCE_ROOT"
		},
		"191CD6FA2847E21E0085CBB6": {
			"fileEncoding": "4",
			"isa": "PBXFileReference",
			"lastKnownFileType": "text.plist.entitlements",
			"path": "of.entitlements",
			"sourceTree": "<group>"
		},
		"191EF70929D778A400F35F26": {
			"isa": "PBXFileReference",
			"lastKnownFileType": "folder",
			"name": "openFrameworks",
			"path": "../../../libs/openFrameworks",
			"sourceTree": "SOURCE_ROOT"
		},
		"19B789C429E5AB4A0082E9B8": {
			"alwaysOutOfDate": "1",
			"buildActionMask": "2147483647",
			"files": [],
			"inputFileListPaths": [],
			"inputPaths": [],
			"isa": "PBXShellScriptBuildPhase",
			"outputFileListPaths": [],
			"outputPaths": [],
			"runOnlyForDeploymentPostprocessing": "0",
			"shellPath": "/bin/sh",
			"shellScript": "\"$OF_PATH/scripts/osx/xcode_project.sh\"\n",
			"showEnvVarsInLog": "0"
		},
		"1B95C37C-4D6B-47C0-B11A-7489916EFC3D": {
			"fileEncoding": "4",
			"isa": "PBXFileReference",
			"lastKnownFileType": "sourcecode.cpp.cpp",
			"name": "ofxPanel.cpp",
			"path": "../../../addons/ofxGui/src/ofxPanel.cpp",
			"sourceTree": "SOURCE_ROOT"
		},
		"1E095F23-94F0-4B5F-A92F-488B06165E8C": {
			"fileEncoding": "4",
			"isa": "PBXFileReference",
			"lastKnownFileType": "sourcecode.cpp.cpp",
			"name": "LaunchpadSurface.cpp",
			"path": "../../../addons/ofxMidiDevice/src/LaunchpadSurface.cpp",
			"sourceTree": "SOURCE_ROOT"
		},
		"2021EAC2-9613-4854-BD62-DD4C48167B4C": {
			"fileEncoding": "4",
			"isa": "PBXFileReference",
			"lastKnownFileType": "sourcecode.cpp.h",
			"name": "ofxGuiGroup.h",
			"path": "../../../addons/ofxGui/src/ofxGuiGroup.h",
			"sourceTree": "SOURCE_ROOT"
		},
		"21FF8EBC-45C3-4E98-8FCD-88721B165912": {
			"fileRef": "95F8319D-8089-44B3-9FF9-AB5B074DA0FC",
			"isa": "PBXBuildFile"
		},
		"22C61B8A-BCA3-4C64-8D1F-19CAD2BBB990": {
			"fileEncoding": "4",
			"isa": "PBXFileReference",
			"lastKnownFileType": "sourcecode.cpp.h",
			"name": "ofxSlider.h",
			"path": "../../../addons/ofxGui/src/ofxSlider.h",
			"sourceTree": "SOURCE_ROOT"
		},
		"25C08839-DA05-4CEF-91A6-7721C8133BA5": {
			"fileEncoding": "4",
			"isa": "PBXFileReference",
			"lastKnownFileType": "sourcecode.cpp.h",
			"name": "ofxInputField.h",
			"path": "../../../addons/ofxGui/src/ofxInputField.h",
			"sourceTree": "SOURCE_ROOT"
		},
		"277D070C-CFA3-4B9C-923C-FF692FE17404": {
			"fileRef": "EF6D1F6A-64AE-41BD-9C7B-5A9A2068EA54",
			"isa": "PBXBuildFile"
		},
		"29AD2A99-90CA-4F5D-95EF-E0D39C2C9B78": {
			"fileEncoding": "4",
			"isa": "PBXFileReference",
			"lastKnownFileType": "sourcecode.cpp.cpp",
			"name": "OscPrintReceivedElements.cpp",
			"path": "../../../addons/ofxOsc/libs/oscpack/src/osc/OscPrintReceivedElements.cpp",
			"sourceTree": "SOURCE_ROOT"
		},
		"2B2950A8-E8F9-47A5-9E9E-DF7523BFA9C4": {
			"fileEncoding": "4",
			"isa": "PBXFileReference",
			"lastKnownFileType": "sourcecode.cpp.h",
			"name": "PushDisplayTransport.h",
			"path": "../../../addons/ofxMidiDevice/src/PushDisplayTransport.h",
			"sourceTree": "SOURCE_ROOT"
		},
		"342D5144-2A21-4101-A07B-763BB91943BB": {
			"fileEncoding": "4",
			"isa": "PBXFileReference",
			"lastKnownFileType": "sourcecode.cpp.cpp",
			"name": "ofxMadOscQuery.cpp",
			"path": "../../../addons/ofxMadOscQuery/src/ofxMadOscQuery.cpp",
			"sourceTree": "SOURCE_ROOT"
		},
		"349548E9-AA00-49F3-A97B-6CF1F5724C2D": {
			"fileRef": "EF2DAB77-8480-4358-B090-4455F6C863F9",
			"isa": "PBXBuildFile"
		},
		"3603F000-A16B-4EF5-A784-AB3A4DF672A1": {
			"fileEncoding": "4",
			"isa": "PBXFileReference",
			"lastKnownFileType": "sourcecode.cpp.h",
			"name": "ofxSliderGroup.h",
			"path": "../../../addons/ofxGui/src/ofxSliderGroup.h",
			"sourceTree": "SOURCE_ROOT"
		},
		"38C4B7E9-E7D0-484A-8CBB-3B30FE6F9362": {
			"fileEncoding": "4",
			"isa": "PBXFileReference",
			"lastKnownFileType": "sourcecode.cpp.h",
			"name": "Defines.h",
			"path": "../../../addons/ofxMidiDevice/src/Defines.h",
			"sourceTree": "SOURCE_ROOT"
		},
		"38C9334B-8D5A-4D30-92F7-097625CCD75F": {
			"fileEncoding": "4",
			"isa": "PBXFileReference",
			"lastKnownFileType": "sourcecode.cpp.h",
			"name": "ofxRtMidiOut.h",
			"path": "../../../addons/ofxMidi/src/desktop/ofxRtMidiOut.h",
			"sourceTree": "SOURCE_ROOT"
		},
		"39340D4F-3063-456E-868C-61C5B40F46CC": {
			"children": [
				"D5D78BAE-EFEF-4AB8-A107-BAE31C727E1B",
				"C8B0758D-1CB1-47EE-AA10-BADB656E3430"
			],
			"isa": "PBXGroup",
			"name": "ofxOsc",
			"sourceTree": "SOURCE_ROOT"
		},
		"39510B33-38A5-4B02-AEE1-731541711518": {
			"fileRef": "B18497DB-DD2A-449F-AFD1-19218C708A78",
			"isa": "PBXBuildFile"
		},
		"3A7B1262-542D-4833-AA3F-9ECB92E5F190": {
			"fileEncoding": "4",
			"isa": "PBXFileReference",
			"lastKnownFileType": "sourcecode.cpp.h",
			"name": "ofxBaseGui.h",
			"path": "../../../addons/ofxGui/src/ofxBaseGui.h",
			"sourceTree": "SOURCE_ROOT"
		},
		"3AAF2AEB-EB92-43E1-AE35-DC9A145BE29E": {
			"children": [
				"4C9F6562-88A5-4AF2-8519-9AA5947DABF0",
				"6A06ACCC-A0F3-4659-9908-2F2F864F20E9"
			],
			"isa": "PBXGroup",
			"name": "rtmidi",
			"sourceTree": "SOURCE_ROOT"
		},
		"3EE45FCC-F8E9-4CF4-8761-E1E338F6B834": {
			"fileEncoding": "4",
			"isa": "PBXFileReference",
			"lastKnownFileType": "sourcecode.cpp.h",
			"name": "ofxMidiIn.h",
			"path": "../../../addons/ofxMidi/src/ofxMidiIn.h",
			"sourceTree": "SOURCE_ROOT"
		},
		"3F10C6E9-1A22-4ABE-B2C0-7C1B7856FAB7": {
			"children": [
				"C8DBF082-09AF-4677-A33A-2C67F1092E73",
				"3A7B1262-542D-4833-AA3F-9ECB92E5F190",
				"EF6D1F6A-64AE-41BD-9C7B-5A9A2068EA54",
				"4A106B44-1DD6-4162-B96F-F1A61971A035",
				"B3A615DA-A301-4A4B-B4B9-B0884F1D4C33",
				"D449E320-207C-401D-B239-89514A3DBD74",
				"83B1EB66-DA99-453A-8D3C-5A100E9C7A5B",
				"6F7C01DB-650E-4B8C-AFB6-DC4AFF8DC0A9",
				"2021EAC2-9613-4854-BD62-DD4C48167B4C",
				"BB98054A-C1A4-486C-87E6-180D265E2C97",
				"E61C5011-AE8F-485A-97E0-9CA691921EAA",
				"25C08839-DA05-4CEF-91A6-7721C8133BA5",
				"5C0043C2-0C64-46E8-A316-BD28055153EF",
				"7C184ECC-EC39-44D9-BFD7-F919DCB6CA91",
				"1B95C37C-4D6B-47C0-B11A-7489916EFC3D",
				"BBD9CF55-81EF-45A7-9EF1-FD0DA0FBC458",
				"5842FADD-5B33-4A36-98AB-369C40144804",
				"22C61B8A-BCA3-4C64-8D1F-19CAD2BBB990",
				"5628FCB5-1CBD-4B74-AB1E-9424FEF8C24A",
				"3603F000-A16B-4EF5-A784-AB3A4DF672A1",
				"E5A09EE7-095C-4821-9D58-3A5767A2B1F6",
				"FEA390D0-A5DA-4BD6-9650-76F4897EC5B5"
			],
			"isa": "PBXGroup",
			"name": "src",
			"sourceTree": "SOURCE_ROOT"
		},
		"41B4BCE5-5C5D-436A-A4D9-ED5F178469C1": {
			"fileRef": "6F7C01DB-650E-4B8C-AFB6-DC4AFF8DC0A9",
			"isa": "PBXBuildFile"
		},
		"42E69A13-72E7-43F4-A2E6-0BEAD96A2B0B": {
			"fileEncoding": "4",
			"isa": "PBXFileReference",
			"lastKnownFileType": "sourcecode.cpp.h",
			"name": "OscReceivedElements.h",
			"path": "../../../addons/ofxOsc/libs/oscpack/src/osc/OscReceivedElements.h",
			"sourceTree": "SOURCE_ROOT"
		},
		"46EAA82C-405C-47D0-809B-3AD5EA66ABD6": {
			"fileEncoding": "4",
			"isa": "PBXFileReference",
			"lastKnownFileType": "sourcecode.cpp.cpp",
			"name": "OscOutboundPacketStream.cpp",
			"path": "../../../addons/ofxOsc/libs/oscpack/src/osc/OscOutboundPacketStream.cpp",
			"sourceTree": "SOURCE_ROOT"
		},
		"481A8BC1-E555-4750-98DF-9F523A0B7899": {
			"fileEncoding": "4",
			"isa": "PBXFileReference",
			"lastKnownFileType": "sourcecode.cpp.cpp",
			"name": "ofxRtMidiIn.cpp",
			"path": "../../../addons/ofxMidi/src/desktop/ofxRtMidiIn.cpp",
			"sourceTree": "SOURCE_ROOT"
		},
		"4A106B44-1DD6-4162-B96F-F1A61971A035": {
			"fileEncoding": "4",
			"isa": "PBXFileReference",
			"lastKnownFileType": "sourcecode.cpp.h",
			"name": "ofxButton.h",
			"path": "../../../addons/ofxGui/src/ofxButton.h",
			"sourceTree": "SOURCE_ROOT"
		},
		"4ACEDA2B-D35B-4E44-A178-7B617F339215": {
			"fileEncoding": "4",
			"isa": "PBXFileReference",
			"lastKnownFileType": "sourcecode.cpp.cpp",
			"name": "ofxMidiMessage.cpp",
			"path": "../../../addons/ofxMidi/src/ofxMidiMessage.cpp",
			"sourceTree": "SOURCE_ROOT"
		},
		"4C45D509-6E45-4F40-883B-D38F958504FF": {
			"fileRef": "E5A09EE7-095C-4821-9D58-3A5767A2B1F6",
			"isa": "PBXBuildFile"
		},
		"4C9F6562-88A5-4AF2-8519-9AA5947DABF0": {
			"fileEncoding": "4",
			"isa": "PBXFileReference",
			"lastKnownFileType": "sourcecode.cpp.cpp",
			"name": "RtMidi.cpp",
			"path": "../../../addons/ofxMidi/libs/rtmidi/RtMidi.cpp",
			"sourceTree": "SOURCE_ROOT"
		},
		"4F828CA6-D375-4C54-8F66-210F216C2038": {
			"fileEncoding": "4",
			"isa": "PBXFileReference",
			"lastKnownFileType": "sourcecode.cpp.cpp",
			"name": "OscTypes.cpp",
			"path": "../../../addons/ofxOsc/libs/oscpack/src/osc/OscTypes.cpp",
			"sourceTree": "SOURCE_ROOT"
		},
		"502FEB1F-8D9F-45ED-864D-4763214E2350": {
			"fileEncoding": "4",
			"isa": "PBXFileReference",
			"lastKnownFileType": "sourcecode.cpp.h",
			"name": "ofxMidiTypes.h",
			"path": "../../../addons/ofxMidi/src/ofxMidiTypes.h",
			"sourceTree": "SOURCE_ROOT"
		},
		"53CF726A-BB86-4006-8094-52478EC9F2DD": {
			"fileEncoding": "4",
			"isa": "PBXFileReference",
			"lastKnownFileType": "sourcecode.cpp.h",
			"name": "ofxMidiMessage.h",
			"path": "../../../addons/ofxMidi/src/ofxMidiMessage.h",
			"sourceTree": "SOURCE_ROOT"
		},
		"54B4F2AE-F53B-4C19-B1CC-C0B0B18F5F22": {
			"fileEncoding": "4",
			"isa": "PBXFileReference",
			"lastKnownFileType": "sourcecode.cpp.h",
			"name": "OscTypes.h",
			"path": "../../../addons/ofxOsc/libs/oscpack/src/osc/OscTypes.h",
			"sourceTree": "SOURCE_ROOT"
		},
		"5529F3FD-5DF9-4B17-90A7-14B4004D2833": {
			"fileEncoding": "4",
			"isa": "PBXFileReference",
			"lastKnownFileType": "sourcecode.cpp.cpp",
			"name": "ofxMidiClock.cpp",
			"path": "../../../addons/ofxMidi/src/ofxMidiClock.cpp",
			"sourceTree": "SOURCE_ROOT"
		},
		"552E210A-B9C9-48D4-A3D5-2B7DEEFE199C": {
			"fileRef": "5842FADD-5B33-4A36-98AB-369C40144804",
			"isa": "PBXBuildFile"
		},
		"5628FCB5-1CBD-4B74-AB1E-9424FEF8C24A": {
			"fileEncoding": "4",
			"isa": "PBXFileReference",
			"lastKnownFileType": "sourcecode.cpp.cpp",
			"name": "ofxSliderGroup.cpp",
			"path": "../../../addons/ofxGui/src/ofxSliderGroup.cpp",
			"sourceTree": "SOURCE_ROOT"
		},
		"56D98FBE-7DDE-4DDD-8B3C-32CF27832D7A": {
			"fileRef": "4F828CA6-D375-4C54-8F66-210F216C2038",
			"isa": "PBXBuildFile"
		},
		"56F650ED-462F-4EAD-824B-A35494D7C207": {
			"fileRef": "D1B1297C-CE4A-4546-ABD8-777C187C5526",
			"isa": "PBXBuildFile"
		},
		"5842FADD-5B33-4A36-98AB-369C40144804": {
			"fileEncoding": "4",
			"isa": "PBXFileReference",
			"lastKnownFileType": "sourcecode.cpp.cpp",
			"name": "ofxSlider.cpp",
			"path": "../../../addons/ofxGui/src/ofxSlider.cpp",
			"sourceTree": "SOURCE_ROOT"
		},
		"58FC028D-216D-4BEE-95B9-57AE9026B3C2": {
			"children": [
				"481A8BC1-E555-4750-98DF-9F523A0B7899",
				"EBE19FD3-4443-4962-B8A7-DAB66B350510",
				"C1A4FBCF-D5F6-4CAE-A6D6-3B11FE93677E",
				"38C9334B-8D5A-4D30-92F7-097625CCD75F"
			],
			"isa": "PBXGroup",
			"name": "desktop",
			"sourceTree": "SOURCE_ROOT"
		},
		"5B139491-F416-4BB8-B44C-50A6C9D7596D": {
			"fileEncoding": "4",
			"isa": "PBXFileReference",
			"lastKnownFileType": "sourcecode.cpp.h",
			"name": "Push3Surface.h",
			"path": "../../../addons/ofxMidiDevice/src/Push3Surface.h",
			"sourceTree": "SOURCE_ROOT"
		},
		"5B7C068D-D399-4727-9133-F65525FED53E": {
			"fileRef": "CC8E15BE-87F7-4AEF-8CB5-8DCA8852C42F",
			"isa": "PBXBuildFile"
		},
		"5BB81466-BEDE-471E-8547-4801CE1C31C0": {
			"children": [
				"38C4B7E9-E7D0-484A-8CBB-3B30FE6F9362",
				"F815DCAB-3A18-4085-9D39-FE473D399967",
				"0825F470-9A2F-4A9D-8243-CE0E5373D8D0",
				"E51AE3ED-B72D-415C-9718-6DEF6A5BC98B",
				"1E095F23-94F0-4B5F-A92F-488B06165E8C",
				"B70FB0E8-5F4B-4860-98EC-80AA8C378780",
				"CA562CAA-45E1-42A7-8CFD-A35B38500C68",
				"818A46BE-026C-48FB-81AB-8F65B233545A",
				"1653ED22-2364-4D60-A769-CE57D8286877",
				"16B41441-E031-4CAF-BA66-F190242C87A0",
				"C82301A7-2495-4F8C-8215-43354FAD03E1",
				"EB7F8F2F-CA0A-4FB8-B180-A17CA8E7173F",
				"5B139491-F416-4BB8-B44C-50A6C9D7596D",
				"EA42F525-00D4-4B16-B3A6-0FF3709803D4",
				"2B2950A8-E8F9-47A5-9E9E-DF7523BFA9C4",
				"A915469E-805F-402A-86D4-E0468C107EF5",
				"EC559DBB-9C3B-45C0-9D73-5253AB266F33"
			],
			"isa": "PBXGroup",
			"name": "src",
			"sourceTree": "SOURCE_ROOT"
		},
		"5BF5B7F1-69C7-4C00-BE35-4805FFFCFF7B": {
			"fileRef": "1B95C37C-4D6B-47C0-B11A-7489916EFC3D",
			"isa": "PBXBuildFile"
		},
		"5C0043C2-0C64-46E8-A316-BD28055153EF": {
			"fileEncoding": "4",
			"isa": "PBXFileReference",
			"lastKnownFileType": "sourcecode.cpp.cpp",
			"name": "ofxLabel.cpp",
			"path": "../../../addons/ofxGui/src/ofxLabel.cpp",
			"sourceTree": "SOURCE_ROOT"
		},
		"5D62B7FA-A9C9-43BB-A8BA-8116E03FE115": {
			"fileRef": "66675372-0A60-42E6-85E7-862A39B8647E",
			"isa": "PBXBuildFile"
		},
		"5DA07E8C-06A6-4C8D-A8F6-7DDCB93C0267": {
			"children": [
				"797B09A2-CE37-46CD-85AD-E0974826C0B5",
				"A50CEBE2-D5CA-4E21-BF55-D8A265117DB9",
				"FD075951-C1EB-4BB7-8664-8F49C66E0764",
				"AD2E84F7-F3D2-4D24-B996-1D5CB07547C8",
				"F185093C-45B3-4CA1-A6AB-979D787A145B",
				"C00B9CE1-01EA-4E34-A519-841233989C5A",
				"09BE1914-EC40-4EA9-84DC-EEE1C123EF38"
			],
			"isa": "PBXGroup",
			"name": "ip",
			"sourceTree": "SOURCE_ROOT"
		},
		"5DDA37B8-9909-4DA1-A188-AAB875086638": {
			"fileEncoding": "4",
			"isa": "PBXFileReference",
			"lastKnownFileType": "sourcecode.cpp.h",
			"name": "OscHostEndianness.h",
			"path": "../../../addons/ofxOsc/libs/oscpack/src/osc/OscHostEndianness.h",
			"sourceTree": "SOURCE_ROOT"
		},
		"5F7CDA53-BBEC-43EE-9303-5EF6FFBC8454": {
			"fileEncoding": "4",
			"isa": "PBXFileReference",
			"lastKnownFileType": "sourcecode.cpp.h",
			"name": "OscPacketListener.h",
			"path": "../../../addons/ofxOsc/libs/oscpack/src/osc/OscPacketListener.h",
			"sourceTree": "SOURCE_ROOT"
		},
		"621AB21F-21CA-410E-BA42-3508327EFAB6": {
			"children": [
				"5DA07E8C-06A6-4C8D-A8F6-7DDCB93C0267",
				"7908E4DA-EBBD-4CCD-9AAF-8FEDEBDA68FF"
			],
			"isa": "PBXGroup",
			"name": "src",
			"sourceTree": "SOURCE_ROOT"
		},
		"62D9AED7-9AA8-45F5-9548-92BF9E069F5C": {
			"fileEncoding": "4",
			"isa": "PBXFileReference",
			"lastKnownFileType": "sourcecode.cpp.cpp",
			"name": "ofxMidiIn.cpp",
			"path": "../../../addons/ofxMidi/src/ofxMidiIn.cpp",
			"sourceTree": "SOURCE_ROOT"
		},
		"64277DF4-4A4A-4E71-B469-CE658B495B85": {
			"fileEncoding": "4",
			"isa": "PBXFileReference",
			"lastKnownFileType": "sourcecode.cpp.h",
			"name": "OscPrintReceivedElements.h",
			"path": "../../../addons/ofxOsc/libs/oscpack/src/osc/OscPrintReceivedElements.h",
			"sourceTree": "SOURCE_ROOT"
		},
		"652E425D-F9D4-4CFA-9181-0CF7E0041138": {
			"fileRef": "4C9F6562-88A5-4AF2-8519-9AA5947DABF0",
			"isa": "PBXBuildFile"
		},
		"6651D912-B742-46B0-BA1F-385AE6355F86": {
			"fileEncoding": "4",
			"isa": "PBXFileReference",
			"lastKnownFileType": "sourcecode.cpp.h",
			"name": "ofxMidi.h",
			"path": "../../../addons/ofxMidi/src/ofxMidi.h",
			"sourceTree": "SOURCE_ROOT"
		},
		"66675372-0A60-42E6-85E7-862A39B8647E": {
			"fileEncoding": "4",
			"isa": "PBXFileReference",
			"lastKnownFileType": "sourcecode.cpp.cpp",
			"name": "OscReceivedElements.cpp",
			"path": "../../../addons/ofxOsc/libs/oscpack/src/osc/OscReceivedElements.cpp",
			"sourceTree": "SOURCE_ROOT"
		},
		"6923ED91-6FD8-467C-B49F-F048B1102B68": {
			"fileEncoding": "4",
			"isa": "PBXFileReference",
			"lastKnownFileType": "sourcecode.cpp.h",
			"name": "ofxBaseMidi.h",
			"path": "../../../addons/ofxMidi/src/ofxBaseMidi.h",
			"sourceTree": "SOURCE_ROOT"
		},
		"6A06ACCC-A0F3-4659-9908-2F2F864F20E9": {
			"fileEncoding": "4",
			"isa": "PBXFileReference",
			"lastKnownFileType": "sourcecode.cpp.h",
			"name": "RtMidi.h",
			"path": "../../../addons/ofxMidi/libs/rtmidi/RtMidi.h",
			"sourceTree": "SOURCE_ROOT"
		},
		"6E1E3C90-7DF3-4514-A786-54FB56E742D2": {
			"fileEncoding": "4",
			"isa": "PBXFileReference",
			"lastKnownFileType": "sourcecode.cpp.h",
			"name": "MadParameterPage.hpp",
			"path": "../../../addons/ofxMadOscQuery/src/MadParameterPage.hpp",
			"sourceTree": "SOURCE_ROOT"
		},
		"6F1F2DD5-ED63-4DB4-B6D9-0E6C34C7D20A": {
			"fileEncoding": "4",
			"isa": "PBXFileReference",
			"lastKnownFileType": "sourcecode.cpp.h",
			"name": "ofxOscArg.h",
			"path": "../../../addons/ofxOsc/src/ofxOscArg.h",
			"sourceTree": "SOURCE_ROOT"
		},
		"6F7C01DB-650E-4B8C-AFB6-DC4AFF8DC0A9": {
			"fileEncoding": "4",
			"isa": "PBXFileReference",
			"lastKnownFileType": "sourcecode.cpp.cpp",
			"name": "ofxGuiGroup.cpp",
			"path": "../../../addons/ofxGui/src/ofxGuiGroup.cpp",
			"sourceTree": "SOURCE_ROOT"
		},
		"702021FA-B641-403D-8730-B51543E1136F": {
			"fileEncoding": "4",
			"isa": "PBXFileReference",
			"lastKnownFileType": "sourcecode.cpp.h",
			"name": "ofxOscParameterSync.h",
			"path": "../../../addons/ofxOsc/src/ofxOscParameterSync.h",
			"sourceTree": "SOURCE_ROOT"
		},
		"721CC6E1-FE2E-42B1-9A09-A83A054A9D7E": {
			"children": [
				"A758F76F-FB7E-404D-961A-1FAE40EAB06B",
				"8998A986-7075-43A2-9516-AC87A75830B4",
				"6E1E3C90-7DF3-4514-A786-54FB56E742D2",
				"9F71E4FC-E48A-44F0-8FB4-ADDD0A1E27F0",
				"BD8CF1DD-C53F-4768-9014-83630E187CF8",
				"342D5144-2A21-4101-A07B-763BB91943BB",
				"96578EC2-ECEA-4B17-9E6A-FA44DED6732C"
			],
			"isa": "PBXGroup",
			"name": "src",
			"sourceTree": "SOURCE_ROOT"
		},
		"7343AA4A-80E2-4791-A792-D100489164A3": {
			"fileEncoding": "4",
			"isa": "PBXFileReference",
			"lastKnownFileType": "sourcecode.cpp.h",
			"name": "ofxOsc.h",
			"path": "../../../addons/ofxOsc/src/ofxOsc.h",
			"sourceTree": "SOURCE_ROOT"
		},
		"74882253-B650-4936-93A8-505318F41811": {
			"fileEncoding": "4",
			"isa": "PBXFileReference",
			"lastKnownFileType": "sourcecode.cpp.h",
			"name": "ofxOscSender.h",
			"path": "../../../addons/ofxOsc/src/ofxOscSender.h",
			"sourceTree": "SOURCE_ROOT"
		},
		"75EBAC9A-DF53-4842-AC25-360D7482B3DF": {
			"fileRef": "EB7F8F2F-CA0A-4FB8-B180-A17CA8E7173F",
			"isa": "PBXBuildFile"
		},
		"7621C857-434C-4F41-9623-B6EC2D1825CC": {
			"fileRef": "4ACEDA2B-D35B-4E44-A178-7B617F339215",
			"isa": "PBXBuildFile"
		},
		"77EC41B1-8966-41C9-9588-C79076A79BD7": {
			"fileRef": "E61C5011-AE8F-485A-97E0-9CA691921EAA",
			"isa": "PBXBuildFile"
		},
		"7908E4DA-EBBD-4CCD-9AAF-8FEDEBDA68FF": {
			"children": [
				"CA00093B-69B0-432C-AB14-EFE0912AC628",
				"F37EBD76-DD5E-4291-BAFE-0C78A99CDFDE",
				"5DDA37B8-9909-4DA1-A188-AAB875086638",
				"46EAA82C-405C-47D0-809B-3AD5EA66ABD6",
				"A41E9C28-207E-4B71-905B-FF9B44F12B37",
				"5F7CDA53-BBEC-43EE-9303-5EF6FFBC8454",
				"29AD2A99-90CA-4F5D-95EF-E0D39C2C9B78",
				"64277DF4-4A4A-4E71-B469-CE658B495B85",
				"66675372-0A60-42E6-85E7-862A39B8647E",
				"42E69A13-72E7-43F4-A2E6-0BEAD96A2B0B",
				"4F828CA6-D375-4C54-8F66-210F216C2038",
				"54B4F2AE-F53B-4C19-B1CC-C0B0B18F5F22"
			],
			"isa": "PBXGroup",
			"name": "osc",
			"sourceTree": "SOURCE_ROOT"
		},
		"797B09A2-CE37-46CD-85AD-E0974826C0B5": {
			"fileEncoding": "4",
			"isa": "PBXFileReference",
			"lastKnownFileType": "sourcecode.cpp.cpp",
			"name": "IpEndpointName.cpp",
			"path": "../../../addons/ofxOsc/libs/oscpack/src/ip/IpEndpointName.cpp",
			"sourceTree": "SOURCE_ROOT"
		},
		"7AEA5C54-A55C-4577-8327-07746DDB4080": {
			"fileRef": "342D5144-2A21-4101-A07B-763BB91943BB",
			"isa": "PBXBuildFile"
		},
		"7C184ECC-EC39-44D9-BFD7-F919DCB6CA91": {
			"fileEncoding": "4",
			"isa": "PBXFileReference",
			"lastKnownFileType": "sourcecode.cpp.h",
			"name": "ofxLabel.h",
			"path": "../../../addons/ofxGui/src/ofxLabel.h",
			"sourceTree": "SOURCE_ROOT"
		},
		"7C616BB7-7831-4B97-9F61-7ACE40A87587": {
			"fileEncoding": "4",
			"isa": "PBXFileReference",
			"lastKnownFileType": "sourcecode.cpp.h",
			"name": "ofxOscBundle.h",
			"path": "../../../addons/ofxOsc/src/ofxOscBundle.h",
			"sourceTree": "SOURCE_ROOT"
		},
		"7C67D323-CC78-4002-BDE8-D81D44D77E37": {
			"fileEncoding": "4",
			"isa": "PBXFileReference",
			"lastKnownFileType": "sourcecode.cpp.cpp",
			"name": "ofxMidi.cpp",
			"path": "../../../addons/ofxMidi/src/ofxMidi.cpp",
			"sourceTree": "SOURCE_ROOT"
		},
		"7D4D4B74-02BE-4EA9-9077-655975F1452D": {
			"children": [
				"3F10C6E9-1A22-4ABE-B2C0-7C1B7856FAB7"
			],
			"isa": "PBXGroup",
			"name": "ofxGui",
			"sourceTree": "SOURCE_ROOT"
		},
		"7E31F4BC-6E98-47AB-8698-9597EC9CC041": {
			"fileEncoding": "4",
			"isa": "PBXFileReference",
			"lastKnownFileType": "sourcecode.cpp.cpp",
			"name": "ofxOscParameterSync.cpp",
			"path": "../../../addons/ofxOsc/src/ofxOscParameterSync.cpp",
			"sourceTree": "SOURCE_ROOT"
		},
		"7F6EA855-B09E-4DA4-9B9F-00CE33D0AF3D": {
			"fileRef": "8D464935-C108-4A80-9D55-2F795D535BE5",
			"isa": "PBXBuildFile"
		},
		"818A46BE-026C-48FB-81AB-8F65B233545A": {
			"fileEncoding": "4",
			"isa": "PBXFileReference",
			"lastKnownFileType": "sourcecode.cpp.h",
			"name": "MidiComponentGroup.h",
			"path": "../../../addons/ofxMidiDevice/src/MidiComponentGroup.h",
			"sourceTree": "SOURCE_ROOT"
		},
		"83B1EB66-DA99-453A-8D3C-5A100E9C7A5B": {
			"fileEncoding": "4",
			"isa": "PBXFileReference",
			"lastKnownFileType": "sourcecode.cpp.h",
			"name": "ofxGui.h",
			"path": "../../../addons/ofxGui/src/ofxGui.h",
			"sourceTree": "SOURCE_ROOT"
		},
		"866D25AB-0984-4B51-A93E-C83D2C716B3D": {
			"fileRef": "0825F470-9A2F-4A9D-8243-CE0E5373D8D0",
			"isa": "PBXBuildFile"
		},
		"87B17A8D-7780-4932-9FB3-C75B9C4433AA": {
			"fileRef": "481A8BC1-E555-4750-98DF-9F523A0B7899",
			"isa": "PBXBuildFile"
		},
		"8998A986-7075-43A2-9516-AC87A75830B4": {
			"fileEncoding": "4",
			"isa": "PBXFileReference",
			"lastKnownFileType": "sourcecode.cpp.cpp",
			"name": "MadParameterPage.cpp",
			"path": "../../../addons/ofxMadOscQuery/src/MadParameterPage.cpp",
			"sourceTree": "SOURCE_ROOT"
		},
		"89A199C2-BF63-4E01-8CE7-EE75FC5DA40D": {
			"fileRef": "B3A615DA-A301-4A4B-B4B9-B0884F1D4C33",
			"isa": "PBXBuildFile"
		},
		"8C338869-18A4-4D63-84CA-B477BFAC107E": {
			"fileEncoding": "4",
			"isa": "PBXFileReference",
			"lastKnownFileType": "sourcecode.cpp.cpp",
			"name": "ofxMidiOut.cpp",
			"path": "../../../addons/ofxMidi/src/ofxMidiOut.cpp",
			"sourceTree": "SOURCE_ROOT"
		},
		"8D464935-C108-4A80-9D55-2F795D535BE5": {
			"fileEncoding": "4",
			"isa": "PBXFileReference",
			"lastKnownFileType": "sourcecode.cpp.cpp",
			"name": "ofxOscReceiver.cpp",
			"path": "../../../addons/ofxOsc/src/ofxOscReceiver.cpp",
			"sourceTree": "SOURCE_ROOT"
		},
		"8F2C709A-4643-4757-AA7E-2ADBCFF7A3DF": {
			"fileRef": "B6B21C09-41EA-44C8-A922-B7FFE3AA6B2E",
			"isa": "PBXBuildFile"
		},
		"915DBEDF-632D-4C8C-83D3-67661B73A7E5": {
			"fileRef": "5628FCB5-1CBD-4B74-AB1E-9424FEF8C24A",
			"isa": "PBXBuildFile"
		},
		"95F8319D-8089-44B3-9FF9-AB5B074DA0FC": {
			"fileEncoding": "4",
			"isa": "PBXFileReference",
			"lastKnownFileType": "sourcecode.cpp.cpp",
			"name": "ofxMidiTimecode.cpp",
			"path": "../../../addons/ofxMidi/src/ofxMidiTimecode.cpp",
			"sourceTree": "SOURCE_ROOT"
		},
		"96578EC2-ECEA-4B17-9E6A-FA44DED6732C": {
			"fileEncoding": "4",
			"isa": "PBXFileReference",
			"lastKnownFileType": "sourcecode.cpp.h",
			"name": "ofxMadOscQuery.h",
			"path": "../../../addons/ofxMadOscQuery/src/ofxMadOscQuery.h",
			"sourceTree": "SOURCE_ROOT"
		},
		"9683F446-DE66-45E0-8EB2-6FDA85288CE6": {
			"fileEncoding": "4",
			"isa": "PBXFileReference",
			"lastKnownFileType": "sourcecode.cpp.h",
			"name": "ofxOscReceiver.h",
			"path": "../../../addons/ofxOsc/src/ofxOscReceiver.h",
			"sourceTree": "SOURCE_ROOT"
		},
		"9801164E-F00A-4DE1-ABA6-660A1C316F17": {
			"fileRef": "7E31F4BC-6E98-47AB-8698-9597EC9CC041",
			"isa": "PBXBuildFile"
		},
		"9F71E4FC-E48A-44F0-8FB4-ADDD0A1E27F0": {
			"fileEncoding": "4",
			"isa": "PBXFileReference",
			"lastKnownFileType": "sourcecode.cpp.cpp",
			"name": "OscQueryWebSocketClient.cpp",
			"path": "../../../addons/ofxMadOscQuery/src/OscQueryWebSocketClient.cpp",
			"sourceTree": "SOURCE_ROOT"
		},
		"A2067085-59CC-443F-9294-0291A1981601": {
			"fileRef": "5529F3FD-5DF9-4B17-90A7-14B4004D2833",
			"isa": "PBXBuildFile"
		},
		"A32D7C6D-9513-4313-8F1F-AEF595D9B042": {
			"fileRef": "1E095F23-94F0-4B5F-A92F-488B06165E8C",
			"isa": "PBXBuildFile"
		},
		"A41E9C28-207E-4B71-905B-FF9B44F12B37": {
			"fileEncoding": "4",
			"isa": "PBXFileReference",
			"lastKnownFileType": "sourcecode.cpp.h",
			"name": "OscOutboundPacketStream.h",
			"path": "../../../addons/ofxOsc/libs/oscpack/src/osc/OscOutboundPacketStream.h",
			"sourceTree": "SOURCE_ROOT"
		},
		"A50CEBE2-D5CA-4E21-BF55-D8A265117DB9": {
			"fileEncoding": "4",
			"isa": "PBXFileReference",
			"lastKnownFileType": "sourcecode.cpp.h",
			"name": "IpEndpointName.h",
			"path": "../../../addons/ofxOsc/libs/oscpack/src/ip/IpEndpointName.h",
			"sourceTree": "SOURCE_ROOT"
		},
		"A758F76F-FB7E-404D-961A-1FAE40EAB06B": {
			"fileEncoding": "4",
			"isa": "PBXFileReference",
			"lastKnownFileType": "sourcecode.cpp.h",
			"name": "MadParameter.h",
			"path": "../../../addons/ofxMadOscQuery/src/MadParameter.h",
			"sourceTree": "SOURCE_ROOT"
		},
		"A7D5D3F8-AA18-48C8-A605-7A61F0516A49": {
			"fileEncoding": "4",
			"isa": "PBXFileReference",
			"lastKnownFileType": "sourcecode.cpp.h",
			"name": "ofxMidiClock.h",
			"path": "../../../addons/ofxMidi/src/ofxMidiClock.h",
			"sourceTree": "SOURCE_ROOT"
		},
		"A915469E-805F-402A-86D4-E0468C107EF5": {
			"fileEncoding": "4",
			"isa": "PBXFileReference",
			"lastKnownFileType": "sourcecode.cpp.cpp",
			"name": "ofxMidiDevice.cpp",
			"path": "../../../addons/ofxMidiDevice/src/ofxMidiDevice.cpp",
			"sourceTree": "SOURCE_ROOT"
		},
		"AB890B32-A402-44D4-BC98-95198ABC377A": {
			"fileEncoding": "4",
			"isa": "PBXFileReference",
			"lastKnownFileType": "sourcecode.cpp.h",
			"name": "ofxMidiConstants.h",
			"path": "../../../addons/ofxMidi/src/ofxMidiConstants.h",
			"sourceTree": "SOURCE_ROOT"
		},
		"AD2E84F7-F3D2-4D24-B996-1D5CB07547C8": {
			"fileEncoding": "4",
			"isa": "PBXFileReference",
			"lastKnownFileType": "sourcecode.cpp.h",
			"name": "PacketListener.h",
			"path": "../../../addons/ofxOsc/libs/oscpack/src/ip/PacketListener.h",
			"sourceTree": "SOURCE_ROOT"
		},
		"AF836DE8-6C13-40BB-998E-47105271782F": {
			"fileRef": "8998A986-7075-43A2-9516-AC87A75830B4",
			"isa": "PBXBuildFile"
		},
		"B020E2F4-8A71-4CB8-AC24-6D363E942459": {
			"fileRef": "9F71E4FC-E48A-44F0-8FB4-ADDD0A1E27F0",
			"isa": "PBXBuildFile"
		},
		"B18497DB-DD2A-449F-AFD1-19218C708A78": {
			"fileEncoding": "4",
			"isa": "PBXFileReference",
			"lastKnownFileType": "sourcecode.cpp.cpp",
			"name": "UdpSocket.cpp",
			"path": "../../../addons/ofxOsc/libs/oscpack/src/ip/posix/UdpSocket.cpp",
			"sourceTree": "SOURCE_ROOT"
		},
		"B3A615DA-A301-4A4B-B4B9-B0884F1D4C33": {
			"fileEncoding": "4",
			"isa": "PBXFileReference",
			"lastKnownFileType": "sourcecode.cpp.cpp",
			"name": "ofxColorPicker.cpp",
			"path": "../../../addons/ofxGui/src/ofxColorPicker.cpp",
			"sourceTree": "SOURCE_ROOT"
		},
		"B6B21C09-41EA-44C8-A922-B7FFE3AA6B2E": {
			"fileEncoding": "4",
			"isa": "PBXFileReference",
			"lastKnownFileType": "sourcecode.cpp.cpp",
			"name": "NetworkingUtils.cpp",
			"path": "../../../addons/ofxOsc/libs/oscpack/src/ip/posix/NetworkingUtils.cpp",
			"sourceTree": "SOURCE_ROOT"
		},
		"B70FB0E8-5F4B-4860-98EC-80AA8C378780": {
			"fileEncoding": "4",
			"isa": "PBXFileReference",
			"lastKnownFileType": "sourcecode.cpp.h",
			"name": "LaunchpadSurface.h",
			"path": "../../../addons/ofxMidiDevice/src/LaunchpadSurface.h",
			"sourceTree": "SOURCE_ROOT"
		},
		"BB4B014C10F69532006C3DED": {
			"children": [
				"7D4D4B74-02BE-4EA9-9077-655975F1452D",
				"07EE25B2-30DC-4D88-9A45-AD96BE6D8181",
				"04E7E717-9DF2-48B4-8E4F-7884B3D6DCF4",
				"CB059ECD-D4C2-493E-BDA7-758B1BDDB635",
				"39340D4F-3063-456E-868C-61C5B40F46CC"
			],
			"isa": "PBXGroup",
			"name": "addons",
			"path": "../../../addons",
			"sourceTree": "SOURCE_ROOT"
		},
		"BB98054A-C1A4-486C-87E6-180D265E2C97": {
			"fileEncoding": "4",
			"isa": "PBXFileReference",
			"lastKnownFileType": "sourcecode.cpp.h",
			"name": "ofxGuiUtils.h",
			"path": "../../../addons/ofxGui/src/ofxGuiUtils.h",
			"sourceTree": "SOURCE_ROOT"
		},
		"BBD9CF55-81EF-45A7-9EF1-FD0DA0FBC458": {
			"fileEncoding": "4",
			"isa": "PBXFileReference",
			"lastKnownFileType": "sourcecode.cpp.h",
			"name": "ofxPanel.h",
			"path": "../../../addons/ofxGui/src/ofxPanel.h",
			"sourceTree": "SOURCE_ROOT"
		},
		"BD8CF1DD-C53F-4768-9014-83630E187CF8": {
			"fileEncoding": "4",
			"isa": "PBXFileReference",
			"lastKnownFileType": "sourcecode.cpp.h",
			"name": "OscQueryWebSocketClient.h",
			"path": "../../../addons/ofxMadOscQuery/src/OscQueryWebSocketClient.h",
			"sourceTree": "SOURCE_ROOT"
		},
		"C00B9CE1-01EA-4E34-A519-841233989C5A": {
			"fileEncoding": "4",
			"isa": "PBXFileReference",
			"lastKnownFileType": "sourcecode.cpp.h",
			"name": "UdpSocket.h",
			"path": "../../../addons/ofxOsc/libs/oscpack/src/ip/UdpSocket.h",
			"sourceTree": "SOURCE_ROOT"
		},
		"C1A4FBCF-D5F6-4CAE-A6D6-3B11FE93677E": {
			"fileEncoding": "4",
			"isa": "PBXFileReference",
			"lastKnownFileType": "sourcecode.cpp.cpp",
			"name": "ofxRtMidiOut.cpp",
			"path": "../../../addons/ofxMidi/src/desktop/ofxRtMidiOut.cpp",
			"sourceTree": "SOURCE_ROOT"
		},
		"C563ED4B-800B-4603-96EE-F44C7E19F7A8": {
			"fileEncoding": "4",
			"isa": "PBXFileReference",
			"lastKnownFileType": "sourcecode.cpp.h",
			"name": "ofxMidiOut.h",
			"path": "../../../addons/ofxMidi/src/ofxMidiOut.h",
			"sourceTree": "SOURCE_ROOT"
		},
		"C82301A7-2495-4F8C-8215-43354FAD03E1": {
			"fileEncoding": "4",
			"isa": "PBXFileReference",
			"lastKnownFileType": "sourcecode.cpp.h",
			"name": "PlatformMSurface.h",
			"path": "../../../addons/ofxMidiDevice/src/PlatformMSurface.h",
			"sourceTree": "SOURCE_ROOT"
		},
		"C8B0758D-1CB1-47EE-AA10-BADB656E3430": {
			"children": [
				"7343AA4A-80E2-4791-A792-D100489164A3",
				"6F1F2DD5-ED63-4DB4-B6D9-0E6C34C7D20A",
				"11922AB4-0B0F-4B53-804B-7B2A4E875867",
				"7C616BB7-7831-4B97-9F61-7ACE40A87587",
				"D1B1297C-CE4A-4546-ABD8-777C187C5526",
				"EBA5E933-80FB-478D-BEDD-3F5DCF63C5C8",
				"7E31F4BC-6E98-47AB-8698-9597EC9CC041",
				"702021FA-B641-403D-8730-B51543E1136F",
				"8D464935-C108-4A80-9D55-2F795D535BE5",
				"9683F446-DE66-45E0-8EB2-6FDA85288CE6",
				"EF2DAB77-8480-4358-B090-4455F6C863F9",
				"74882253-B650-4936-93A8-505318F41811"
			],
			"isa": "PBXGroup",
			"name": "src",
			"sourceTree": "SOURCE_ROOT"
		},
		"C8DBF082-09AF-4677-A33A-2C67F1092E73": {
			"fileEncoding": "4",
			"isa": "PBXFileReference",
			"lastKnownFileType": "sourcecode.cpp.cpp",
			"name": "ofxBaseGui.cpp",
			"path": "../../../addons/ofxGui/src/ofxBaseGui.cpp",
			"sourceTree": "SOURCE_ROOT"
		},
		"CA00093B-69B0-432C-AB14-EFE0912AC628": {
			"fileEncoding": "4",
			"isa": "PBXFileReference",
			"lastKnownFileType": "sourcecode.cpp.h",
			"name": "MessageMappingOscPacketListener.h",
			"path": "../../../addons/ofxOsc/libs/oscpack/src/osc/MessageMappingOscPacketListener.h",
			"sourceTree": "SOURCE_ROOT"
		},
		"CA3BA401-35AB-4D00-BBE5-09ED5FE215FA": {
			"fileRef": "29AD2A99-90CA-4F5D-95EF-E0D39C2C9B78",
			"isa": "PBXBuildFile"
		},
		"CA562CAA-45E1-42A7-8CFD-A35B38500C68": {
			"fileEncoding": "4",
			"isa": "PBXFileReference",
			"lastKnownFileType": "sourcecode.cpp.h",
			"name": "MidiComponent.h",
			"path": "../../../addons/ofxMidiDevice/src/MidiComponent.h",
			"sourceTree": "SOURCE_ROOT"
		},
		"CB059ECD-D4C2-493E-BDA7-758B1BDDB635": {
			"children": [
				"5BB81466-BEDE-471E-8547-4801CE1C31C0"
			],
			"isa": "PBXGroup",
			"name": "ofxMidiDevice",
			"sourceTree": "SOURCE_ROOT"
		},
		"CBDDD8E2-9CE0-4CBA-ADC3-4F36EACC3119": {
			"children": [
				"CC8E15BE-87F7-4AEF-8CB5-8DCA8852C42F"
			],
			"isa": "PBXGroup",
			"name": "frameworks",
			"sourceTree": "SOURCE_ROOT"
		},
		"CC8E15BE-87F7-4AEF-8CB5-8DCA8852C42F": {
			"fileEncoding": "4",
			"isa": "PBXFileReference",
			"lastKnownFileType": "wrapper.framework",
			"path": "/System/Library/Frameworks/CoreMIDI.framework",
			"sourceTree": "SOURCE_ROOT"
		},
		"CC938869-B737-41B6-AF6E-0B8B6DD1FE91": {
			"fileEncoding": "4",
			"isa": "PBXFileReference",
			"lastKnownFileType": "folder",
			"path": "bin/data",
			"sourceTree": "SOURCE_ROOT"
		},
		"CE0B2F4C-20CE-450D-8F49-6B22D1C51173": {
			"fileRef": "EA42F525-00D4-4B16-B3A6-0FF3709803D4",
			"isa": "PBXBuildFile"
		},
		"D1B1297C-CE4A-4546-ABD8-777C187C5526": {
			"fileEncoding": "4",
			"isa": "PBXFileReference",
			"lastKnownFileType": "sourcecode.cpp.cpp",
			"name": "ofxOscMessage.cpp",
			"path": "../../../addons/ofxOsc/src/ofxOscMessage.cpp",
			"sourceTree": "SOURCE_ROOT"
		},
		"D449E320-207C-401D-B239-89514A3DBD74": {
			"fileEncoding": "4",
			"isa": "PBXFileReference",
			"lastKnownFileType": "sourcecode.cpp.h",
			"name": "ofxColorPicker.h",
			"path": "../../../addons/ofxGui/src/ofxColorPicker.h",
			"sourceTree": "SOURCE_ROOT"
		},
		"D4E429A7-32C6-48A3-9167-4967FD95EEBE": {
			"fileRef": "C1A4FBCF-D5F6-4CAE-A6D6-3B11FE93677E",
			"isa": "PBXBuildFile"
		},
		"D5D78BAE-EFEF-4AB8-A107-BAE31C727E1B": {
			"children": [
				"DD208AC8-23B6-4541-B1B2-C07C0B69787A"
			],
			"isa": "PBXGroup",
			"name": "libs",
			"sourceTree": "SOURCE_ROOT"
		},
		"DCACF78D-5FC6-4637-90AD-102A39D1CB30": {
			"fileRef": "46EAA82C-405C-47D0-809B-3AD5EA66ABD6",
			"isa": "PBXBuildFile"
		},
		"DD208AC8-23B6-4541-B1B2-C07C0B69787A": {
			"children": [
				"621AB21F-21CA-410E-BA42-3508327EFAB6"
			],
			"isa": "PBXGroup",
			"name": "oscpack",
			"sourceTree": "SOURCE_ROOT"
		},
		"DE07E66B-950F-4C2B-A4EE-BEE3F85A0CAE": {
			"fileRef": "8C338869-18A4-4D63-84CA-B477BFAC107E",
			"isa": "PBXBuildFile"
		},
		"E3C450FE-7C93-40F9-84F5-D334D913DD98": {
			"fileRef": "5C0043C2-0C64-46E8-A316-BD28055153EF",
			"isa": "PBXBuildFile"
		},
		"E42962A92163ECCD00A6A9E2": {
			"alwaysOutOfDate": "1",
			"buildActionMask": "2147483647",
			"files": [],
			"inputPaths": [],
			"isa": "PBXShellScriptBuildPhase",
			"name": "Run Script — Compile OF",
			"outputPaths": [],
			"runOnlyForDeploymentPostprocessing": "0",
			"shellPath": "/bin/sh",
			"shellScript": "$OF_CORE_BUILD_COMMAND\n",
			"showEnvVarsInLog": "0"
		},
		"E4A5B60F29BAAAE400C2D356": {
			"buildActionMask": "2147483647",
			"dstPath": "",
			"dstSubfolderSpec": "6",
			"files": [],
			"isa": "PBXCopyFilesBuildPhase",
			"runOnlyForDeploymentPostprocessing": "0"
		},
		"E4B69B4A0A3A1720003C02F2": {
			"children": [
				"191CD6FA2847E21E0085CBB6",
				"E4B6FCAD0C3E899E008CF71C",
				"E4EB6923138AFD0F00A09F29",
				"E4B69E1C0A3A1BDC003C02F2",
				"191EF70929D778A400F35F26",
				"BB4B014C10F69532006C3DED",
				"E4B69B5B0A3A1756003C02F2",
				"CC938869-B737-41B6-AF6E-0B8B6DD1FE91"
			],
			"isa": "PBXGroup",
			"sourceTree": "<group>"
		},
		"E4B69B4C0A3A1720003C02F2": {
			"attributes": {
				"BuildIndependentTargetsInParallel": "YES",
				"LastUpgradeCheck": "1540"
			},
			"buildConfigurationList": "E4B69B4D0A3A1720003C02F2",
			"compatibilityVersion": "Xcode 3.2",
			"developmentRegion": "en",
			"hasScannedForEncodings": "0",
			"isa": "PBXProject",
			"knownRegions": [
				"en",
				"Base"
			],
			"mainGroup": "E4B69B4A0A3A1720003C02F2",
			"productRefGroup": "E4B69B4A0A3A1720003C02F2",
			"projectDirPath": "",
			"projectRoot": "",
			"targets": [
				"E4B69B5A0A3A1756003C02F2"
			]
		},
		"E4B69B4D0A3A1720003C02F2": {
			"buildConfigurations": [
				"E4B69B4E0A3A1720003C02F2",
				"E4B69B4F0A3A1720003C02F2"
			],
			"defaultConfigurationIsVisible": "0",
			"defaultConfigurationName": "Release",
			"isa": "XCConfigurationList"
		},
		"E4B69B4E0A3A1720003C02F2": {
			"baseConfigurationReference": "E4EB6923138AFD0F00A09F29",
			"buildSettings": {
				"CODE_SIGN_ENTITLEMENTS": "of.entitlements",
				"COPY_PHASE_STRIP": "NO",
				"ENABLE_TESTABILITY": "YES",
				"GCC_OPTIMIZATION_LEVEL": "0",
				"GCC_WARN_UNUSED_VARIABLE": "NO",
				"HEADER_SEARCH_PATHS": [
					"$(OF_CORE_HEADERS)",
					"src"
				],
				"OTHER_CPLUSPLUSFLAGS": "-D__MACOSX_CORE__"
			},
			"isa": "XCBuildConfiguration",
			"name": "Debug"
		},
		"E4B69B4F0A3A1720003C02F2": {
			"baseConfigurationReference": "E4EB6923138AFD0F00A09F29",
			"buildSettings": {
				"CODE_SIGN_ENTITLEMENTS": "of.entitlements",
				"COPY_PHASE_STRIP": "YES",
				"GCC_OPTIMIZATION_LEVEL": "3",
				"GCC_UNROLL_LOOPS": "YES",
				"HEADER_SEARCH_PATHS": [
					"$(OF_CORE_HEADERS)",
					"src"
				],
				"OTHER_CPLUSPLUSFLAGS": "-D__MACOSX_CORE__"
			},
			"isa": "XCBuildConfiguration",
			"name": "Release"
		},
		"E4B69B580A3A1756003C02F2": {
			"buildActionMask": "2147483647",
			"files": [
				"E4B69E200A3A1BDC003C02F2",
				"E4B69E210A3A1BDC003C02F2",
				"FBE80656-B92B-4BA5-A76D-DF979CC32927",
				"277D070C-CFA3-4B9C-923C-FF692FE17404",
				"89A199C2-BF63-4E01-8CE7-EE75FC5DA40D",
				"41B4BCE5-5C5D-436A-A4D9-ED5F178469C1",
				"77EC41B1-8966-41C9-9588-C79076A79BD7",
				"E3C450FE-7C93-40F9-84F5-D334D913DD98",
				"5BF5B7F1-69C7-4C00-BE35-4805FFFCFF7B",
				"552E210A-B9C9-48D4-A3D5-2B7DEEFE199C",
				"915DBEDF-632D-4C8C-83D3-67661B73A7E5",
				"4C45D509-6E45-4F40-883B-D38F958504FF",
				"AF836DE8-6C13-40BB-998E-47105271782F",
				"B020E2F4-8A71-4CB8-AC24-6D363E942459",
				"7AEA5C54-A55C-4577-8327-07746DDB4080",
				"652E425D-F9D4-4CFA-9181-0CF7E0041138",
				"87B17A8D-7780-4932-9FB3-C75B9C4433AA",
				"D4E429A7-32C6-48A3-9167-4967FD95EEBE",
				"E58BECBA-093F-48B7-9CA7-EE46059E813F",
				"F53D1DCA-9C7C-4329-9E6B-1184EA13B26E",
				"A2067085-59CC-443F-9294-0291A1981601",
				"EF576A45-43FB-44E1-8BEE-1FB6BDB031A6",
				"7621C857-434C-4F41-9623-B6EC2D1825CC",
				"DE07E66B-950F-4C2B-A4EE-BEE3F85A0CAE",
				"21FF8EBC-45C3-4E98-8FCD-88721B165912",
				"5B7C068D-D399-4727-9133-F65525FED53E",
				"866D25AB-0984-4B51-A93E-C83D2C716B3D",
				"A32D7C6D-9513-4313-8F1F-AEF595D9B042",
				"E63D3157-226A-4CFD-A9C1-AE1F89B75EB4",
				"75EBAC9A-DF53-4842-AC25-360D7482B3DF",
				"CE0B2F4C-20CE-450D-8F49-6B22D1C51173",
				"E94DAB45-91FC-410D-B418-03635520AB79",
				"0B71C2F9-9552-4A13-A2BC-7E15F0C72841",
				"8F2C709A-4643-4757-AA7E-2ADBCFF7A3DF",
				"39510B33-38A5-4B02-AEE1-731541711518",
				"DCACF78D-5FC6-4637-90AD-102A39D1CB30",
				"CA3BA401-35AB-4D00-BBE5-09ED5FE215FA",
				"5D62B7FA-A9C9-43BB-A8BA-8116E03FE115",
				"56D98FBE-7DDE-4DDD-8B3C-32CF27832D7A",
				"126E4320-479A-4055-95BA-7036B486017D",
				"56F650ED-462F-4EAD-824B-A35494D7C207",
				"9801164E-F00A-4DE1-ABA6-660A1C316F17",
				"7F6EA855-B09E-4DA4-9B9F-00CE33D0AF3D",
				"349548E9-AA00-49F3-A97B-6CF1F5724C2D"
			],
			"isa": "PBXSourcesBuildPhase",
			"runOnlyForDeploymentPostprocessing": "0"
		},
		"E4B69B590A3A1756003C02F2": {
			"buildActionMask": "2147483647",
			"files": [
				"5B7C068D-D399-4727-9133-F65525FED53E"
			],
			"isa": "PBXFrameworksBuildPhase",
			"runOnlyForDeploymentPostprocessing": "0"
		},
		"E4B69B5A0A3A1756003C02F2": {
			"buildConfigurationList": "E4B69B5F0A3A1757003C02F2",
			"buildPhases": [
				"E42962A92163ECCD00A6A9E2",
				"E4B69B580A3A1756003C02F2",
				"E4B69B590A3A1756003C02F2",
				"E4C2427710CC5ABF004149E2",
				"E4A5B60F29BAAAE400C2D356",
				"19B789C429E5AB4A0082E9B8"
			],
			"buildRules": [],
			"dependencies": [],
			"isa": "PBXNativeTarget",
			"name": "MadMapperControl_MM6_V2",
			"productName": "myOFApp",
			"productReference": "E4B69B5B0A3A1756003C02F2",
			"productType": "com.apple.product-type.application"
		},
		"E4B69B5B0A3A1756003C02F2": {
			"explicitFileType": "wrapper.application",
			"includeInIndex": "0",
			"isa": "PBXFileReference",
			"path": "MadMapperControl_MM6_V2Debug.app",
			"sourceTree": "BUILT_PRODUCTS_DIR"
		},
		"E4B69B5F0A3A1757003C02F2": {
			"buildConfigurations": [
				"E4B69B600A3A1757003C02F2",
				"E4B69B610A3A1757003C02F2"
			],
			"defaultConfigurationIsVisible": "0",
			"defaultConfigurationName": "Release",
			"isa": "XCConfigurationList"
		},
		"E4B69B600A3A1757003C02F2": {
			"baseConfigurationReference": "E4EB6923138AFD0F00A09F29",
			"buildSettings": {
				"ARCHS": "$(ARCHS_STANDARD)",
				"COPY_PHASE_STRIP": "NO",
				"FRAMEWORK_SEARCH_PATHS": [
					"$(inherited)",
					"/System/Library/Frameworks"
				],
				"GCC_DYNAMIC_NO_PIC": "NO",
				"HEADER_SEARCH_PATHS": [
					"$(OF_CORE_HEADERS)",
					"src",
					"src",
					"../../../addons/ofxGui/src",
					"../../../addons/ofxMadOscQuery/src",
					"../../../addons/ofxMidi/libs",
					"../../../addons/ofxMidi/libs/pgmidi",
					"../../../addons/ofxMidi/libs/rtmidi",
					"../../../addons/ofxMidi/src",
					"../../../addons/ofxMidi/src/desktop",
					"../../../addons/ofxMidi/src/ios",
					"../../../addons/ofxMidiDevice/src",
					"../../../addons/ofxOsc/libs",
					"../../../addons/ofxOsc/libs/oscpack",
					"../../../addons/ofxOsc/libs/oscpack/src",
					"../../../addons/ofxOsc/libs/oscpack/src/ip",
					"../../../addons/ofxOsc/libs/oscpack/src/ip/posix",
					"../../../addons/ofxOsc/libs/oscpack/src/osc",
					"../../../addons/ofxOsc/src"
				],
				"LIBRARY_SEARCH_PATHS": "$(inherited)",
				"OTHER_LDFLAGS": [
					"$(OF_CORE_LIBS)",
					"$(OF_CORE_FRAMEWORKS)",
					"$(LIB_OF_DEBUG)"
				]
			},
			"isa": "XCBuildConfiguration",
			"name": "Debug"
		},
		"E4B69B610A3A1757003C02F2": {
			"baseConfigurationReference": "E4EB6923138AFD0F00A09F29",
			"buildSettings": {
				"ARCHS": "$(ARCHS_STANDARD)",
				"COPY_PHASE_STRIP": "YES",
				"FRAMEWORK_SEARCH_PATHS": [
					"$(inherited)",
					"/System/Library/Frameworks"
				],
				"HEADER_SEARCH_PATHS": [
					"$(OF_CORE_HEADERS)",
					"src",
					"src",
					"../../../addons/ofxGui/src",
					"../../../addons/ofxMadOscQuery/src",
					"../../../addons/ofxMidi/libs",
					"../../../addons/ofxMidi/libs/pgmidi",
					"../../../addons/ofxMidi/libs/rtmidi",
					"../../../addons/ofxMidi/src",
					"../../../addons/ofxMidi/src/desktop",
					"../../../addons/ofxMidi/src/ios",
					"../../../addons/ofxMidiDevice/src",
					"../../../addons/ofxOsc/libs",
					"../../../addons/ofxOsc/libs/oscpack",
					"../../../addons/ofxOsc/libs/oscpack/src",
					"../../../addons/ofxOsc/libs/oscpack/src/ip",
					"../../../addons/ofxOsc/libs/oscpack/src/ip/posix",
					"../../../addons/ofxOsc/libs/oscpack/src/osc",
					"../../../addons/ofxOsc/src"
				],
				"LIBRARY_SEARCH_PATHS": "$(inherited)",
				"OTHER_LDFLAGS": [
					"$(OF_CORE_LIBS)",
					"$(OF_CORE_FRAMEWORKS)",
					"$(LIB_OF_RELEASE)"
				],
				"baseConfigurationReference": "E4EB6923138AFD0F00A09F29"
			},
			"isa": "XCBuildConfiguration",
			"name": "Release"
		},
		"E4B69E1C0A3A1BDC003C02F2": {
			"children": [
				"E4B69E1D0A3A1BDC003C02F2",
				"E4B69E1E0A3A1BDC003C02F2",
				"E4B69E1F0A3A1BDC003C02F2"
			],
			"isa": "PBXGroup",
			"path": "src",
			"sourceTree": "SOURCE_ROOT"
		},
		"E4B69E1D0A3A1BDC003C02F2": {
			"fileEncoding": "4",
			"isa": "PBXFileReference",
			"lastKnownFileType": "sourcecode.cpp.cpp",
			"name": "main.cpp",
			"path": "src/main.cpp",
			"sourceTree": "SOURCE_ROOT"
		},
		"E4B69E1E0A3A1BDC003C02F2": {
			"explicitFileType": "sourcecode.cpp.cpp",
			"fileEncoding": "4",
			"isa": "PBXFileReference",
			"name": "ofApp.cpp",
			"path": "src/ofApp.cpp",
			"sourceTree": "SOURCE_ROOT"
		},
		"E4B69E1F0A3A1BDC003C02F2": {
			"fileEncoding": "4",
			"isa": "PBXFileReference",
			"lastKnownFileType": "sourcecode.c.h",
			"name": "ofApp.h",
			"path": "src/ofApp.h",
			"sourceTree": "SOURCE_ROOT"
		},
		"E4B69E200A3A1BDC003C02F2": {
			"fileRef": "E4B69E1D0A3A1BDC003C02F2",
			"isa": "PBXBuildFile"
		},
		"E4B69E210A3A1BDC003C02F2": {
			"fileRef": "E4B69E1E0A3A1BDC003C02F2",
			"isa": "PBXBuildFile"
		},
		"E4B6FCAD0C3E899E008CF71C": {
			"fileEncoding": "4",
			"isa": "PBXFileReference",
			"lastKnownFileType": "text.plist.xml",
			"path": "openFrameworks-Info.plist",
			"sourceTree": "<group>"
		},
		"E4C2427710CC5ABF004149E2": {
			"buildActionMask": "2147483647",
			"dstPath": "",
			"dstSubfolderSpec": "10",
			"files": [],
			"isa": "PBXCopyFilesBuildPhase",
			"runOnlyForDeploymentPostprocessing": "0"
		},
		"E4EB6923138AFD0F00A09F29": {
			"fileEncoding": "4",
			"isa": "PBXFileReference",
			"lastKnownFileType": "text.xcconfig",
			"path": "Project.xcconfig",
			"sourceTree": "<group>"
		},
		"E51AE3ED-B72D-415C-9718-6DEF6A5BC98B": {
			"fileEncoding": "4",
			"isa": "PBXFileReference",
			"lastKnownFileType": "sourcecode.cpp.h",
			"name": "Faderport16Surface.h",
			"path": "../../../addons/ofxMidiDevice/src/Faderport16Surface.h",
			"sourceTree": "SOURCE_ROOT"
		},
		"E58BECBA-093F-48B7-9CA7-EE46059E813F": {
			"fileRef": "06EC972A-E42A-401B-A784-66ADE4E7CAE7",
			"isa": "PBXBuildFile"
		},
		"E5A09EE7-095C-4821-9D58-3A5767A2B1F6": {
			"fileEncoding": "4",
			"isa": "PBXFileReference",
			"lastKnownFileType": "sourcecode.cpp.cpp",
			"name": "ofxToggle.cpp",
			"path": "../../../addons/ofxGui/src/ofxToggle.cpp",
			"sourceTree": "SOURCE_ROOT"
		},
		"E61C5011-AE8F-485A-97E0-9CA691921EAA": {
			"fileEncoding": "4",
			"isa": "PBXFileReference",
			"lastKnownFileType": "sourcecode.cpp.cpp",
			"name": "ofxInputField.cpp",
			"path": "../../../addons/ofxGui/src/ofxInputField.cpp",
			"sourceTree": "SOURCE_ROOT"
		},
		"E63D3157-226A-4CFD-A9C1-AE1F89B75EB4": {
			"fileRef": "16B41441-E031-4CAF-BA66-F190242C87A0",
			"isa": "PBXBuildFile"
		},
		"E64F8029-3E0A-4D4C-A3C2-D76AF831B823": {
			"children": [
				"3AAF2AEB-EB92-43E1-AE35-DC9A145BE29E"
			],
			"isa": "PBXGroup",
			"name": "libs",
			"sourceTree": "SOURCE_ROOT"
		},
		"E94DAB45-91FC-410D-B418-03635520AB79": {
			"fileRef": "A915469E-805F-402A-86D4-E0468C107EF5",
			"isa": "PBXBuildFile"
		},
		"EA42F525-00D4-4B16-B3A6-0FF3709803D4": {
			"fileEncoding": "4",
			"isa": "PBXFileReference",
			"lastKnownFileType": "sourcecode.cpp.cpp",
			"name": "PushDisplayTransport.cpp",
			"path": "../../../addons/ofxMidiDevice/src/PushDisplayTransport.cpp",
			"sourceTree": "SOURCE_ROOT"
		},
		"EB7F8F2F-CA0A-4FB8-B180-A17CA8E7173F": {
			"fileEncoding": "4",
			"isa": "PBXFileReference",
			"lastKnownFileType": "sourcecode.cpp.cpp",
			"name": "Push3Surface.cpp",
			"path": "../../../addons/ofxMidiDevice/src/Push3Surface.cpp",
			"sourceTree": "SOURCE_ROOT"
		},
		"EBA5E933-80FB-478D-BEDD-3F5DCF63C5C8": {
			"fileEncoding": "4",
			"isa": "PBXFileReference",
			"lastKnownFileType": "sourcecode.cpp.h",
			"name": "ofxOscMessage.h",
			"path": "../../../addons/ofxOsc/src/ofxOscMessage.h",
			"sourceTree": "SOURCE_ROOT"
		},
		"EBE19FD3-4443-4962-B8A7-DAB66B350510": {
			"fileEncoding": "4",
			"isa": "PBXFileReference",
			"lastKnownFileType": "sourcecode.cpp.h",
			"name": "ofxRtMidiIn.h",
			"path": "../../../addons/ofxMidi/src/desktop/ofxRtMidiIn.h",
			"sourceTree": "SOURCE_ROOT"
		},
		"EC559DBB-9C3B-45C0-9D73-5253AB266F33": {
			"fileEncoding": "4",
			"isa": "PBXFileReference",
			"lastKnownFileType": "sourcecode.cpp.h",
			"name": "ofxMidiDevice.h",
			"path": "../../../addons/ofxMidiDevice/src/ofxMidiDevice.h",
			"sourceTree": "SOURCE_ROOT"
		},
		"EF2DAB77-8480-4358-B090-4455F6C863F9": {
			"fileEncoding": "4",
			"isa": "PBXFileReference",
			"lastKnownFileType": "sourcecode.cpp.cpp",
			"name": "ofxOscSender.cpp",
			"path": "../../../addons/ofxOsc/src/ofxOscSender.cpp",
			"sourceTree": "SOURCE_ROOT"
		},
		"EF576A45-43FB-44E1-8BEE-1FB6BDB031A6": {
			"fileRef": "62D9AED7-9AA8-45F5-9548-92BF9E069F5C",
			"isa": "PBXBuildFile"
		},
		"EF6D1F6A-64AE-41BD-9C7B-5A9A2068EA54": {
			"fileEncoding": "4",
			"isa": "PBXFileReference",
			"lastKnownFileType": "sourcecode.cpp.cpp",
			"name": "ofxButton.cpp",
			"path": "../../../addons/ofxGui/src/ofxButton.cpp",
			"sourceTree": "SOURCE_ROOT"
		},
		"F185093C-45B3-4CA1-A6AB-979D787A145B": {
			"fileEncoding": "4",
			"isa": "PBXFileReference",
			"lastKnownFileType": "sourcecode.cpp.h",
			"name": "TimerListener.h",
			"path": "../../../addons/ofxOsc/libs/oscpack/src/ip/TimerListener.h",
			"sourceTree": "SOURCE_ROOT"
		},
		"F37EBD76-DD5E-4291-BAFE-0C78A99CDFDE": {
			"fileEncoding": "4",
			"isa": "PBXFileReference",
			"lastKnownFileType": "sourcecode.cpp.h",
			"name": "OscException.h",
			"path": "../../../addons/ofxOsc/libs/oscpack/src/osc/OscException.h",
			"sourceTree": "SOURCE_ROOT"
		},
		"F42249B9-6D73-4C10-B5E3-B2C35ACDACE2": {
			"fileEncoding": "4",
			"isa": "PBXFileReference",
			"lastKnownFileType": "sourcecode.cpp.h",
			"name": "ofxMidiTimecode.h",
			"path": "../../../addons/ofxMidi/src/ofxMidiTimecode.h",
			"sourceTree": "SOURCE_ROOT"
		},
		"F53D1DCA-9C7C-4329-9E6B-1184EA13B26E": {
			"fileRef": "7C67D323-CC78-4002-BDE8-D81D44D77E37",
			"isa": "PBXBuildFile"
		},
		"F815DCAB-3A18-4085-9D39-FE473D399967": {
			"fileEncoding": "4",
			"isa": "PBXFileReference",
			"lastKnownFileType": "sourcecode.cpp.h",
			"name": "DeviceProfile.h",
			"path": "../../../addons/ofxMidiDevice/src/DeviceProfile.h",
			"sourceTree": "SOURCE_ROOT"
		},
		"FBE80656-B92B-4BA5-A76D-DF979CC32927": {
			"fileRef": "C8DBF082-09AF-4677-A33A-2C67F1092E73",
			"isa": "PBXBuildFile"
		},
		"FD075951-C1EB-4BB7-8664-8F49C66E0764": {
			"fileEncoding": "4",
			"isa": "PBXFileReference",
			"lastKnownFileType": "sourcecode.cpp.h",
			"name": "NetworkingUtils.h",
			"path": "../../../addons/ofxOsc/libs/oscpack/src/ip/NetworkingUtils.h",
			"sourceTree": "SOURCE_ROOT"
		},
		"FEA390D0-A5DA-4BD6-9650-76F4897EC5B5": {
			"fileEncoding": "4",
			"isa": "PBXFileReference",
			"lastKnownFileType": "sourcecode.cpp.h",
			"name": "ofxToggle.h",
			"path": "../../../addons/ofxGui/src/ofxToggle.h",
			"sourceTree": "SOURCE_ROOT"
		}
	},
	"openFrameworksProjectGeneratorVersion": "34",
	"rootObject": "E4B69B4C0A3A1720003C02F2"
}