{
	"archiveVersion": "1",
	"classes": {},
	"objectVersion": "54",
	"objects": {
		"00A15B0B-65B6-46C6-95F9-283C65404E62": {
			"children": [
				"1CF55F73-3D22-440B-8F47-824B9735FA79"
			],
			"isa": "PBXGroup",
			"name": "ofxGui",
			"path": "../../../addons/ofxGui",
			"sourceTree": "SOURCE_ROOT"
		},
		"021CE132-05CA-43AB-8369-AE753911DC25": {
			"fileRef": "25CA64F5-1FD7-4E13-9E7A-07C8C77DA9E9",
			"isa": "PBXBuildFile"
		},
		"028F7BB7-9E4E-49AC-8063-58E0EB8A36C6": {
			"explicitFileType": "sourcecode.cpp.cpp",
			"fileEncoding": "4",
			"isa": "PBXFileReference",
			"name": "ofxToggle.cpp",
			"path": "../../../addons/ofxGui/src/ofxToggle.cpp",
			"sourceTree": "SOURCE_ROOT"
		},
		"0624AA2B-0636-4241-A1AF-1FE3196AB651": {
			"explicitFileType": "sourcecode.c.h",
			"fileEncoding": "4",
			"isa": "PBXFileReference",
			"name": "ofxMidi.h",
			"path": "../../../addons/ofxMidi/src/ofxMidi.h",
			"sourceTree": "SOURCE_ROOT"
		},
		"062CEB8E-B5E1-404A-985F-BB8AB8E63134": {
			"fileRef": "C4D4B272-A8DA-4F9F-866B-3FD45A8BBB77",
			"isa": "PBXBuildFile"
		},
		"079C0D26-A9A3-48AF-B6BF-837F38A4C278": {
			"fileRef": "19E8B33E-3439-4799-A5FD-4B7B467EB15A",
			"isa": "PBXBuildFile"
		},
		"07BA0FA8-ABAF-4F40-A159-366393416C13": {
			"explicitFileType": "sourcecode.cpp.cpp",
			"fileEncoding": "4",
			"isa": "PBXFileReference",
			"name": "ofxOscBundle.cpp",
			"path": "../../../addons/ofxOsc/src/ofxOscBundle.cpp",
			"sourceTree": "SOURCE_ROOT"
		},
		"0A8FCDE8-6C02-4546-A3CA-818F74A1566C": {
			"explicitFileType": "sourcecode.c.h",
			"fileEncoding": "4",
			"isa": "PBXFileReference",
			"name": "NetworkingUtils.h",
			"path": "../../../addons/ofxOsc/libs/oscpack/src/ip/NetworkingUtils.h",
			"sourceTree": "SOURCE_ROOT"
		},
		"0DC57B2D-71E3-43CF-84AA-A5BBE27AB7B5": {
			"explicitFileType": "sourcecode.c.h",
			"fileEncoding": "4",
			"isa": "PBXFileReference",
			"name": "ofxOscBundle.h",
			"path": "../../../addons/ofxOsc/src/ofxOscBundle.h",
			"sourceTree": "SOURCE_ROOT"
		},
		"0E1B45C1-935A-463A-A903-2D31CCB68A4D": {
			"isa": "PBXFileReference",
			"lastKnownFileType": "wrapper.framework",
			"name": "CoreMIDI.framework",
			"path": "/System/Library/Frameworks/CoreMIDI.framework",
			"sourceTree": "SOURCE_ROOT"
		},
		"1015AC51-28BE-4379-85AB-C9CC1DB3371C": {
			"explicitFileType": "sourcecode.c.h",
			"fileEncoding": "4",
			"isa": "PBXFileReference",
			"name": "MessageMappingOscPacketListener.h",
			"path": "../../../addons/ofxOsc/libs/oscpack/src/osc/MessageMappingOscPacketListener.h",
			"sourceTree": "SOURCE_ROOT"
		},
		"11229D8D-D165-4DDC-9E36-90B8CB200E1D": {
			"fileRef": "9F2A59DB-F51D-41EC-B004-3323B4745294",
			"isa": "PBXBuildFile"
		},
		"120D1560-D7B2-4773-BFD6-538EF2F6841B": {
			"children": [
				"3623ECB5-94AA-4723-BAFB-27078C5A31AB",
				"EF91442A-4CDE-4568-B474-7450282DE21A"
			],
			"isa": "PBXGroup",
			"name": "posix",
			"path": "../../../addons/ofxOsc/libs/oscpack/src/ip/posix",
			"sourceTree": "SOURCE_ROOT"
		},
		"12DB127C-44A1-40A4-B701-08EAE496F0E4": {
			"explicitFileType": "sourcecode.cpp.cpp",
			"fileEncoding": "4",
			"isa": "PBXFileReference",
			"name": "OscTypes.cpp",
			"path": "../../../addons/ofxOsc/libs/oscpack/src/osc/OscTypes.cpp",
			"sourceTree": "SOURCE_ROOT"
		},
		"176A77AB-549C-4A44-8788-C3C362E7969D": {
			"fileRef": "EF91442A-4CDE-4568-B474-7450282DE21A",
			"isa": "PBXBuildFile"
		},
		"17BA16BB-16E6-4370-9072-7093A3A5B3B3": {
			"explicitFileType": "sourcecode.c.h",
			"fileEncoding": "4",
			"isa": "PBXFileReference",
			"name": "ofxMidiIn.h",
			"path": "../../../addons/ofxMidi/src/ofxMidiIn.h",
			"sourceTree": "SOURCE_ROOT"
		},
		"1820D583-2467-4CAF-AA03-1F1CC4A4E30F": {
			"children": [
				"2AE404DE-68CB-4021-BF08-BB90F78AC141"
			],
			"isa": "PBXGroup",
			"name": "ofxMidiDevice",
			"path": "../../../addons/ofxMidiDevice",
			"sourceTree": "SOURCE_ROOT"
		},
		"18A1C81F-4C29-4988-A083-990B6C7C900B": {
			"explicitFileType": "sourcecode.c.h",
			"fileEncoding": "4",
			"isa": "PBXFileReference",
			"name": "ofxSliderGroup.h",
			"path": "../../../addons/ofxGui/src/ofxSliderGroup.h",
			"sourceTree": "SOURCE_ROOT"
		},
		"191CD6FA2847E21E0085CBB6": {
			"fileEncoding": "4",
			"isa": "PBXFileReference",
			"lastKnownFileType": "text.plist.entitlements",
			"path": "of.entitlements",
			"sourceTree": "<group>"
		},
		"191EF70929D778A400F35F26": {
			"isa": "PBXFileReference",
			"lastKnownFileType": "folder",
			"name": "openFrameworks",
			"path": "../../../libs/openFrameworks",
			"sourceTree": "SOURCE_ROOT"
		},
		"19B789C429E5AB4A0082E9B8": {
			"buildActionMask": "2147483647",
			"files": [],
			"inputFileListPaths": [],
			"inputPaths": [],
			"isa": "PBXShellScriptBuildPhase",
			"outputFileListPaths": [],
			"outputPaths": [],
			"runOnlyForDeploymentPostprocessing": "0",
			"shellPath": "/bin/sh",
			"shellScript": "\"$OF_PATH/scripts/osx/xcode_project.sh\"\n",
			"showEnvVarsInLog": "0"
		},
		"19E1362B-93DD-488E-ACB5-25CAD4C6A402": {
			"explicitFileType": "sourcecode.c.h",
			"fileEncoding": "4",
			"isa": "PBXFileReference",
			"name": "ofxMidiTimecode.h",
			"path": "../../../addons/ofxMidi/src/ofxMidiTimecode.h",
			"sourceTree": "SOURCE_ROOT"
		},
		"19E8B33E-3439-4799-A5FD-4B7B467EB15A": {
			"explicitFileType": "sourcecode.cpp.cpp",
			"fileEncoding": "4",
			"isa": "PBXFileReference",
			"name": "ofxOscSender.cpp",
			"path": "../../../addons/ofxOsc/src/ofxOscSender.cpp",
			"sourceTree": "SOURCE_ROOT"
		},
		"19E94547-014A-4E84-A7E5-3C07B5B70031": {
			"fileRef": "07BA0FA8-ABAF-4F40-A159-366393416C13",
			"isa": "PBXBuildFile"
		},
		"1CF55F73-3D22-440B-8F47-824B9735FA79": {
			"children": [
				"C4D4B272-A8DA-4F9F-866B-3FD45A8BBB77",
				"3CBEB1DB-D2F1-46C1-9F8B-C723881E4FF3",
				"CBC477CB-0876-42D7-BBD6-1E348DF69BB1",
				"F1A96810-74F5-4C96-8AF3-0936A494305E",
				"E9765D97-AB91-434B-962C-220FAADBF420",
				"A21BE9C0-C992-4997-8E73-EB168190826F",
				"C7AD596D-A5B2-4F47-9B82-AF7124710E99",
				"70E19708-36E6-4065-B933-D9F33FB7174B",
				"9BBB06E0-9204-49C2-ACCB-D4A913656BBD",
				"B5D49DE7-816F-4E19-B8B6-8B29E0666433",
				"287F799B-2072-4A3B-ADF9-0E28CD5766FB",
				"5F2053D2-7D12-4A05-B0D2-B059C786B99B",
				"2F787DA3-9F43-49BE-B7BE-9BE1890851FC",
				"6A1145CB-802D-4D34-9BA6-837221CBC14D",
				"320A566C-A3FB-49B1-BB14-F2DAB23337B1",
				"FC746FE6-F669-4E8B-938E-11653FD1C2EE",
				"A523F898-6E4A-4309-9719-174C3B3758AF",
				"D6DE457F-770C-4891-A515-328D74F3C528",
				"DAB50753-DCF4-48AD-A94F-A03283E6561C",
				"18A1C81F-4C29-4988-A083-990B6C7C900B",
				"028F7BB7-9E4E-49AC-8063-58E0EB8A36C6",
				"24668C84-794E-4060-B96C-B1F9FBC7EEB6"
			],
			"isa": "PBXGroup",
			"name": "src",
			"path": "../../../addons/ofxGui/src",
			"sourceTree": "SOURCE_ROOT"
		},
		"24668C84-794E-4060-B96C-B1F9FBC7EEB6": {
			"explicitFileType": "sourcecode.c.h",
			"fileEncoding": "4",
			"isa": "PBXFileReference",
			"name": "ofxToggle.h",
			"path": "../../../addons/ofxGui/src/ofxToggle.h",
			"sourceTree": "SOURCE_ROOT"
		},
		"25CA64F5-1FD7-4E13-9E7A-07C8C77DA9E9": {
			"explicitFileType": "sourcecode.cpp.cpp",
			"fileEncoding": "4",
			"isa": "PBXFileReference",
			"name": "ofxRtMidiOut.cpp",
			"path": "../../../addons/ofxMidi/src/desktop/ofxRtMidiOut.cpp",
			"sourceTree": "SOURCE_ROOT"
		},
		"263A32DA-6CC9-4561-872A-A68EE1438FCA": {
			"fileRef": "70E19708-36E6-4065-B933-D9F33FB7174B",
			"isa": "PBXBuildFile"
		},
		"287F799B-2072-4A3B-ADF9-0E28CD5766FB": {
			"explicitFileType": "sourcecode.cpp.cpp",
			"fileEncoding": "4",
			"isa": "PBXFileReference",
			"name": "ofxInputField.cpp",
			"path": "../../../addons/ofxGui/src/ofxInputField.cpp",
			"sourceTree": "SOURCE_ROOT"
		},
		"2AE404DE-68CB-4021-BF08-BB90F78AC141": {
			"children": [
				"D9464816-947F-4EDC-8477-A59D4483AF64",
				"912F6A6F-75B4-4872-A8AC-6403D6CA0BED",
				"CA9EBC5D-EF9A-495E-89AB-BD0800FFF686",
				"46866FA1-215F-46AF-8F38-D92CC5D709AB",
				"E5F83ABD-A30B-4558-AB3E-3C9F731E367E",
				"A1BDD3FF-F0C4-4035-90CC-F3F762213332"
			],
			"isa": "PBXGroup",
			"name": "src",
			"path": "../../../addons/ofxMidiDevice/src",
			"sourceTree": "SOURCE_ROOT"
		},
		"2F4224D1-B69F-4C94-A525-412E0CABCCC9": {
			"explicitFileType": "sourcecode.cpp.cpp",
			"fileEncoding": "4",
			"isa": "PBXFileReference",
			"name": "ofxOscParameterSync.cpp",
			"path": "../../../addons/ofxOsc/src/ofxOscParameterSync.cpp",
			"sourceTree": "SOURCE_ROOT"
		},
		"2F5CE272-B2B8-4668-95CD-7A3832D5B6F1": {
			"explicitFileType": "sourcecode.cpp.cpp",
			"fileEncoding": "4",
			"isa": "PBXFileReference",
			"name": "ofxMadOscQuery.cpp",
			"path": "../../../addons/ofxMadOscQuery/src/ofxMadOscQuery.cpp",
			"sourceTree": "SOURCE_ROOT"
		},
		"2F5E1C54-51AE-4780-856F-C0C112EBCAC9": {
			"fileRef": "BC393568-F7B3-4D53-AFC8-B2791C5C1DC9",
			"isa": "PBXBuildFile"
		},
		"2F787DA3-9F43-49BE-B7BE-9BE1890851FC": {
			"explicitFileType": "sourcecode.cpp.cpp",
			"fileEncoding": "4",
			"isa": "PBXFileReference",
			"name": "ofxLabel.cpp",
			"path": "../../../addons/ofxGui/src/ofxLabel.cpp",
			"sourceTree": "SOURCE_ROOT"
		},
		"2F9F7FBC-92FD-4B75-90EE-F566C0AF53F8": {
			"explicitFileType": "sourcecode.c.h",
			"fileEncoding": "4",
			"isa": "PBXFileReference",
			"name": "ofxMidiOut.h",
			"path": "../../../addons/ofxMidi/src/ofxMidiOut.h",
			"sourceTree": "SOURCE_ROOT"
		},
		"320A566C-A3FB-49B1-BB14-F2DAB23337B1": {
			"explicitFileType": "sourcecode.cpp.cpp",
			"fileEncoding": "4",
			"isa": "PBXFileReference",
			"name": "ofxPanel.cpp",
			"path": "../../../addons/ofxGui/src/ofxPanel.cpp",
			"sourceTree": "SOURCE_ROOT"
		},
		"3623ECB5-94AA-4723-BAFB-27078C5A31AB": {
			"explicitFileType": "sourcecode.cpp.cpp",
			"fileEncoding": "4",
			"isa": "PBXFileReference",
			"name": "NetworkingUtils.cpp",
			"path": "../../../addons/ofxOsc/libs/oscpack/src/ip/posix/NetworkingUtils.cpp",
			"sourceTree": "SOURCE_ROOT"
		},
		"385962C7-78E2-4B97-857B-4691B82E1BFC": {
			"fileRef": "287F799B-2072-4A3B-ADF9-0E28CD5766FB",
			"isa": "PBXBuildFile"
		},
		"3890F969-06A6-4AF5-A976-80031B463638": {
			"fileRef": "670BBDEC-DCDD-458F-98C6-F0EE0CC4E8C4",
			"isa": "PBXBuildFile"
		},
		"3A424EEC-E1D1-4F6F-B4D7-7F6DA1CE7FA6": {
			"fileRef": "3623ECB5-94AA-4723-BAFB-27078C5A31AB",
			"isa": "PBXBuildFile"
		},
		"3ADBD08D-C82A-4C00-9506-7E10BD53A833": {
			"explicitFileType": "sourcecode.cpp.cpp",
			"fileEncoding": "4",
			"isa": "PBXFileReference",
			"name": "ofxMidiMessage.cpp",
			"path": "../../../addons/ofxMidi/src/ofxMidiMessage.cpp",
			"sourceTree": "SOURCE_ROOT"
		},
		"3CBEB1DB-D2F1-46C1-9F8B-C723881E4FF3": {
			"explicitFileType": "sourcecode.c.h",
			"fileEncoding": "4",
			"isa": "PBXFileReference",
			"name": "ofxBaseGui.h",
			"path": "../../../addons/ofxGui/src/ofxBaseGui.h",
			"sourceTree": "SOURCE_ROOT"
		},
		"3E20C0E6-BAE0-4F9F-95A5-109F01951BF3": {
			"children": [
				"966074C5-44F3-4DBA-AE4F-063189B5C63F"
			],
			"isa": "PBXGroup",
			"name": "ofxMadOscQuery",
			"path": "../../../addons/ofxMadOscQuery",
			"sourceTree": "SOURCE_ROOT"
		},
		"3F31E211-C6F9-43DF-89B5-FFFDD2109E0E": {
			"explicitFileType": "sourcecode.c.h",
			"fileEncoding": "4",
			"isa": "PBXFileReference",
			"name": "MadParameterPage.hpp",
			"path": "../../../addons/ofxMadOscQuery/src/MadParameterPage.hpp",
			"sourceTree": "SOURCE_ROOT"
		},
		"42A94164-D7FD-46B0-A8D1-35758C3695A2": {
			"explicitFileType": "sourcecode.c.h",
			"fileEncoding": "4",
			"isa": "PBXFileReference",
			"name": "ofxOscParameterSync.h",
			"path": "../../../addons/ofxOsc/src/ofxOscParameterSync.h",
			"sourceTree": "SOURCE_ROOT"
		},
		"42ABD8F9-2C28-4B41-B873-B09A9F15BFC6": {
			"children": [
				"FCD7EE6C-4EF4-4282-BBF7-CFBEDC1677F6",
				"53B9FB6C-D2EC-4FE5-9C3B-AD798A4638AE",
				"F7FB82BE-E8F0-4495-A149-27B35A24A728"
			],
			"isa": "PBXGroup",
			"name": "ofxMidi",
			"path": "../../../addons/ofxMidi",
			"sourceTree": "SOURCE_ROOT"
		},
		"46866FA1-215F-46AF-8F38-D92CC5D709AB": {
			"explicitFileType": "sourcecode.c.h",
			"fileEncoding": "4",
			"isa": "PBXFileReference",
			"name": "MidiComponentGroup.h",
			"path": "../../../addons/ofxMidiDevice/src/MidiComponentGroup.h",
			"sourceTree": "SOURCE_ROOT"
		},
		"46C068B5-FAB7-4709-8FD3-D779F4D522E5": {
			"explicitFileType": "sourcecode.c.h",
			"fileEncoding": "4",
			"isa": "PBXFileReference",
			"name": "IpEndpointName.h",
			"path": "../../../addons/ofxOsc/libs/oscpack/src/ip/IpEndpointName.h",
			"sourceTree": "SOURCE_ROOT"
		},
		"48802E54-A623-4A5D-A6E3-10E855A9D61C": {
			"fileRef": "E50FCD91-C1F8-4B2A-889A-4893F32C63C8",
			"isa": "PBXBuildFile"
		},
		"4998C1A7-4B44-429D-BF4C-6FAA45E6DFCC": {
			"explicitFileType": "sourcecode.cpp.cpp",
			"fileEncoding": "4",
			"isa": "PBXFileReference",
			"name": "ofxMidi.cpp",
			"path": "../../../addons/ofxMidi/src/ofxMidi.cpp",
			"sourceTree": "SOURCE_ROOT"
		},
		"4C089CE5-A619-43C9-96B3-D4B3E64E8C1B": {
			"fileRef": "5D439AC1-9AEE-4A4A-8B65-B5FA58771167",
			"isa": "PBXBuildFile"
		},
		"4D32B22F-FAA6-4FEA-AC95-0C3188417962": {
			"fileRef": "A25D3271-2993-4E54-BDD8-6285AA5F86AF",
			"isa": "PBXBuildFile"
		},
		"52375A7E-D329-4DB1-ACCC-8F54E009BB73": {
			"children": [
				"7AADA117-96A8-49F4-B354-618F45105FDC",
				"8CF19FF8-D815-4644-A6AD-DFDB83383821"
			],
			"isa": "PBXGroup",
			"name": "ofxOsc",
			"path": "../../../addons/ofxOsc",
			"sourceTree": "SOURCE_ROOT"
		},
		"53B9FB6C-D2EC-4FE5-9C3B-AD798A4638AE": {
			"children": [
				"BE990234-1AEA-4A42-8F7D-1615C2B92809",
				"BC393568-F7B3-4D53-AFC8-B2791C5C1DC9",
				"F612D4BF-8318-4053-8B0A-31FF449DF3CA",
				"4998C1A7-4B44-429D-BF4C-6FAA45E6DFCC",
				"0624AA2B-0636-4241-A1AF-1FE3196AB651",
				"71B7B665-783C-4F57-9844-9CADD66401C6",
				"FFCBDC2F-0A62-47D5-AE7A-97F223947464",
				"858DCECB-60AC-4617-B66F-67A0293CD0D0",
				"AC408222-9F43-4610-ADA3-B8EDD2C0002E",
				"17BA16BB-16E6-4370-9072-7093A3A5B3B3",
				"3ADBD08D-C82A-4C00-9506-7E10BD53A833",
				"D1122F29-D3B2-4F0B-B0BE-C0EA5A4C77F9",
				"670BBDEC-DCDD-458F-98C6-F0EE0CC4E8C4",
				"2F9F7FBC-92FD-4B75-90EE-F566C0AF53F8",
				"C7423F14-707C-4989-97D6-793EC0BE2621",
				"19E1362B-93DD-488E-ACB5-25CAD4C6A402",
				"ABB23705-7CD2-48D0-890E-FFC47F5C306D"
			],
			"isa": "PBXGroup",
			"name": "src",
			"path": "../../../addons/ofxMidi/src",
			"sourceTree": "SOURCE_ROOT"
		},
		"577F472E-7FDB-4711-993C-5DAA9400EA3D": {
			"fileRef": "12DB127C-44A1-40A4-B701-08EAE496F0E4",
			"isa": "PBXBuildFile"
		},
		"57BC8A9A-FB14-43D8-9586-E6C3E5BC4709": {
			"explicitFileType": "sourcecode.c.h",
			"fileEncoding": "4",
			"isa": "PBXFileReference",
			"name": "ofxOscReceiver.h",
			"path": "../../../addons/ofxOsc/src/ofxOscReceiver.h",
			"sourceTree": "SOURCE_ROOT"
		},
		"5D439AC1-9AEE-4A4A-8B65-B5FA58771167": {
			"explicitFileType": "sourcecode.cpp.cpp",
			"fileEncoding": "4",
			"isa": "PBXFileReference",
			"name": "OscPrintReceivedElements.cpp",
			"path": "../../../addons/ofxOsc/libs/oscpack/src/osc/OscPrintReceivedElements.cpp",
			"sourceTree": "SOURCE_ROOT"
		},
		"5F2053D2-7D12-4A05-B0D2-B059C786B99B": {
			"explicitFileType": "sourcecode.c.h",
			"fileEncoding": "4",
			"isa": "PBXFileReference",
			"name": "ofxInputField.h",
			"path": "../../../addons/ofxGui/src/ofxInputField.h",
			"sourceTree": "SOURCE_ROOT"
		},
		"670BBDEC-DCDD-458F-98C6-F0EE0CC4E8C4": {
			"explicitFileType": "sourcecode.cpp.cpp",
			"fileEncoding": "4",
			"isa": "PBXFileReference",
			"name": "ofxMidiOut.cpp",
			"path": "../../../addons/ofxMidi/src/ofxMidiOut.cpp",
			"sourceTree": "SOURCE_ROOT"
		},
		"68BD77B8-4F56-4255-84E3-AA04E9BD6F0F": {
			"fileRef": "DAB50753-DCF4-48AD-A94F-A03283E6561C",
			"isa": "PBXBuildFile"
		},
		"68FBE58E-B459-4C46-995C-F14AAD7FCE66": {
			"explicitFileType": "sourcecode.c.h",
			"fileEncoding": "4",
			"isa": "PBXFileReference",
			"name": "ofxMadOscQuery.h",
			"path": "../../../addons/ofxMadOscQuery/src/ofxMadOscQuery.h",
			"sourceTree": "SOURCE_ROOT"
		},
		"6A1145CB-802D-4D34-9BA6-837221CBC14D": {
			"explicitFileType": "sourcecode.c.h",
			"fileEncoding": "4",
			"isa": "PBXFileReference",
			"name": "ofxLabel.h",
			"path": "../../../addons/ofxGui/src/ofxLabel.h",
			"sourceTree": "SOURCE_ROOT"
		},
		"6D873699-1EF1-4933-9C34-FDC63F81AB5E": {
			"explicitFileType": "sourcecode.c.h",
			"fileEncoding": "4",
			"isa": "PBXFileReference",
			"name": "ofxOscArg.h",
			"path": "../../../addons/ofxOsc/src/ofxOscArg.h",
			"sourceTree": "SOURCE_ROOT"
		},
		"6E6EE0F3-0DCD-4E67-BBF7-CCEEE821D107": {
			"fileRef": "3ADBD08D-C82A-4C00-9506-7E10BD53A833",
			"isa": "PBXBuildFile"
		},
		"6F670AC3-1CC3-46B7-B7BB-8BC9F4BD12C8": {
			"fileRef": "4998C1A7-4B44-429D-BF4C-6FAA45E6DFCC",
			"isa": "PBXBuildFile"
		},
		"70E19708-36E6-4065-B933-D9F33FB7174B": {
			"explicitFileType": "sourcecode.cpp.cpp",
			"fileEncoding": "4",
			"isa": "PBXFileReference",
			"name": "ofxGuiGroup.cpp",
			"path": "../../../addons/ofxGui/src/ofxGuiGroup.cpp",
			"sourceTree": "SOURCE_ROOT"
		},
		"71B7B665-783C-4F57-9844-9CADD66401C6": {
			"explicitFileType": "sourcecode.cpp.cpp",
			"fileEncoding": "4",
			"isa": "PBXFileReference",
			"name": "ofxMidiClock.cpp",
			"path": "../../../addons/ofxMidi/src/ofxMidiClock.cpp",
			"sourceTree": "SOURCE_ROOT"
		},
		"7219B8EF-85F3-4FB1-A570-E04717AE114F": {
			"children": [
				"E2E7132C-91AA-407A-9999-6B06B7A34815"
			],
			"isa": "PBXGroup",
			"name": "oscpack",
			"path": "../../../addons/ofxOsc/libs/oscpack",
			"sourceTree": "SOURCE_ROOT"
		},
		"74EAA952-C1CA-40B2-84CF-E7FF8C87FE3F": {
			"fileRef": "2F787DA3-9F43-49BE-B7BE-9BE1890851FC",
			"isa": "PBXBuildFile"
		},
		"78C1D496-DA09-4B09-8A30-5E6E766C38BE": {
			"explicitFileType": "sourcecode.c.h",
			"fileEncoding": "4",
			"isa": "PBXFileReference",
			"name": "UdpSocket.h",
			"path": "../../../addons/ofxOsc/libs/oscpack/src/ip/UdpSocket.h",
			"sourceTree": "SOURCE_ROOT"
		},
		"7AADA117-96A8-49F4-B354-618F45105FDC": {
			"children": [
				"7219B8EF-85F3-4FB1-A570-E04717AE114F"
			],
			"isa": "PBXGroup",
			"name": "libs",
			"path": "../../../addons/ofxOsc/libs",
			"sourceTree": "SOURCE_ROOT"
		},
		"7ED26CA7-26B0-4498-A70C-F1FB1D0622C9": {
			"fileRef": "E5F83ABD-A30B-4558-AB3E-3C9F731E367E",
			"isa": "PBXBuildFile"
		},
		"8441628B-43F1-4EEF-95C9-16FF3FA6B1D2": {
			"fileRef": "320A566C-A3FB-49B1-BB14-F2DAB23337B1",
			"isa": "PBXBuildFile"
		},
		"858DCECB-60AC-4617-B66F-67A0293CD0D0": {
			"explicitFileType": "sourcecode.c.h",
			"fileEncoding": "4",
			"isa": "PBXFileReference",
			"name": "ofxMidiConstants.h",
			"path": "../../../addons/ofxMidi/src/ofxMidiConstants.h",
			"sourceTree": "SOURCE_ROOT"
		},
		"8A52DECC-AC47-48F4-AC0B-0B2E66CC30FD": {
			"fileRef": "0E1B45C1-935A-463A-A903-2D31CCB68A4D",
			"isa": "PBXBuildFile",
			"settings": {
				"ATTRIBUTES": [
					"CodeSignOnCopy"
				]
			}
		},
		"8CF19FF8-D815-4644-A6AD-DFDB83383821": {
			"children": [
				"9E302DD4-4D82-469E-95E2-FB8D86DE408D",
				"6D873699-1EF1-4933-9C34-FDC63F81AB5E",
				"07BA0FA8-ABAF-4F40-A159-366393416C13",
				"0DC57B2D-71E3-43CF-84AA-A5BBE27AB7B5",
				"E50FCD91-C1F8-4B2A-889A-4893F32C63C8",
				"CAEC187B-844A-4DE0-8274-7312BE279ECA",
				"2F4224D1-B69F-4C94-A525-412E0CABCCC9",
				"42A94164-D7FD-46B0-A8D1-35758C3695A2",
				"A25D3271-2993-4E54-BDD8-6285AA5F86AF",
				"57BC8A9A-FB14-43D8-9586-E6C3E5BC4709",
				"19E8B33E-3439-4799-A5FD-4B7B467EB15A",
				"A0C3C721-365A-4241-AAF1-E440D9BD3D86"
			],
			"isa": "PBXGroup",
			"name": "src",
			"path": "../../../addons/ofxOsc/src",
			"sourceTree": "SOURCE_ROOT"
		},
		"912F6A6F-75B4-4872-A8AC-6403D6CA0BED": {
			"explicitFileType": "sourcecode.c.h",
			"fileEncoding": "4",
			"isa": "PBXFileReference",
			"name": "Defines.h",
			"path": "../../../addons/ofxMidiDevice/src/Defines.h",
			"sourceTree": "SOURCE_ROOT"
		},
		"937ED2FE-2BC4-456E-9668-CC7560013EC2": {
			"explicitFileType": "sourcecode.cpp.cpp",
			"fileEncoding": "4",
			"isa": "PBXFileReference",
			"name": "RtMidi.cpp",
			"path": "../../../addons/ofxMidi/libs/rtmidi/RtMidi.cpp",
			"sourceTree": "SOURCE_ROOT"
		},
		"94F41A4E-F4A9-4D4A-94CB-2AD529F5DF60": {
			"children": [
				"AC82B8BF-775F-43D8-9CCC-7E9D4B3D9E8F",
				"46C068B5-FAB7-4709-8FD3-D779F4D522E5",
				"0A8FCDE8-6C02-4546-A3CA-818F74A1566C",
				"EB762565-9A71-47F0-9FAC-12EBC80D7A0A",
				"BB826C08-CFC7-40A9-912D-C5BC50F7DE3F",
				"78C1D496-DA09-4B09-8A30-5E6E766C38BE",
				"120D1560-D7B2-4773-BFD6-538EF2F6841B"
			],
			"isa": "PBXGroup",
			"name": "ip",
			"path": "../../../addons/ofxOsc/libs/oscpack/src/ip",
			"sourceTree": "SOURCE_ROOT"
		},
		"966074C5-44F3-4DBA-AE4F-063189B5C63F": {
			"children": [
				"CAF4055D-BC1C-4DA2-ADC2-C2A73D662050",
				"3F31E211-C6F9-43DF-89B5-FFFDD2109E0E",
				"2F5CE272-B2B8-4668-95CD-7A3832D5B6F1",
				"68FBE58E-B459-4C46-995C-F14AAD7FCE66"
			],
			"isa": "PBXGroup",
			"name": "src",
			"path": "../../../addons/ofxMadOscQuery/src",
			"sourceTree": "SOURCE_ROOT"
		},
		"97CB4A21-56DC-48A1-B633-6D477B3B0088": {
			"explicitFileType": "sourcecode.c.h",
			"fileEncoding": "4",
			"isa": "PBXFileReference",
			"name": "ofxRtMidiOut.h",
			"path": "../../../addons/ofxMidi/src/desktop/ofxRtMidiOut.h",
			"sourceTree": "SOURCE_ROOT"
		},
		"9BBB06E0-9204-49C2-ACCB-D4A913656BBD": {
			"explicitFileType": "sourcecode.c.h",
			"fileEncoding": "4",
			"isa": "PBXFileReference",
			"name": "ofxGuiGroup.h",
			"path": "../../../addons/ofxGui/src/ofxGuiGroup.h",
			"sourceTree": "SOURCE_ROOT"
		},
		"9C36F12B-001D-44CE-813C-8C35768EBA05": {
			"children": [
				"1015AC51-28BE-4379-85AB-C9CC1DB3371C",
				"D2668CF9-3D92-4889-B231-72C1DC120C44",
				"AE32AAFE-790D-4DF4-9F3C-499E73A76583",
				"A153B353-B813-4718-A135-3A603ABD5C4F",
				"EE2956AD-1062-4737-974C-CCD7F839ADB3",
				"A4C3E820-DDCC-468B-B19A-69DF82509437",
				"5D439AC1-9AEE-4A4A-8B65-B5FA58771167",
				"A88415AF-D621-47BB-B738-7787B08CE615",
				"BD215E25-17A5-4EFE-8975-EE6D3C7A2F2E",
				"A3E1820E-B222-4841-83D8-5939CFCDB2A7",
				"12DB127C-44A1-40A4-B701-08EAE496F0E4",
				"AB2ED0DE-04D2-441A-A2BF-FE63050AD40A"
			],
			"isa": "PBXGroup",
			"name": "osc",
			"path": "../../../addons/ofxOsc/libs/oscpack/src/osc",
			"sourceTree": "SOURCE_ROOT"
		},
		"9E302DD4-4D82-469E-95E2-FB8D86DE408D": {
			"explicitFileType": "sourcecode.c.h",
			"fileEncoding": "4",
			"isa": "PBXFileReference",
			"name": "ofxOsc.h",
			"path": "../../../addons/ofxOsc/src/ofxOsc.h",
			"sourceTree": "SOURCE_ROOT"
		},
		"9F2A59DB-F51D-41EC-B004-3323B4745294": {
			"explicitFileType": "sourcecode.cpp.cpp",
			"fileEncoding": "4",
			"isa": "PBXFileReference",
			"name": "ofxRtMidiIn.cpp",
			"path": "../../../addons/ofxMidi/src/desktop/ofxRtMidiIn.cpp",
			"sourceTree": "SOURCE_ROOT"
		},
		"A0C3C721-365A-4241-AAF1-E440D9BD3D86": {
			"explicitFileType": "sourcecode.c.h",
			"fileEncoding": "4",
			"isa": "PBXFileReference",
			"name": "ofxOscSender.h",
			"path": "../../../addons/ofxOsc/src/ofxOscSender.h",
			"sourceTree": "SOURCE_ROOT"
		},
		"A153B353-B813-4718-A135-3A603ABD5C4F": {
			"explicitFileType": "sourcecode.cpp.cpp",
			"fileEncoding": "4",
			"isa": "PBXFileReference",
			"name": "OscOutboundPacketStream.cpp",
			"path": "../../../addons/ofxOsc/libs/oscpack/src/osc/OscOutboundPacketStream.cpp",
			"sourceTree": "SOURCE_ROOT"
		},
		"A1BDD3FF-F0C4-4035-90CC-F3F762213332": {
			"explicitFileType": "sourcecode.c.h",
			"fileEncoding": "4",
			"isa": "PBXFileReference",
			"name": "ofxMidiDevice.h",
			"path": "../../../addons/ofxMidiDevice/src/ofxMidiDevice.h",
			"sourceTree": "SOURCE_ROOT"
		},
		"A21BE9C0-C992-4997-8E73-EB168190826F": {
			"explicitFileType": "sourcecode.c.h",
			"fileEncoding": "4",
			"isa": "PBXFileReference",
			"name": "ofxColorPicker.h",
			"path": "../../../addons/ofxGui/src/ofxColorPicker.h",
			"sourceTree": "SOURCE_ROOT"
		},
		"A24C8546-EE42-4629-BD50-F05985D23201": {
			"fileRef": "E9765D97-AB91-434B-962C-220FAADBF420",
			"isa": "PBXBuildFile"
		},
		"A25D3271-2993-4E54-BDD8-6285AA5F86AF": {
			"explicitFileType": "sourcecode.cpp.cpp",
			"fileEncoding": "4",
			"isa": "PBXFileReference",
			"name": "ofxOscReceiver.cpp",
			"path": "../../../addons/ofxOsc/src/ofxOscReceiver.cpp",
			"sourceTree": "SOURCE_ROOT"
		},
		"A3E1820E-B222-4841-83D8-5939CFCDB2A7": {
			"explicitFileType": "sourcecode.c.h",
			"fileEncoding": "4",
			"isa": "PBXFileReference",
			"name": "OscReceivedElements.h",
			"path": "../../../addons/ofxOsc/libs/oscpack/src/osc/OscReceivedElements.h",
			"sourceTree": "SOURCE_ROOT"
		},
		"A4C3E820-DDCC-468B-B19A-69DF82509437": {
			"explicitFileType": "sourcecode.c.h",
			"fileEncoding": "4",
			"isa": "PBXFileReference",
			"name": "OscPacketListener.h",
			"path": "../../../addons/ofxOsc/libs/oscpack/src/osc/OscPacketListener.h",
			"sourceTree": "SOURCE_ROOT"
		},
		"A523F898-6E4A-4309-9719-174C3B3758AF": {
			"explicitFileType": "sourcecode.cpp.cpp",
			"fileEncoding": "4",
			"isa": "PBXFileReference",
			"name": "ofxSlider.cpp",
			"path": "../../../addons/ofxGui/src/ofxSlider.cpp",
			"sourceTree": "SOURCE_ROOT"
		},
		"A88415AF-D621-47BB-B738-7787B08CE615": {
			"explicitFileType": "sourcecode.c.h",
			"fileEncoding": "4",
			"isa": "PBXFileReference",
			"name": "OscPrintReceivedElements.h",
			"path": "../../../addons/ofxOsc/libs/oscpack/src/osc/OscPrintReceivedElements.h",
			"sourceTree": "SOURCE_ROOT"
		},
		"AA1BA171-3677-41EC-9D8F-1481D3B8B393": {
			"explicitFileType": "sourcecode.c.h",
			"fileEncoding": "4",
			"isa": "PBXFileReference",
			"name": "ofxRtMidiIn.h",
			"path": "../../../addons/ofxMidi/src/desktop/ofxRtMidiIn.h",
			"sourceTree": "SOURCE_ROOT"
		},
		"AB2ED0DE-04D2-441A-A2BF-FE63050AD40A": {
			"explicitFileType": "sourcecode.c.h",
			"fileEncoding": "4",
			"isa": "PBXFileReference",
			"name": "OscTypes.h",
			"path": "../../../addons/ofxOsc/libs/oscpack/src/osc/OscTypes.h",
			"sourceTree": "SOURCE_ROOT"
		},
		"ABB23705-7CD2-48D0-890E-FFC47F5C306D": {
			"explicitFileType": "sourcecode.c.h",
			"fileEncoding": "4",
			"isa": "PBXFileReference",
			"name": "ofxMidiTypes.h",
			"path": "../../../addons/ofxMidi/src/ofxMidiTypes.h",
			"sourceTree": "SOURCE_ROOT"
		},
		"AC408222-9F43-4610-ADA3-B8EDD2C0002E": {
			"explicitFileType": "sourcecode.cpp.cpp",
			"fileEncoding": "4",
			"isa": "PBXFileReference",
			"name": "ofxMidiIn.cpp",
			"path": "../../../addons/ofxMidi/src/ofxMidiIn.cpp",
			"sourceTree": "SOURCE_ROOT"
		},
		"AC82B8BF-775F-43D8-9CCC-7E9D4B3D9E8F": {
			"explicitFileType": "sourcecode.cpp.cpp",
			"fileEncoding": "4",
			"isa": "PBXFileReference",
			"name": "IpEndpointName.cpp",
			"path": "../../../addons/ofxOsc/libs/oscpack/src/ip/IpEndpointName.cpp",
			"sourceTree": "SOURCE_ROOT"
		},
		"AE32AAFE-790D-4DF4-9F3C-499E73A76583": {
			"explicitFileType": "sourcecode.c.h",
			"fileEncoding": "4",
			"isa": "PBXFileReference",
			"name": "OscHostEndianness.h",
			"path": "../../../addons/ofxOsc/libs/oscpack/src/osc/OscHostEndianness.h",
			"sourceTree": "SOURCE_ROOT"
		},
		"AF16889F-4449-4848-9194-1F6E443ECE19": {
			"children": [
				"937ED2FE-2BC4-456E-9668-CC7560013EC2",
				"E1B7CA03-9F32-407A-839C-5B595CD1D5DB"
			],
			"isa": "PBXGroup",
			"name": "rtmidi",
			"path": "../../../addons/ofxMidi/libs/rtmidi",
			"sourceTree": "SOURCE_ROOT"
		},
		"AF772610-A780-4A01-8816-8BC705175089": {
			"fileRef": "A523F898-6E4A-4309-9719-174C3B3758AF",
			"isa": "PBXBuildFile"
		},
		"B3F28E51-B645-46ED-8D01-C66BAEF32233": {
			"fileRef": "AC82B8BF-775F-43D8-9CCC-7E9D4B3D9E8F",
			"isa": "PBXBuildFile"
		},
		"B4EF01C6-DDAD-4EB7-A847-3B2EDC7D136F": {
			"fileRef": "2F5CE272-B2B8-4668-95CD-7A3832D5B6F1",
			"isa": "PBXBuildFile"
		},
		"B5D49DE7-816F-4E19-B8B6-8B29E0666433": {
			"explicitFileType": "sourcecode.c.h",
			"fileEncoding": "4",
			"isa": "PBXFileReference",
			"name": "ofxGuiUtils.h",
			"path": "../../../addons/ofxGui/src/ofxGuiUtils.h",
			"sourceTree": "SOURCE_ROOT"
		},
		"BB4B014C10F69532006C3DED": {
			"children": [
				"00A15B0B-65B6-46C6-95F9-283C65404E62",
				"3E20C0E6-BAE0-4F9F-95A5-109F01951BF3",
				"42ABD8F9-2C28-4B41-B873-B09A9F15BFC6",
				"1820D583-2467-4CAF-AA03-1F1CC4A4E30F",
				"52375A7E-D329-4DB1-ACCC-8F54E009BB73"
			],
			"isa": "PBXGroup",
			"name": "addons",
			"path": "../../../addons",
			"sourceTree": "<group>"
		},
		"BB826C08-CFC7-40A9-912D-C5BC50F7DE3F": {
			"explicitFileType": "sourcecode.c.h",
			"fileEncoding": "4",
			"isa": "PBXFileReference",
			"name": "TimerListener.h",
			"path": "../../../addons/ofxOsc/libs/oscpack/src/ip/TimerListener.h",
			"sourceTree": "SOURCE_ROOT"
		},
		"BC393568-F7B3-4D53-AFC8-B2791C5C1DC9": {
			"explicitFileType": "sourcecode.cpp.cpp",
			"fileEncoding": "4",
			"isa": "PBXFileReference",
			"name": "ofxBaseMidi.cpp",
			"path": "../../../addons/ofxMidi/src/ofxBaseMidi.cpp",
			"sourceTree": "SOURCE_ROOT"
		},
		"BD215E25-17A5-4EFE-8975-EE6D3C7A2F2E": {
			"explicitFileType": "sourcecode.cpp.cpp",
			"fileEncoding": "4",
			"isa": "PBXFileReference",
			"name": "OscReceivedElements.cpp",
			"path": "../../../addons/ofxOsc/libs/oscpack/src/osc/OscReceivedElements.cpp",
			"sourceTree": "SOURCE_ROOT"
		},
		"BE990234-1AEA-4A42-8F7D-1615C2B92809": {
			"children": [
				"9F2A59DB-F51D-41EC-B004-3323B4745294",
				"AA1BA171-3677-41EC-9D8F-1481D3B8B393",
				"25CA64F5-1FD7-4E13-9E7A-07C8C77DA9E9",
				"97CB4A21-56DC-48A1-B633-6D477B3B0088"
			],
			"isa": "PBXGroup",
			"name": "desktop",
			"path": "../../../addons/ofxMidi/src/desktop",
			"sourceTree": "SOURCE_ROOT"
		},
		"BEF3F567-1F04-472C-9B2D-75017DE758FA": {
			"fileRef": "BD215E25-17A5-4EFE-8975-EE6D3C7A2F2E",
			"isa": "PBXBuildFile"
		},
		"C4D4B272-A8DA-4F9F-866B-3FD45A8BBB77": {
			"explicitFileType": "sourcecode.cpp.cpp",
			"fileEncoding": "4",
			"isa": "PBXFileReference",
			"name": "ofxBaseGui.cpp",
			"path": "../../../addons/ofxGui/src/ofxBaseGui.cpp",
			"sourceTree": "SOURCE_ROOT"
		},
		"C7423F14-707C-4989-97D6-793EC0BE2621": {
			"explicitFileType": "sourcecode.cpp.cpp",
			"fileEncoding": "4",
			"isa": "PBXFileReference",
			"name": "ofxMidiTimecode.cpp",
			"path": "../../../addons/ofxMidi/src/ofxMidiTimecode.cpp",
			"sourceTree": "SOURCE_ROOT"
		},
		"C7AD596D-A5B2-4F47-9B82-AF7124710E99": {
			"explicitFileType": "sourcecode.c.h",
			"fileEncoding": "4",
			"isa": "PBXFileReference",
			"name": "ofxGui.h",
			"path": "../../../addons/ofxGui/src/ofxGui.h",
			"sourceTree": "SOURCE_ROOT"
		},
		"CA9EBC5D-EF9A-495E-89AB-BD0800FFF686": {
			"explicitFileType": "sourcecode.c.h",
			"fileEncoding": "4",
			"isa": "PBXFileReference",
			"name": "MidiComponent.h",
			"path": "../../../addons/ofxMidiDevice/src/MidiComponent.h",
			"sourceTree": "SOURCE_ROOT"
		},
		"CAEC187B-844A-4DE0-8274-7312BE279ECA": {
			"explicitFileType": "sourcecode.c.h",
			"fileEncoding": "4",
			"isa": "PBXFileReference",
			"name": "ofxOscMessage.h",
			"path": "../../../addons/ofxOsc/src/ofxOscMessage.h",
			"sourceTree": "SOURCE_ROOT"
		},
		"CAF4055D-BC1C-4DA2-ADC2-C2A73D662050": {
			"explicitFileType": "sourcecode.c.h",
			"fileEncoding": "4",
			"isa": "PBXFileReference",
			"name": "MadParameter.h",
			"path": "../../../addons/ofxMadOscQuery/src/MadParameter.h",
			"sourceTree": "SOURCE_ROOT"
		},
		"CBC477CB-0876-42D7-BBD6-1E348DF69BB1": {
			"explicitFileType": "sourcecode.cpp.cpp",
			"fileEncoding": "4",
			"isa": "PBXFileReference",
			"name": "ofxButton.cpp",
			"path": "../../../addons/ofxGui/src/ofxButton.cpp",
			"sourceTree": "SOURCE_ROOT"
		},
		"CE08020D-933F-433B-884E-BAC8690B4625": {
			"fileRef": "71B7B665-783C-4F57-9844-9CADD66401C6",
			"isa": "PBXBuildFile"
		},
		"D1122F29-D3B2-4F0B-B0BE-C0EA5A4C77F9": {
			"explicitFileType": "sourcecode.c.h",
			"fileEncoding": "4",
			"isa": "PBXFileReference",
			"name": "ofxMidiMessage.h",
			"path": "../../../addons/ofxMidi/src/ofxMidiMessage.h",
			"sourceTree": "SOURCE_ROOT"
		},
		"D2668CF9-3D92-4889-B231-72C1DC120C44": {
			"explicitFileType": "sourcecode.c.h",
			"fileEncoding": "4",
			"isa": "PBXFileReference",
			"name": "OscException.h",
			"path": "../../../addons/ofxOsc/libs/oscpack/src/osc/OscException.h",
			"sourceTree": "SOURCE_ROOT"
		},
		"D4CD3894-F5CB-470D-B693-70304CFBB41D": {
			"fileRef": "CBC477CB-0876-42D7-BBD6-1E348DF69BB1",
			"isa": "PBXBuildFile"
		},
		"D6DE457F-770C-4891-A515-328D74F3C528": {
			"explicitFileType": "sourcecode.c.h",
			"fileEncoding": "4",
			"isa": "PBXFileReference",
			"name": "ofxSlider.h",
			"path": "../../../addons/ofxGui/src/ofxSlider.h",
			"sourceTree": "SOURCE_ROOT"
		},
		"D9464816-947F-4EDC-8477-A59D4483AF64": {
			"explicitFileType": "sourcecode.c.h",
			"fileEncoding": "4",
			"isa": "PBXFileReference",
			"name": "ChannelStrip.h",
			"path": "../../../addons/ofxMidiDevice/src/ChannelStrip.h",
			"sourceTree": "SOURCE_ROOT"
		},
		"DAB50753-DCF4-48AD-A94F-A03283E6561C": {
			"explicitFileType": "sourcecode.cpp.cpp",
			"fileEncoding": "4",
			"isa": "PBXFileReference",
			"name": "ofxSliderGroup.cpp",
			"path": "../../../addons/ofxGui/src/ofxSliderGroup.cpp",
			"sourceTree": "SOURCE_ROOT"
		},
		"DDEBF3D7-FD1D-4CA6-A656-6C7EE753F39E": {
			"fileRef": "937ED2FE-2BC4-456E-9668-CC7560013EC2",
			"isa": "PBXBuildFile"
		},
		"DEF6C547-8438-4ABB-A2FA-8F94C827C44F": {
			"fileRef": "AC408222-9F43-4610-ADA3-B8EDD2C0002E",
			"isa": "PBXBuildFile"
		},
		"E0C2C1EB-DE26-4056-B888-75B5F5965A15": {
			"fileRef": "A153B353-B813-4718-A135-3A603ABD5C4F",
			"isa": "PBXBuildFile"
		},
		"E1B7CA03-9F32-407A-839C-5B595CD1D5DB": {
			"explicitFileType": "sourcecode.c.h",
			"fileEncoding": "4",
			"isa": "PBXFileReference",
			"name": "RtMidi.h",
			"path": "../../../addons/ofxMidi/libs/rtmidi/RtMidi.h",
			"sourceTree": "SOURCE_ROOT"
		},
		"E2E7132C-91AA-407A-9999-6B06B7A34815": {
			"children": [
				"94F41A4E-F4A9-4D4A-94CB-2AD529F5DF60",
				"9C36F12B-001D-44CE-813C-8C35768EBA05"
			],
			"isa": "PBXGroup",
			"name": "src",
			"path": "../../../addons/ofxOsc/libs/oscpack/src",
			"sourceTree": "SOURCE_ROOT"
		},
		"E42962A92163ECCD00A6A9E2": {
			"alwaysOutOfDate": "1",
			"buildActionMask": "2147483647",
			"files": [],
			"inputPaths": [],
			"isa": "PBXShellScriptBuildPhase",
			"name": "Run Script — Compile OF",
			"outputPaths": [],
			"runOnlyForDeploymentPostprocessing": "0",
			"shellPath": "/bin/sh",
			"shellScript": "echo \"💾 Compiling Openframeworks\"\nxcodebuild -project \"$OF_PATH/libs/openFrameworksCompiled/project/osx/openFrameworksLib.xcodeproj\" -target openFrameworks -configuration \"${CONFIGURATION}\"  CLANG_CXX_LANGUAGE_STANDARD=$CLANG_CXX_LANGUAGE_STANDARD MACOSX_DEPLOYMENT_TARGET=$MACOSX_DEPLOYMENT_TARGET GCC_PREPROCESSOR_DEFINITIONS=$USER_PREPROCESSOR_DEFINITIONS\n",
			"showEnvVarsInLog": "0"
		},
		"E4A5B60F29BAAAE400C2D356": {
			"buildActionMask": "2147483647",
			"dstPath": "",
			"dstSubfolderSpec": "6",
			"files": [],
			"isa": "PBXCopyFilesBuildPhase",
			"runOnlyForDeploymentPostprocessing": "0"
		},
		"E4B69B4A0A3A1720003C02F2": {
			"children": [
				"191CD6FA2847E21E0085CBB6",
				"E4B6FCAD0C3E899E008CF71C",
				"E4EB6923138AFD0F00A09F29",
				"E4B69E1C0A3A1BDC003C02F2",
				"191EF70929D778A400F35F26",
				"BB4B014C10F69532006C3DED",
				"E4B69B5B0A3A1756003C02F2"
			],
			"isa": "PBXGroup",
			"sourceTree": "<group>"
		},
		"E4B69B4C0A3A1720003C02F2": {
			"attributes": {
				"LastUpgradeCheck": "0600"
			},
			"buildConfigurationList": "E4B69B4D0A3A1720003C02F2",
			"compatibilityVersion": "Xcode 3.2",
			"developmentRegion": "en",
			"hasScannedForEncodings": "0",
			"isa": "PBXProject",
			"knownRegions": [
				"en",
				"Base"
			],
			"mainGroup": "E4B69B4A0A3A1720003C02F2",
			"productRefGroup": "E4B69B4A0A3A1720003C02F2",
			"projectDirPath": "",
			"projectRoot": "",
			"targets": [
				"E4B69B5A0A3A1756003C02F2"
			]
		},
		"E4B69B4D0A3A1720003C02F2": {
			"buildConfigurations": [
				"E4B69B4E0A3A1720003C02F2",
				"E4B69B4F0A3A1720003C02F2"
			],
			"defaultConfigurationIsVisible": "0",
			"defaultConfigurationName": "Release",
			"isa": "XCConfigurationList"
		},
		"E4B69B4E0A3A1720003C02F2": {
			"baseConfigurationReference": "E4EB6923138AFD0F00A09F29",
			"buildSettings": {
				"CODE_SIGN_ENTITLEMENTS": "of.entitlements",
				"COPY_PHASE_STRIP": "NO",
				"ENABLE_TESTABILITY": "YES",
				"GCC_OPTIMIZATION_LEVEL": "0",
				"GCC_WARN_UNUSED_VARIABLE": "NO",
				"HEADER_SEARCH_PATHS": [
					"$(OF_CORE_HEADERS)",
					"src"
				],
				"OTHER_CPLUSPLUSFLAGS": "-D__MACOSX_CORE__"
			},
			"isa": "XCBuildConfiguration",
			"name": "Debug"
		},
		"E4B69B4F0A3A1720003C02F2": {
			"baseConfigurationReference": "E4EB6923138AFD0F00A09F29",
			"buildSettings": {
				"CODE_SIGN_ENTITLEMENTS": "of.entitlements",
				"COPY_PHASE_STRIP": "YES",
				"GCC_OPTIMIZATION_LEVEL": "3",
				"GCC_UNROLL_LOOPS": "YES",
				"HEADER_SEARCH_PATHS": [
					"$(OF_CORE_HEADERS)",
					"src"
				],
				"OTHER_CPLUSPLUSFLAGS": "-D__MACOSX_CORE__"
			},
			"isa": "XCBuildConfiguration",
			"name": "Release"
		},
		"E4B69B580A3A1756003C02F2": {
			"buildActionMask": "2147483647",
			"files": [
				"E4B69E200A3A1BDC003C02F2",
				"E4B69E210A3A1BDC003C02F2",
				"062CEB8E-B5E1-404A-985F-BB8AB8E63134",
				"D4CD3894-F5CB-470D-B693-70304CFBB41D",
				"A24C8546-EE42-4629-BD50-F05985D23201",
				"263A32DA-6CC9-4561-872A-A68EE1438FCA",
				"385962C7-78E2-4B97-857B-4691B82E1BFC",
				"74EAA952-C1CA-40B2-84CF-E7FF8C87FE3F",
				"8441628B-43F1-4EEF-95C9-16FF3FA6B1D2",
				"AF772610-A780-4A01-8816-8BC705175089",
				"68BD77B8-4F56-4255-84E3-AA04E9BD6F0F",
				"E8B80378-999A-4D28-83E2-9BEAE94F5902",
				"B4EF01C6-DDAD-4EB7-A847-3B2EDC7D136F",
				"DDEBF3D7-FD1D-4CA6-A656-6C7EE753F39E",
				"11229D8D-D165-4DDC-9E36-90B8CB200E1D",
				"021CE132-05CA-43AB-8369-AE753911DC25",
				"2F5E1C54-51AE-4780-856F-C0C112EBCAC9",
				"6F670AC3-1CC3-46B7-B7BB-8BC9F4BD12C8",
				"CE08020D-933F-433B-884E-BAC8690B4625",
				"DEF6C547-8438-4ABB-A2FA-8F94C827C44F",
				"6E6EE0F3-0DCD-4E67-BBF7-CCEEE821D107",
				"3890F969-06A6-4AF5-A976-80031B463638",
				"ED8F2721-FCD6-4875-8E8C-CDBA399827B4",
				"7ED26CA7-26B0-4498-A70C-F1FB1D0622C9",
				"B3F28E51-B645-46ED-8D01-C66BAEF32233",
				"3A424EEC-E1D1-4F6F-B4D7-7F6DA1CE7FA6",
				"176A77AB-549C-4A44-8788-C3C362E7969D",
				"E0C2C1EB-DE26-4056-B888-75B5F5965A15",
				"4C089CE5-A619-43C9-96B3-D4B3E64E8C1B",
				"BEF3F567-1F04-472C-9B2D-75017DE758FA",
				"577F472E-7FDB-4711-993C-5DAA9400EA3D",
				"19E94547-014A-4E84-A7E5-3C07B5B70031",
				"48802E54-A623-4A5D-A6E3-10E855A9D61C",
				"FDD9A100-3596-4524-8232-9836377B4441",
				"4D32B22F-FAA6-4FEA-AC95-0C3188417962",
				"079C0D26-A9A3-48AF-B6BF-837F38A4C278"
			],
			"isa": "PBXSourcesBuildPhase",
			"runOnlyForDeploymentPostprocessing": "0"
		},
		"E4B69B590A3A1756003C02F2": {
			"buildActionMask": "2147483647",
			"files": [
				"EAF24B22-FDAD-4BB7-AC2C-FD868A38F05E"
			],
			"isa": "PBXFrameworksBuildPhase",
			"runOnlyForDeploymentPostprocessing": "0"
		},
		"E4B69B5A0A3A1756003C02F2": {
			"buildConfigurationList": "E4B69B5F0A3A1757003C02F2",
			"buildPhases": [
				"E42962A92163ECCD00A6A9E2",
				"E4B69B580A3A1756003C02F2",
				"E4B69B590A3A1756003C02F2",
				"E4C2427710CC5ABF004149E2",
				"E4A5B60F29BAAAE400C2D356",
				"19B789C429E5AB4A0082E9B8"
			],
			"buildRules": [],
			"dependencies": [],
			"isa": "PBXNativeTarget",
			"name": "MadMapperControl",
			"productName": "myOFApp",
			"productReference": "E4B69B5B0A3A1756003C02F2",
			"productType": "com.apple.product-type.application"
		},
		"E4B69B5B0A3A1756003C02F2": {
			"explicitFileType": "wrapper.application",
			"includeInIndex": "0",
			"isa": "PBXFileReference",
			"path": "MadMapperControlDebug.app",
			"sourceTree": "BUILT_PRODUCTS_DIR"
		},
		"E4B69B5F0A3A1757003C02F2": {
			"buildConfigurations": [
				"E4B69B600A3A1757003C02F2",
				"E4B69B610A3A1757003C02F2"
			],
			"defaultConfigurationIsVisible": "0",
			"defaultConfigurationName": "Release",
			"isa": "XCConfigurationList"
		},
		"E4B69B600A3A1757003C02F2": {
			"baseConfigurationReference": "E4EB6923138AFD0F00A09F29",
			"buildSettings": {
				"ARCHS": "$(ARCHS_STANDARD)",
				"COPY_PHASE_STRIP": "NO",
				"FRAMEWORK_SEARCH_PATHS": [
					"$(inherited)",
					"/System/Library/Frameworks"
				],
				"GCC_DYNAMIC_NO_PIC": "NO",
				"HEADER_SEARCH_PATHS": [
					"$(OF_CORE_HEADERS)",
					"src",
					"src",
					"../../../addons/ofxGui/src",
					"../../../addons/ofxMadOscQuery/src",
					"../../../addons/ofxMidi/libs",
					"../../../addons/ofxMidi/libs/pgmidi",
					"../../../addons/ofxMidi/libs/rtmidi",
					"../../../addons/ofxMidi/src",
					"../../../addons/ofxMidi/src/desktop",
					"../../../addons/ofxMidi/src/ios",
					"../../../addons/ofxMidiDevice/src",
					"../../../addons/ofxOsc/libs",
					"../../../addons/ofxOsc/libs/oscpack",
					"../../../addons/ofxOsc/libs/oscpack/src",
					"../../../addons/ofxOsc/libs/oscpack/src/ip",
					"../../../addons/ofxOsc/libs/oscpack/src/ip/posix",
					"../../../addons/ofxOsc/libs/oscpack/src/osc",
					"../../../addons/ofxOsc/src"
				],
				"LIBRARY_SEARCH_PATHS": "$(inherited)",
				"OTHER_LDFLAGS": [
					"$(OF_CORE_LIBS)",
					"$(OF_CORE_FRAMEWORKS)",
					"$(LIB_OF_DEBUG)"
				]
			},
			"isa": "XCBuildConfiguration",
			"name": "Debug"
		},
		"E4B69B610A3A1757003C02F2": {
			"baseConfigurationReference": "E4EB6923138AFD0F00A09F29",
			"buildSettings": {
				"ARCHS": "$(ARCHS_STANDARD)",
				"COPY_PHASE_STRIP": "YES",
				"FRAMEWORK_SEARCH_PATHS": [
					"$(inherited)",
					"/System/Library/Frameworks"
				],
				"HEADER_SEARCH_PATHS": [
					"$(OF_CORE_HEADERS)",
					"src",
					"src",
					"../../../addons/ofxGui/src",
					"../../../addons/ofxMadOscQuery/src",
					"../../../addons/ofxMidi/libs",
					"../../../addons/ofxMidi/libs/pgmidi",
					"../../../addons/ofxMidi/libs/rtmidi",
					"../../../addons/ofxMidi/src",
					"../../../addons/ofxMidi/src/desktop",
					"../../../addons/ofxMidi/src/ios",
					"../../../addons/ofxMidiDevice/src",
					"../../../addons/ofxOsc/libs",
					"../../../addons/ofxOsc/libs/oscpack",
					"../../../addons/ofxOsc/libs/oscpack/src",
					"../../../addons/ofxOsc/libs/oscpack/src/ip",
					"../../../addons/ofxOsc/libs/oscpack/src/ip/posix",
					"../../../addons/ofxOsc/libs/oscpack/src/osc",
					"../../../addons/ofxOsc/src"
				],
				"LIBRARY_SEARCH_PATHS": "$(inherited)",
				"OTHER_LDFLAGS": [
					"$(OF_CORE_LIBS)",
					"$(OF_CORE_FRAMEWORKS)",
					"$(LIB_OF)"
				],
				"baseConfigurationReference": "E4EB6923138AFD0F00A09F29"
			},
			"isa": "XCBuildConfiguration",
			"name": "Release"
		},
		"E4B69E1C0A3A1BDC003C02F2": {
			"children": [
				"E4B69E1D0A3A1BDC003C02F2",
				"E4B69E1E0A3A1BDC003C02F2",
				"E4B69E1F0A3A1BDC003C02F2"
			],
			"isa": "PBXGroup",
			"path": "src",
			"sourceTree": "SOURCE_ROOT"
		},
		"E4B69E1D0A3A1BDC003C02F2": {
			"fileEncoding": "4",
			"isa": "PBXFileReference",
			"lastKnownFileType": "sourcecode.cpp.cpp",
			"name": "main.cpp",
			"path": "src/main.cpp",
			"sourceTree": "SOURCE_ROOT"
		},
		"E4B69E1E0A3A1BDC003C02F2": {
			"explicitFileType": "sourcecode.cpp.cpp",
			"fileEncoding": "4",
			"isa": "PBXFileReference",
			"name": "ofApp.cpp",
			"path": "src/ofApp.cpp",
			"sourceTree": "SOURCE_ROOT"
		},
		"E4B69E1F0A3A1BDC003C02F2": {
			"fileEncoding": "4",
			"isa": "PBXFileReference",
			"lastKnownFileType": "sourcecode.c.h",
			"name": "ofApp.h",
			"path": "src/ofApp.h",
			"sourceTree": "SOURCE_ROOT"
		},
		"E4B69E200A3A1BDC003C02F2": {
			"fileRef": "E4B69E1D0A3A1BDC003C02F2",
			"isa": "PBXBuildFile"
		},
		"E4B69E210A3A1BDC003C02F2": {
			"fileRef": "E4B69E1E0A3A1BDC003C02F2",
			"isa": "PBXBuildFile"
		},
		"E4B6FCAD0C3E899E008CF71C": {
			"fileEncoding": "4",
			"isa": "PBXFileReference",
			"lastKnownFileType": "text.plist.xml",
			"path": "openFrameworks-Info.plist",
			"sourceTree": "<group>"
		},
		"E4C2427710CC5ABF004149E2": {
			"buildActionMask": "2147483647",
			"dstPath": "",
			"dstSubfolderSpec": "10",
			"files": [],
			"isa": "PBXCopyFilesBuildPhase",
			"runOnlyForDeploymentPostprocessing": "0"
		},
		"E4EB6923138AFD0F00A09F29": {
			"fileEncoding": "4",
			"isa": "PBXFileReference",
			"lastKnownFileType": "text.xcconfig",
			"path": "Project.xcconfig",
			"sourceTree": "<group>"
		},
		"E50FCD91-C1F8-4B2A-889A-4893F32C63C8": {
			"explicitFileType": "sourcecode.cpp.cpp",
			"fileEncoding": "4",
			"isa": "PBXFileReference",
			"name": "ofxOscMessage.cpp",
			"path": "../../../addons/ofxOsc/src/ofxOscMessage.cpp",
			"sourceTree": "SOURCE_ROOT"
		},
		"E5F83ABD-A30B-4558-AB3E-3C9F731E367E": {
			"explicitFileType": "sourcecode.cpp.cpp",
			"fileEncoding": "4",
			"isa": "PBXFileReference",
			"name": "ofxMidiDevice.cpp",
			"path": "../../../addons/ofxMidiDevice/src/ofxMidiDevice.cpp",
			"sourceTree": "SOURCE_ROOT"
		},
		"E8B80378-999A-4D28-83E2-9BEAE94F5902": {
			"fileRef": "028F7BB7-9E4E-49AC-8063-58E0EB8A36C6",
			"isa": "PBXBuildFile"
		},
		"E9765D97-AB91-434B-962C-220FAADBF420": {
			"explicitFileType": "sourcecode.cpp.cpp",
			"fileEncoding": "4",
			"isa": "PBXFileReference",
			"name": "ofxColorPicker.cpp",
			"path": "../../../addons/ofxGui/src/ofxColorPicker.cpp",
			"sourceTree": "SOURCE_ROOT"
		},
		"EAF24B22-FDAD-4BB7-AC2C-FD868A38F05E": {
			"fileRef": "0E1B45C1-935A-463A-A903-2D31CCB68A4D",
			"isa": "PBXBuildFile"
		},
		"EB762565-9A71-47F0-9FAC-12EBC80D7A0A": {
			"explicitFileType": "sourcecode.c.h",
			"fileEncoding": "4",
			"isa": "PBXFileReference",
			"name": "PacketListener.h",
			"path": "../../../addons/ofxOsc/libs/oscpack/src/ip/PacketListener.h",
			"sourceTree": "SOURCE_ROOT"
		},
		"ED8F2721-FCD6-4875-8E8C-CDBA399827B4": {
			"fileRef": "C7423F14-707C-4989-97D6-793EC0BE2621",
			"isa": "PBXBuildFile"
		},
		"EE2956AD-1062-4737-974C-CCD7F839ADB3": {
			"explicitFileType": "sourcecode.c.h",
			"fileEncoding": "4",
			"isa": "PBXFileReference",
			"name": "OscOutboundPacketStream.h",
			"path": "../../../addons/ofxOsc/libs/oscpack/src/osc/OscOutboundPacketStream.h",
			"sourceTree": "SOURCE_ROOT"
		},
		"EF91442A-4CDE-4568-B474-7450282DE21A": {
			"explicitFileType": "sourcecode.cpp.cpp",
			"fileEncoding": "4",
			"isa": "PBXFileReference",
			"name": "UdpSocket.cpp",
			"path": "../../../addons/ofxOsc/libs/oscpack/src/ip/posix/UdpSocket.cpp",
			"sourceTree": "SOURCE_ROOT"
		},
		"F1A96810-74F5-4C96-8AF3-0936A494305E": {
			"explicitFileType": "sourcecode.c.h",
			"fileEncoding": "4",
			"isa": "PBXFileReference",
			"name": "ofxButton.h",
			"path": "../../../addons/ofxGui/src/ofxButton.h",
			"sourceTree": "SOURCE_ROOT"
		},
		"F612D4BF-8318-4053-8B0A-31FF449DF3CA": {
			"explicitFileType": "sourcecode.c.h",
			"fileEncoding": "4",
			"isa": "PBXFileReference",
			"name": "ofxBaseMidi.h",
			"path": "../../../addons/ofxMidi/src/ofxBaseMidi.h",
			"sourceTree": "SOURCE_ROOT"
		},
		"F7FB82BE-E8F0-4495-A149-27B35A24A728": {
			"children": [
				"0E1B45C1-935A-463A-A903-2D31CCB68A4D"
			],
			"isa": "PBXGroup",
			"name": "frameworks",
			"sourceTree": "SOURCE_ROOT"
		},
		"FC746FE6-F669-4E8B-938E-11653FD1C2EE": {
			"explicitFileType": "sourcecode.c.h",
			"fileEncoding": "4",
			"isa": "PBXFileReference",
			"name": "ofxPanel.h",
			"path": "../../../addons/ofxGui/src/ofxPanel.h",
			"sourceTree": "SOURCE_ROOT"
		},
		"FCD7EE6C-4EF4-4282-BBF7-CFBEDC1677F6": {
			"children": [
				"AF16889F-4449-4848-9194-1F6E443ECE19"
			],
			"isa": "PBXGroup",
			"name": "libs",
			"path": "../../../addons/ofxMidi/libs",
			"sourceTree": "SOURCE_ROOT"
		},
		"FDD9A100-3596-4524-8232-9836377B4441": {
			"fileRef": "2F4224D1-B69F-4C94-A525-412E0CABCCC9",
			"isa": "PBXBuildFile"
		},
		"FFCBDC2F-0A62-47D5-AE7A-97F223947464": {
			"explicitFileType": "sourcecode.c.h",
			"fileEncoding": "4",
			"isa": "PBXFileReference",
			"name": "ofxMidiClock.h",
			"path": "../../../addons/ofxMidi/src/ofxMidiClock.h",
			"sourceTree": "SOURCE_ROOT"
		}
	},
	"openFrameworksProjectGeneratorVersion": "21",
	"rootObject": "E4B69B4C0A3A1720003C02F2"
}